{
  "version": 4,
  "terraform_version": "1.8.2",
  "serial": 146,
  "lineage": "b71b2985-a8a5-e526-221a-70912f7c10a6",
  "outputs": {},
  "resources": [
    {
      "mode": "managed",
      "type": "newrelic_one_dashboard",
      "name": "mssql",
      "provider": "provider[\"registry.terraform.io/newrelic/newrelic\"]",
      "instances": [
        {
          "schema_version": 0,
          "attributes": {
            "account_id": 4411834,
            "description": null,
            "guid": "NDQxMTgzNHxWSVp8REFTSEJPQVJEfGRhOjc3NDU2ODg",
            "id": "NDQxMTgzNHxWSVp8REFTSEJPQVJEfGRhOjc3NDU2ODg",
            "name": "MSSQL",
            "page": [
              {
                "description": "",
                "guid": "NDQxMTgzNHxWSVp8REFTSEJPQVJEfDMwNTUyNjcy",
                "name": "MSSQL",
                "widget_area": [],
                "widget_bar": [
                  {
                    "colors": [],
                    "column": 1,
                    "data_format": [],
                    "facet_show_other_series": false,
                    "filter_current_dashboard": false,
                    "height": 3,
                    "id": "348694578",
                    "ignore_time_range": false,
                    "initial_sorting": [],
                    "legend_enabled": true,
                    "linked_entity_guids": [],
                    "nrql_query": [
                      {
                        "account_id": 4411834,
                        "query": "FROM MssqlCustomQuerySample SELECT max(vlf_count) AS 'Virtual Log File Count' WHERE label.query='virfile'  AND environment IN ({{Environment}}) AND instance IN ({{Instance}}) FACET name"
                      }
                    ],
                    "null_values": [],
                    "refresh_rate": "",
                    "row": 2,
                    "title": "Total Log File Count by Monitors",
                    "units": [],
                    "width": 3,
                    "y_axis_left_max": 0,
                    "y_axis_left_min": 0
                  }
                ],
                "widget_billboard": [
                  {
                    "colors": [],
                    "column": 1,
                    "critical": "",
                    "data_format": [],
                    "facet_show_other_series": false,
                    "height": 3,
                    "id": "348694579",
                    "ignore_time_range": false,
                    "initial_sorting": [],
                    "legend_enabled": true,
                    "nrql_query": [
                      {
                        "account_id": 4411834,
                        "query": "FROM MssqlCustomQuerySample SELECT max(AverageWaitTimeMs) AS 'Average Wait Time M/s' WHERE label.query='avgwait'  AND environment IN ({{Environment}}) AND instance IN ({{Instance}}) FACET instance"
                      }
                    ],
                    "null_values": [],
                    "refresh_rate": "",
                    "row": 1,
                    "title": "Max Average Wait Time by Monitors",
                    "units": [],
                    "warning": "",
                    "width": 3,
                    "y_axis_left_max": 0,
                    "y_axis_left_min": 0
                  },
                  {
                    "colors": [],
                    "column": 1,
                    "critical": "",
                    "data_format": [],
                    "facet_show_other_series": false,
                    "height": 3,
                    "id": "348694580",
                    "ignore_time_range": false,
                    "initial_sorting": [],
                    "legend_enabled": true,
                    "nrql_query": [
                      {
                        "account_id": 4411834,
                        "query": "FROM MssqlCustomQuerySample SELECT count(ReplicaServerName) WHERE label.query='grouphealth' AND SynchronizationHealth!='HEALTHY'  AND environment IN ({{Environment}}) AND instance IN ({{ Instance}}) FACET SynchronizationHealth"
                      }
                    ],
                    "null_values": [],
                    "refresh_rate": "",
                    "row": 5,
                    "title": "Unhealth State Replica Server",
                    "units": [],
                    "warning": "",
                    "width": 3,
                    "y_axis_left_max": 0,
                    "y_axis_left_min": 0
                  }
                ],
                "widget_bullet": [],
                "widget_funnel": [],
                "widget_heatmap": [],
                "widget_histogram": [],
                "widget_json": [],
                "widget_line": [],
                "widget_log_table": [],
                "widget_markdown": [],
                "widget_pie": [],
                "widget_stacked_bar": [],
                "widget_table": [
                  {
                    "colors": [],
                    "column": 4,
                    "data_format": [],
                    "facet_show_other_series": false,
                    "filter_current_dashboard": false,
                    "height": 3,
                    "id": "348694581",
                    "ignore_time_range": false,
                    "initial_sorting": [],
                    "legend_enabled": true,
                    "linked_entity_guids": [],
                    "nrql_query": [
                      {
                        "account_id": 4411834,
                        "query": "SELECT wait_type,AverageWaitTimeMs, instance  FROM MssqlCustomQuerySample  WHERE label.query='avgwait' WHERE environment IN ({{Environment}}) AND instance IN ({{Instance}})"
                      }
                    ],
                    "null_values": [],
                    "refresh_rate": "",
                    "row": 1,
                    "threshold": [],
                    "title": "Instance Average Wait time By Type",
                    "units": [],
                    "width": 9,
                    "y_axis_left_max": 0,
                    "y_axis_left_min": 0
                  },
                  {
                    "colors": [],
                    "column": 4,
                    "data_format": [],
                    "facet_show_other_series": false,
                    "filter_current_dashboard": false,
                    "height": 3,
                    "id": "348694582",
                    "ignore_time_range": false,
                    "initial_sorting": [],
                    "legend_enabled": true,
                    "linked_entity_guids": [],
                    "nrql_query": [
                      {
                        "account_id": 4411834,
                        "query": "FROM MssqlCustomQuerySample SELECT DatabaseName,HoursSinceLastBackup,LastBackupDate WHERE label.query='avbackup'  WHERE environment IN ({{ Environment}}) AND instance IN ({{Instance}})"
                      }
                    ],
                    "null_values": [],
                    "refresh_rate": "",
                    "row": 2,
                    "threshold": [],
                    "title": "Availability Database Backup State",
                    "units": [],
                    "width": 9,
                    "y_axis_left_max": 0,
                    "y_axis_left_min": 0
                  },
                  {
                    "colors": [],
                    "column": 1,
                    "data_format": [],
                    "facet_show_other_series": false,
                    "filter_current_dashboard": false,
                    "height": 3,
                    "id": "348694583",
                    "ignore_time_range": false,
                    "initial_sorting": [],
                    "legend_enabled": true,
                    "linked_entity_guids": [],
                    "nrql_query": [
                      {
                        "account_id": 4411834,
                        "query": "FROM  MssqlCustomQuerySample SELECT AvailabilityGroupName,ReplicaServerName,SynchronizationHealth,DatabaseState WHERE label.query='grouphealth'  WHERE environment IN ({{Environment}}) AND instance IN ({{Instance}})"
                      }
                    ],
                    "null_values": [],
                    "refresh_rate": "",
                    "row": 3,
                    "threshold": [],
                    "title": "Summary Monitor Health",
                    "units": [],
                    "width": 12,
                    "y_axis_left_max": 0,
                    "y_axis_left_min": 0
                  },
                  {
                    "colors": [],
                    "column": 1,
                    "data_format": [],
                    "facet_show_other_series": false,
                    "filter_current_dashboard": false,
                    "height": 3,
                    "id": "348694584",
                    "ignore_time_range": false,
                    "initial_sorting": [],
                    "legend_enabled": true,
                    "linked_entity_guids": [],
                    "nrql_query": [
                      {
                        "account_id": 4411834,
                        "query": "FROM MssqlCustomQuerySample SELECT AvailabilityMode,ReplicaServerName,FailoverMode,SynchronizationHealth,ReplicaRole,IsLocalReplica WHERE label.query='grouphealth' AND environment IN ({{Environment}}) AND instance IN ({{ Instance}})"
                      }
                    ],
                    "null_values": [],
                    "refresh_rate": "",
                    "row": 4,
                    "threshold": [],
                    "title": "Replica Health Summary",
                    "units": [],
                    "width": 12,
                    "y_axis_left_max": 0,
                    "y_axis_left_min": 0
                  },
                  {
                    "colors": [],
                    "column": 4,
                    "data_format": [],
                    "facet_show_other_series": false,
                    "filter_current_dashboard": false,
                    "height": 3,
                    "id": "348694585",
                    "ignore_time_range": false,
                    "initial_sorting": [],
                    "legend_enabled": true,
                    "linked_entity_guids": [],
                    "nrql_query": [
                      {
                        "account_id": 4411834,
                        "query": "SELECT IdIndexColumnType, IdIndexMaxActualValue, IdIndexMinActualValue, IdIndexPercentage, IdIndexPercentageSkipped, tablename,instance, fullHostname from MssqlCustomQuerySample where label.query ='identity' AND environment IN ({{Environment}}) AND instance IN ({{ Instance}}) since 1 day ago LIMIT MAX"
                      }
                    ],
                    "null_values": [],
                    "refresh_rate": "",
                    "row": 5,
                    "threshold": [],
                    "title": "Tables with identity columns",
                    "units": [],
                    "width": 9,
                    "y_axis_left_max": 0,
                    "y_axis_left_min": 0
                  },
                  {
                    "colors": [],
                    "column": 1,
                    "data_format": [],
                    "facet_show_other_series": false,
                    "filter_current_dashboard": false,
                    "height": 3,
                    "id": "348694586",
                    "ignore_time_range": false,
                    "initial_sorting": [],
                    "legend_enabled": true,
                    "linked_entity_guids": [],
                    "nrql_query": [
                      {
                        "account_id": 4411834,
                        "query": "SELECT `Current Row Count`, `Current Threshold`, Tablename, instance, fullHostname from MssqlCustomQuerySample where label.query ='transient' AND environment IN ({{Environment}}) AND instance IN ({{ Instance}}) since 1 day ago LIMIT MAX "
                      }
                    ],
                    "null_values": [],
                    "refresh_rate": "",
                    "row": 6,
                    "threshold": [],
                    "title": "Transient tables over their specified row count",
                    "units": [],
                    "width": 12,
                    "y_axis_left_max": 0,
                    "y_axis_left_min": 0
                  },
                  {
                    "colors": [],
                    "column": 1,
                    "data_format": [],
                    "facet_show_other_series": false,
                    "filter_current_dashboard": false,
                    "height": 3,
                    "id": "348694587",
                    "ignore_time_range": false,
                    "initial_sorting": [],
                    "legend_enabled": true,
                    "linked_entity_guids": [],
                    "nrql_query": [
                      {
                        "account_id": 4411834,
                        "query": "SELECT latest(createdate) AS 'CreateDate', latest(updatedate) AS 'UpdateDate', latest(accdate) AS 'AccDate' from MssqlCustomQuerySample where label.query ='sysadmin' AND environment IN ({{Environment}}) AND instance IN ({{ Instance}}) since 1 day ago LIMIT MAX facet name, instance, fullHostname"
                      }
                    ],
                    "null_values": [],
                    "refresh_rate": "",
                    "row": 7,
                    "threshold": [],
                    "title": "sysadmin",
                    "units": [],
                    "width": 12,
                    "y_axis_left_max": 0,
                    "y_axis_left_min": 0
                  },
                  {
                    "colors": [],
                    "column": 1,
                    "data_format": [],
                    "facet_show_other_series": false,
                    "filter_current_dashboard": false,
                    "height": 3,
                    "id": "348694588",
                    "ignore_time_range": false,
                    "initial_sorting": [],
                    "legend_enabled": true,
                    "linked_entity_guids": [],
                    "nrql_query": [
                      {
                        "account_id": 4411834,
                        "query": "SELECT crdate, instance, fullHostname, instanceType from MssqlCustomQuerySample where label.query ='instance_reboot' AND environment IN ({{Environment}}) AND instance IN ({{ Instance}}) since 3 days ago LIMIT MAX"
                      }
                    ],
                    "null_values": [],
                    "refresh_rate": "",
                    "row": 8,
                    "threshold": [],
                    "title": "sqlinstance_reboot_prd",
                    "units": [],
                    "width": 12,
                    "y_axis_left_max": 0,
                    "y_axis_left_min": 0
                  }
                ]
              },
              {
                "description": "",
                "guid": "NDQxMTgzNHxWSVp8REFTSEJPQVJEfDMwNTUyNjcz",
                "name": "MSSQL Jobs \u0026 System Resources",
                "widget_area": [],
                "widget_bar": [],
                "widget_billboard": [],
                "widget_bullet": [],
                "widget_funnel": [],
                "widget_heatmap": [],
                "widget_histogram": [],
                "widget_json": [],
                "widget_line": [],
                "widget_log_table": [],
                "widget_markdown": [],
                "widget_pie": [],
                "widget_stacked_bar": [],
                "widget_table": [
                  {
                    "colors": [],
                    "column": 1,
                    "data_format": [],
                    "facet_show_other_series": false,
                    "filter_current_dashboard": false,
                    "height": 3,
                    "id": "348694589",
                    "ignore_time_range": false,
                    "initial_sorting": [],
                    "legend_enabled": true,
                    "linked_entity_guids": [],
                    "nrql_query": [
                      {
                        "account_id": 4411834,
                        "query": "select instance, `JOB NAME`,DESCRIPTION,`RUN STATUS`,`STEP NAME`,`RUN DATE`, `RUN DURATION`, `RUN TIME`, hostname from MssqlCustomQuerySample where label.query ='sqljob' AND `RUN STATUS` =0  AND environment IN ({{Environment}}) AND instance IN ({{ Instance}}) since 1 day ago LIMIT MAX"
                      }
                    ],
                    "null_values": [],
                    "refresh_rate": "",
                    "row": 1,
                    "threshold": [],
                    "title": "SQL Job Failed",
                    "units": [],
                    "width": 6,
                    "y_axis_left_max": 0,
                    "y_axis_left_min": 0
                  },
                  {
                    "colors": [],
                    "column": 7,
                    "data_format": [],
                    "facet_show_other_series": false,
                    "filter_current_dashboard": false,
                    "height": 3,
                    "id": "348694590",
                    "ignore_time_range": false,
                    "initial_sorting": [],
                    "legend_enabled": true,
                    "linked_entity_guids": [],
                    "nrql_query": [
                      {
                        "account_id": 4411834,
                        "query": "select instance, `JOB NAME`,DESCRIPTION,`RUN STATUS`,`STEP NAME`,`RUN DATE`, `RUN DURATION`, `RUN TIME`, hostname from MssqlCustomQuerySample where label.query ='sqljob' AND `RUN STATUS` =3 AND environment IN ({{Environment}}) AND instance IN ({{ Instance}}) since 1 day ago LIMIT MAX"
                      }
                    ],
                    "null_values": [],
                    "refresh_rate": "",
                    "row": 1,
                    "threshold": [],
                    "title": "SQL Job Cancelled",
                    "units": [],
                    "width": 6,
                    "y_axis_left_max": 0,
                    "y_axis_left_min": 0
                  },
                  {
                    "colors": [],
                    "column": 1,
                    "data_format": [],
                    "facet_show_other_series": false,
                    "filter_current_dashboard": false,
                    "height": 3,
                    "id": "348694591",
                    "ignore_time_range": false,
                    "initial_sorting": [],
                    "legend_enabled": true,
                    "linked_entity_guids": [],
                    "nrql_query": [
                      {
                        "account_id": 4411834,
                        "query": "SELECT instance, AvgCPUTime, Text, creation_time, last_execution_time, total_worker_time, execution_count, fullHostname from MssqlCustomQuerySample where label.query ='topsqlcpu' AND environment IN ({{Environment}}) AND instance IN ({{ Instance}})"
                      }
                    ],
                    "null_values": [],
                    "refresh_rate": "",
                    "row": 2,
                    "threshold": [],
                    "title": "Based on CPU",
                    "units": [],
                    "width": 12,
                    "y_axis_left_max": 0,
                    "y_axis_left_min": 0
                  },
                  {
                    "colors": [],
                    "column": 1,
                    "data_format": [],
                    "facet_show_other_series": false,
                    "filter_current_dashboard": false,
                    "height": 3,
                    "id": "348694592",
                    "ignore_time_range": false,
                    "initial_sorting": [],
                    "legend_enabled": true,
                    "linked_entity_guids": [],
                    "nrql_query": [
                      {
                        "account_id": 4411834,
                        "query": "SELECT instance, Text, creation_time, last_execution_time, LogicalReads, LogicalWrites, execution_count, AggIO, AvgIO, database_name, OBJECT_ID, fullHostname from MssqlCustomQuerySample where label.query ='topsqldisk' AND environment IN ({{Environment}}) AND instance IN ({{ Instance}})"
                      }
                    ],
                    "null_values": [],
                    "refresh_rate": "",
                    "row": 3,
                    "threshold": [],
                    "title": "Based on Disk I/O",
                    "units": [],
                    "width": 12,
                    "y_axis_left_max": 0,
                    "y_axis_left_min": 0
                  }
                ]
              },
              {
                "description": "",
                "guid": "NDQxMTgzNHxWSVp8REFTSEJPQVJEfDMwNTUyNjc0",
                "name": "DBState",
                "widget_area": [],
                "widget_bar": [],
                "widget_billboard": [
                  {
                    "colors": [],
                    "column": 1,
                    "critical": "",
                    "data_format": [],
                    "facet_show_other_series": false,
                    "height": 3,
                    "id": "348694593",
                    "ignore_time_range": false,
                    "initial_sorting": [],
                    "legend_enabled": true,
                    "nrql_query": [
                      {
                        "account_id": 4411834,
                        "query": "FROM MssqlCustomQuerySample SELECT uniqueCount(DatabaseName) AS 'Total  DBCount' WHERE label.query='dbstate'  AND environment IN ({{Environment}}) AND instance IN ({{Instance}})"
                      }
                    ],
                    "null_values": [],
                    "refresh_rate": "",
                    "row": 1,
                    "title": "Total DBCount",
                    "units": [],
                    "warning": "",
                    "width": 3,
                    "y_axis_left_max": 0,
                    "y_axis_left_min": 0
                  },
                  {
                    "colors": [],
                    "column": 4,
                    "critical": "",
                    "data_format": [],
                    "facet_show_other_series": false,
                    "height": 3,
                    "id": "348694594",
                    "ignore_time_range": false,
                    "initial_sorting": [],
                    "legend_enabled": true,
                    "nrql_query": [
                      {
                        "account_id": 4411834,
                        "query": " FROM MssqlCustomQuerySample SELECT uniqueCount(DatabaseName) AS 'Database Count' WHERE label.query='dbstate'  AND DatabaseStatus ='ONLINE' AND environment IN ({{Environment}}) AND instance IN ({{Instance}}) LIMIT MAX"
                      }
                    ],
                    "null_values": [],
                    "refresh_rate": "",
                    "row": 1,
                    "title": "DB Count Online",
                    "units": [],
                    "warning": "",
                    "width": 3,
                    "y_axis_left_max": 0,
                    "y_axis_left_min": 0
                  },
                  {
                    "colors": [],
                    "column": 7,
                    "critical": "",
                    "data_format": [],
                    "facet_show_other_series": false,
                    "height": 3,
                    "id": "348694595",
                    "ignore_time_range": false,
                    "initial_sorting": [],
                    "legend_enabled": true,
                    "nrql_query": [
                      {
                        "account_id": 4411834,
                        "query": "FROM MssqlCustomQuerySample SELECT uniqueCount(DatabaseName) AS 'Database Count' WHERE label.query='dbstate' AND environment IN ({{Environment}}) AND instance IN ({{Instance}}) AND DatabaseStatus!='ONLINE'"
                      }
                    ],
                    "null_values": [],
                    "refresh_rate": "",
                    "row": 1,
                    "title": "DB Count Not Online",
                    "units": [],
                    "warning": "",
                    "width": 3,
                    "y_axis_left_max": 0,
                    "y_axis_left_min": 0
                  },
                  {
                    "colors": [],
                    "column": 10,
                    "critical": "",
                    "data_format": [],
                    "facet_show_other_series": false,
                    "height": 3,
                    "id": "348694596",
                    "ignore_time_range": false,
                    "initial_sorting": [],
                    "legend_enabled": true,
                    "nrql_query": [
                      {
                        "account_id": 4411834,
                        "query": "From MssqlCustomQuerySample select count(*) AS 'New DB Created' where label.query = 'newdb' and environment IN (Environment) and instance IN (Instance) SINCE 1 year ago LIMIT MAX"
                      }
                    ],
                    "null_values": [],
                    "refresh_rate": "",
                    "row": 1,
                    "title": "New DB Created",
                    "units": [],
                    "warning": "",
                    "width": 3,
                    "y_axis_left_max": 0,
                    "y_axis_left_min": 0
                  },
                  {
                    "colors": [],
                    "column": 1,
                    "critical": "",
                    "data_format": [],
                    "facet_show_other_series": false,
                    "height": 3,
                    "id": "348694597",
                    "ignore_time_range": false,
                    "initial_sorting": [],
                    "legend_enabled": true,
                    "nrql_query": [
                      {
                        "account_id": 4411834,
                        "query": "FROM MssqlCustomQuerySample SELECT latest(LogBackupStatus) WHERE label.query='logbackup' AND environment IN ({{environment}}) AND instance IN ({{Instance}}) FACET DatabaseName"
                      }
                    ],
                    "null_values": [],
                    "refresh_rate": "",
                    "row": 4,
                    "title": "DB Log Backup Status",
                    "units": [],
                    "warning": "",
                    "width": 3,
                    "y_axis_left_max": 0,
                    "y_axis_left_min": 0
                  }
                ],
                "widget_bullet": [],
                "widget_funnel": [],
                "widget_heatmap": [],
                "widget_histogram": [],
                "widget_json": [],
                "widget_line": [],
                "widget_log_table": [],
                "widget_markdown": [],
                "widget_pie": [],
                "widget_stacked_bar": [],
                "widget_table": [
                  {
                    "colors": [],
                    "column": 1,
                    "data_format": [],
                    "facet_show_other_series": false,
                    "filter_current_dashboard": false,
                    "height": 3,
                    "id": "348694599",
                    "ignore_time_range": false,
                    "initial_sorting": [],
                    "legend_enabled": true,
                    "linked_entity_guids": [],
                    "nrql_query": [
                      {
                        "account_id": 4411834,
                        "query": "SELECT timestamp,DatabaseStatus,DatabaseName,customer,hostname,hostStatus FROM MssqlCustomQuerySample  WHERE label.query='dbstate' WHERE  DatabaseStatus IS NOT NULL AND DatabaseStatus !='ONLINE' AND environment IN ({{Environment}}) AND instance IN ({{Instance}})"
                      }
                    ],
                    "null_values": [],
                    "refresh_rate": "",
                    "row": 2,
                    "threshold": [],
                    "title": "Summary - DB State Not Online",
                    "units": [],
                    "width": 12,
                    "y_axis_left_max": 0,
                    "y_axis_left_min": 0
                  },
                  {
                    "colors": [],
                    "column": 1,
                    "data_format": [],
                    "facet_show_other_series": false,
                    "filter_current_dashboard": false,
                    "height": 3,
                    "id": "348694598",
                    "ignore_time_range": false,
                    "initial_sorting": [],
                    "legend_enabled": true,
                    "linked_entity_guids": [],
                    "nrql_query": [
                      {
                        "account_id": 4411834,
                        "query": "SELECT timestamp,DatabaseStatus,DatabaseName,customer,hostname,hostStatus FROM MssqlCustomQuerySample  WHERE label.query='dbstate' WHERE  DatabaseStatus IS NOT NULL AND DatabaseStatus ='ONLINE' AND environment IN ({{Environment}}) AND instance IN ({{Instance}})"
                      }
                    ],
                    "null_values": [],
                    "refresh_rate": "",
                    "row": 3,
                    "threshold": [],
                    "title": "Summary - DB State Online",
                    "units": [],
                    "width": 12,
                    "y_axis_left_max": 0,
                    "y_axis_left_min": 0
                  }
                ]
              },
              {
                "description": "",
                "guid": "NDQxMTgzNHxWSVp8REFTSEJPQVJEfDMwNTUyNjc1",
                "name": "Server Reboot \u0026 Account locked Event",
                "widget_area": [],
                "widget_bar": [],
                "widget_billboard": [],
                "widget_bullet": [],
                "widget_funnel": [],
                "widget_heatmap": [],
                "widget_histogram": [],
                "widget_json": [],
                "widget_line": [],
                "widget_log_table": [],
                "widget_markdown": [],
                "widget_pie": [],
                "widget_stacked_bar": [],
                "widget_table": [
                  {
                    "colors": [],
                    "column": 1,
                    "data_format": [],
                    "facet_show_other_series": false,
                    "filter_current_dashboard": false,
                    "height": 3,
                    "id": "348694600",
                    "ignore_time_range": false,
                    "initial_sorting": [],
                    "legend_enabled": true,
                    "linked_entity_guids": [],
                    "nrql_query": [
                      {
                        "account_id": 4411834,
                        "query": "SELECT `Channel`,`EventID`,`ComputerName`,`message` FROM Log WHERE (`EventID` = 1074 OR `EventID` = '1074') AND hostname like '%prd%' SINCE 3 days ago limit max"
                      }
                    ],
                    "null_values": [],
                    "refresh_rate": "",
                    "row": 2,
                    "threshold": [],
                    "title": "server_reboot_prd",
                    "units": [],
                    "width": 12,
                    "y_axis_left_max": 0,
                    "y_axis_left_min": 0
                  },
                  {
                    "colors": [],
                    "column": 1,
                    "data_format": [],
                    "facet_show_other_series": false,
                    "filter_current_dashboard": false,
                    "height": 3,
                    "id": "348694601",
                    "ignore_time_range": false,
                    "initial_sorting": [],
                    "legend_enabled": true,
                    "linked_entity_guids": [],
                    "nrql_query": [
                      {
                        "account_id": 4411834,
                        "query": "SELECT message, ComputerName, SourceName, EventID FROM Log WHERE (`EventID` = 18456 OR `EventID` = '18456' OR `EventID` = 18486 OR `EventID` = '18486') AND `environment` = 'prd' AND hostname like '%prd%' since 1 week ago LIMIT MAX"
                      }
                    ],
                    "null_values": [],
                    "refresh_rate": "",
                    "row": 3,
                    "threshold": [],
                    "title": "SQL Account locked event",
                    "units": [],
                    "width": 12,
                    "y_axis_left_max": 0,
                    "y_axis_left_min": 0
                  }
                ]
              },
              {
                "description": "",
                "guid": "NDQxMTgzNHxWSVp8REFTSEJPQVJEfDMwNTUyNjc2",
                "name": "Blocked_Process",
                "widget_area": [],
                "widget_bar": [],
                "widget_billboard": [
                  {
                    "colors": [],
                    "column": 1,
                    "critical": "",
                    "data_format": [],
                    "facet_show_other_series": false,
                    "height": 3,
                    "id": "349513692",
                    "ignore_time_range": false,
                    "initial_sorting": [],
                    "legend_enabled": true,
                    "nrql_query": [
                      {
                        "account_id": 4411834,
                        "query": "FROM MssqlCustomQuerySample SELECT max(wait_time) FACET instance,wait_resource WHERE label.query='blocked' AND environment IN ({{Environment}}) AND ({{Instance}})"
                      }
                    ],
                    "null_values": [],
                    "refresh_rate": "",
                    "row": 1,
                    "title": "Max Blocked Wait Time By Instance",
                    "units": [],
                    "warning": "",
                    "width": 4,
                    "y_axis_left_max": 0,
                    "y_axis_left_min": 0
                  }
                ],
                "widget_bullet": [],
                "widget_funnel": [],
                "widget_heatmap": [],
                "widget_histogram": [],
                "widget_json": [],
                "widget_line": [
                  {
                    "colors": [],
                    "column": 1,
                    "data_format": [],
                    "facet_show_other_series": false,
                    "height": 3,
                    "id": "349513693",
                    "ignore_time_range": false,
                    "initial_sorting": [],
                    "is_label_visible": false,
                    "legend_enabled": true,
                    "nrql_query": [
                      {
                        "account_id": 4411834,
                        "query": "SELECT max(`mssql.instance.instance.blockedProcessesCount`) FROM Metric where environment IN ({{Environment}}) AND instance IN ({{ Instance}}) since 1 hour ago FACET entity.name TIMESERIES AUTO"
                      }
                    ],
                    "null_values": [],
                    "refresh_rate": "",
                    "row": 2,
                    "threshold": [],
                    "title": "blocked_process_count",
                    "units": [],
                    "width": 12,
                    "y_axis_left_max": 0,
                    "y_axis_left_min": 0,
                    "y_axis_left_zero": false,
                    "y_axis_right": []
                  }
                ],
                "widget_log_table": [],
                "widget_markdown": [],
                "widget_pie": [],
                "widget_stacked_bar": [],
                "widget_table": [
                  {
                    "colors": [],
                    "column": 5,
                    "data_format": [],
                    "facet_show_other_series": false,
                    "filter_current_dashboard": false,
                    "height": 3,
                    "id": "348694602",
                    "ignore_time_range": false,
                    "initial_sorting": [],
                    "legend_enabled": true,
                    "linked_entity_guids": [],
                    "nrql_query": [
                      {
                        "account_id": 4411834,
                        "query": "FROM MssqlCustomQuerySample SELECT BlockingSessionID,wait_type,wait_time,wait_resource  WHERE label.query='blocked' AND environment IN ({{Environment}}) AND instance IN ({{Instance}})"
                      }
                    ],
                    "null_values": [],
                    "refresh_rate": "",
                    "row": 1,
                    "threshold": [],
                    "title": "Summary - Blocked Session",
                    "units": [],
                    "width": 8,
                    "y_axis_left_max": 0,
                    "y_axis_left_min": 0
                  }
                ]
              },
              {
                "description": "",
                "guid": "NDQxMTgzNHxWSVp8REFTSEJPQVJEfDMwNTUyNjc3",
                "name": "Availability Group",
                "widget_area": [],
                "widget_bar": [],
                "widget_billboard": [
                  {
                    "colors": [],
                    "column": 1,
                    "critical": "",
                    "data_format": [],
                    "facet_show_other_series": false,
                    "height": 3,
                    "id": "348694604",
                    "ignore_time_range": false,
                    "initial_sorting": [],
                    "legend_enabled": true,
                    "nrql_query": [
                      {
                        "account_id": 4411834,
                        "query": "FROM MssqlCustomQuerySample SELECT latest(DatabaseState) AS 'DATABASE STATE' WHERE label.query='agonline'  AND environment IN ({{Environment}}) AND instance IN ({{Instance}})FACET instance , AvailabilityGroupName"
                      }
                    ],
                    "null_values": [],
                    "refresh_rate": "",
                    "row": 1,
                    "title": "AG Online Monitor DB State",
                    "units": [],
                    "warning": "",
                    "width": 3,
                    "y_axis_left_max": 0,
                    "y_axis_left_min": 0
                  },
                  {
                    "colors": [],
                    "column": 4,
                    "critical": "",
                    "data_format": [],
                    "facet_show_other_series": false,
                    "height": 3,
                    "id": "349513694",
                    "ignore_time_range": false,
                    "initial_sorting": [],
                    "legend_enabled": true,
                    "nrql_query": [
                      {
                        "account_id": 4411834,
                        "query": "FROM MssqlCustomQuerySample SELECT latest(SynchronizationHealth)  WHERE label.query='agonline'  AND environment IN ({{Environment}}) AND instance IN ({{Instance}})FACET instance , AvailabilityGroupName"
                      }
                    ],
                    "null_values": [],
                    "refresh_rate": "",
                    "row": 1,
                    "title": "AG Online Monitor Health",
                    "units": [],
                    "warning": "",
                    "width": 3,
                    "y_axis_left_max": 0,
                    "y_axis_left_min": 0
                  }
                ],
                "widget_bullet": [],
                "widget_funnel": [],
                "widget_heatmap": [],
                "widget_histogram": [],
                "widget_json": [],
                "widget_line": [],
                "widget_log_table": [],
                "widget_markdown": [],
                "widget_pie": [],
                "widget_stacked_bar": [],
                "widget_table": [
                  {
                    "colors": [],
                    "column": 7,
                    "data_format": [],
                    "facet_show_other_series": false,
                    "filter_current_dashboard": false,
                    "height": 3,
                    "id": "348694606",
                    "ignore_time_range": false,
                    "initial_sorting": [],
                    "legend_enabled": true,
                    "linked_entity_guids": [],
                    "nrql_query": [
                      {
                        "account_id": 4411834,
                        "query": "FROM MssqlCustomQuerySample SELECT AvailabilityGroupName,IsSuspended,PrimaryOrSecondary,SynchronizationHealth,DatabaseState WHERE label.query='agonline' AND environment IN ({{Environment}}) AND instance IN ({{Instance}})"
                      }
                    ],
                    "null_values": [],
                    "refresh_rate": "",
                    "row": 1,
                    "threshold": [],
                    "title": "AG Online Monitor Summary",
                    "units": [],
                    "width": 6,
                    "y_axis_left_max": 0,
                    "y_axis_left_min": 0
                  },
                  {
                    "colors": [],
                    "column": 1,
                    "data_format": [],
                    "facet_show_other_series": false,
                    "filter_current_dashboard": false,
                    "height": 3,
                    "id": "349513695",
                    "ignore_time_range": false,
                    "initial_sorting": [],
                    "legend_enabled": true,
                    "linked_entity_guids": [],
                    "nrql_query": [
                      {
                        "account_id": 4411834,
                        "query": "FROM MssqlCustomQuerySample SELECT AvailabilityGroup,AvailabilityMode,FailoverMode WHERE label.query='agafc' WHERE environment IN ({{environment}}) AND instance IN ({{Instance}})"
                      }
                    ],
                    "null_values": [],
                    "refresh_rate": "",
                    "row": 2,
                    "threshold": [],
                    "title": "AG Failover Monitor",
                    "units": [],
                    "width": 12,
                    "y_axis_left_max": 0,
                    "y_axis_left_min": 0
                  }
                ]
              },
              {
                "description": "",
                "guid": "NDQxMTgzNHxWSVp8REFTSEJPQVJEfDMwNTUyNjc4",
                "name": "SQL Event Logs",
                "widget_area": [],
                "widget_bar": [],
                "widget_billboard": [],
                "widget_bullet": [],
                "widget_funnel": [],
                "widget_heatmap": [],
                "widget_histogram": [],
                "widget_json": [],
                "widget_line": [],
                "widget_log_table": [],
                "widget_markdown": [],
                "widget_pie": [],
                "widget_stacked_bar": [],
                "widget_table": [
                  {
                    "colors": [],
                    "column": 1,
                    "data_format": [],
                    "facet_show_other_series": false,
                    "filter_current_dashboard": false,
                    "height": 3,
                    "id": "348694609",
                    "ignore_time_range": false,
                    "initial_sorting": [],
                    "legend_enabled": true,
                    "linked_entity_guids": [],
                    "nrql_query": [
                      {
                        "account_id": 4411834,
                        "query": "SELECT `Channel`,`EventID`,`ComputerName`,`message` FROM Log WHERE (`EventID` = 17063 OR `EventID` = '17063') AND message like '% x %' SINCE 7 days ago LIMIT 50"
                      }
                    ],
                    "null_values": [],
                    "refresh_rate": "",
                    "row": 1,
                    "threshold": [],
                    "title": "SQL Event 17063",
                    "units": [],
                    "width": 12,
                    "y_axis_left_max": 0,
                    "y_axis_left_min": 0
                  },
                  {
                    "colors": [],
                    "column": 1,
                    "data_format": [],
                    "facet_show_other_series": false,
                    "filter_current_dashboard": false,
                    "height": 4,
                    "id": "348694610",
                    "ignore_time_range": false,
                    "initial_sorting": [],
                    "legend_enabled": true,
                    "linked_entity_guids": [],
                    "nrql_query": [
                      {
                        "account_id": 4411834,
                        "query": "FROM Log SELECT timestamp, EventID, message, hostname WHERE EventID IN (3041, 20554, 9642, 9645, 8405, 9644, 28072, 9643, 9646, 9789, 9004, 9736, 6291, 9649, 9761, 9641, 605, 17179, 18204, 9002, 1619, 5123, 9701, 9694, 28002, 9698, 9697, 8921, 832, 6805, 6510, 21286, 1803, 1105, 10303, 17204, 17058, 5180, 8966, 3431, 3619, 5123, 3414, 8957, 3413, 617, 6610, 6608, 3417, 21285, 6289, 6517, 21284, 6513, 6511, 6512, 7622, 7607, 8620, 8670, 8630, 8680, 8621, 7105, 824, 4064, 6536, 6537, 654, 8956, 17207, 17218, 823, 8982, 17884, 9634, 3151, 8941, 1101, 9696, 9695, 701, 28078, 28076, 9650, 28060, 8946, 8936, 8931, 8937, 8930, 8925, 8926, 8969, 8963, 8938, 15013, 14265, 10001, 3627, 9692, 9693, 18459, 8908, 5120, 16959, 15601, 6627, 6603, 4221) AND EventID IS NOT NULL"
                      }
                    ],
                    "null_values": [],
                    "refresh_rate": "",
                    "row": 2,
                    "threshold": [],
                    "title": "Rules Monitor Events",
                    "units": [],
                    "width": 12,
                    "y_axis_left_max": 0,
                    "y_axis_left_min": 0
                  }
                ]
              }
            ],
            "permalink": "https://one.newrelic.com/redirect/entity/NDQxMTgzNHxWSVp8REFTSEJPQVJEfGRhOjc3NDU2ODg",
            "permissions": "public_read_only",
            "variable": [
              {
                "default_values": [
                  "prd"
                ],
                "is_multi_selection": true,
                "item": [],
                "name": "Environment",
                "nrql_query": [
                  {
                    "account_ids": [
                      4411834
                    ],
                    "query": "SELECT uniques(environment) FROM MssqlCustomQuerySample LIMIT MAX WHERE environment IS NOT NULL"
                  }
                ],
                "options": [],
                "replacement_strategy": "string",
                "title": "Environment",
                "type": "nrql"
              },
              {
                "default_values": [
                  "*"
                ],
                "is_multi_selection": true,
                "item": [],
                "name": "Instance",
                "nrql_query": [
                  {
                    "account_ids": [
                      4411834
                    ],
                    "query": "SELECT uniques(instance) FROM MssqlCustomQuerySample LIMIT MAX WHERE instance IS NOT NULL"
                  }
                ],
                "options": [],
                "replacement_strategy": "string",
                "title": "Instance",
                "type": "nrql"
              }
            ]
          },
          "sensitive_attributes": [],
          "private": "bnVsbA=="
        }
      ]
    },
    {
      "module": "module.mssql_alerts",
      "mode": "managed",
      "type": "newrelic_alert_policy",
      "name": "policy",
      "provider": "provider[\"registry.terraform.io/newrelic/newrelic\"]",
      "instances": [
        {
          "schema_version": 0,
          "attributes": {
            "account_id": 4411834,
            "channel_ids": null,
            "id": "5862736",
            "incident_preference": "PER_CONDITION_AND_TARGET",
            "name": "MSSQL_New_Monitors_Policy"
          },
          "sensitive_attributes": [],
          "private": "bnVsbA=="
        }
      ]
    },
    {
      "module": "module.mssql_alerts",
      "mode": "managed",
      "type": "newrelic_nrql_alert_condition",
      "name": "alert_condition",
      "provider": "provider[\"registry.terraform.io/newrelic/newrelic\"]",
      "instances": [
        {
          "index_key": "0",
          "schema_version": 0,
          "attributes": {
            "account_id": 4411834,
            "aggregation_delay": "120",
            "aggregation_method": "event_flow",
            "aggregation_timer": null,
            "aggregation_window": 300,
            "baseline_direction": "upper_only",
            "close_violations_on_expiration": false,
            "critical": [
              {
                "duration": 0,
                "operator": "above_or_equals",
                "threshold": 1,
                "threshold_duration": 300,
                "threshold_occurrences": "all",
                "time_function": ""
              }
            ],
            "description": "",
            "enabled": false,
            "entity_guid": "NDQxMTgzNHxBSU9QU3xDT05ESVRJT058NDY4Nzg3MTU",
            "evaluation_delay": null,
            "expiration_duration": 0,
            "fill_option": "none",
            "fill_value": 0,
            "id": "5862736:46878715",
            "ignore_on_expected_termination": false,
            "name": "Average wait time",
            "nrql": [
              {
                "data_account_id": 0,
                "evaluation_offset": 0,
                "query": "FROM MssqlCustomQuerySample  SELECT uniqueCount(AverageWaitTimeMs) WHERE label.query='avgwait'  AND AverageWaitTimeMs \u003e250 FACET wait_type, instance,hostname,AverageWaitTimeMs",
                "since_value": ""
              }
            ],
            "open_violation_on_expiration": false,
            "policy_id": 5862736,
            "runbook_url": "https://www.example.com",
            "slide_by": null,
            "term": [],
            "timeouts": null,
            "title_template": "",
            "type": "static",
            "violation_time_limit": "ONE_HOUR",
            "violation_time_limit_seconds": 3600,
            "warning": []
          },
          "sensitive_attributes": [],
          "private": "eyJlMmJmYjczMC1lY2FhLTExZTYtOGY4OC0zNDM2M2JjN2M0YzAiOnsiY3JlYXRlIjozMDAwMDAwMDAwMH19",
          "dependencies": [
            "module.mssql_alerts.newrelic_alert_policy.policy"
          ]
        },
        {
          "index_key": "1",
          "schema_version": 0,
          "attributes": {
            "account_id": 4411834,
            "aggregation_delay": "120",
            "aggregation_method": "event_flow",
            "aggregation_timer": null,
            "aggregation_window": 300,
            "baseline_direction": "upper_only",
            "close_violations_on_expiration": false,
            "critical": [],
            "description": "",
            "enabled": false,
            "entity_guid": "NDQxMTgzNHxBSU9QU3xDT05ESVRJT058NDY4Nzg3MjY",
            "evaluation_delay": null,
            "expiration_duration": 0,
            "fill_option": "none",
            "fill_value": 0,
            "id": "5862736:46878726",
            "ignore_on_expected_termination": false,
            "name": "vlf count",
            "nrql": [
              {
                "data_account_id": 0,
                "evaluation_offset": 0,
                "query": "FROM MssqlCustomQuerySample  SELECT uniqueCount(vlf_count) WHERE label.query='virfile' WHERE vlf_count IS NOT NULL AND vlf_count \u003e100  FACET vlf_count,instance,hostname,name",
                "since_value": ""
              }
            ],
            "open_violation_on_expiration": false,
            "policy_id": 5862736,
            "runbook_url": "https://www.example.com",
            "slide_by": null,
            "term": [],
            "timeouts": null,
            "title_template": "",
            "type": "static",
            "violation_time_limit": "ONE_HOUR",
            "violation_time_limit_seconds": 3600,
            "warning": [
              {
                "duration": 0,
                "operator": "above_or_equals",
                "threshold": 1,
                "threshold_duration": 300,
                "threshold_occurrences": "all",
                "time_function": ""
              }
            ]
          },
          "sensitive_attributes": [],
          "private": "eyJlMmJmYjczMC1lY2FhLTExZTYtOGY4OC0zNDM2M2JjN2M0YzAiOnsiY3JlYXRlIjozMDAwMDAwMDAwMH19",
          "dependencies": [
            "module.mssql_alerts.newrelic_alert_policy.policy"
          ]
        },
        {
          "index_key": "10",
          "schema_version": 0,
          "attributes": {
            "account_id": 4411834,
            "aggregation_delay": "120",
            "aggregation_method": "event_flow",
            "aggregation_timer": null,
            "aggregation_window": 300,
            "baseline_direction": "upper_only",
            "close_violations_on_expiration": false,
            "critical": [
              {
                "duration": 0,
                "operator": "above_or_equals",
                "threshold": 1,
                "threshold_duration": 300,
                "threshold_occurrences": "all",
                "time_function": ""
              }
            ],
            "description": "",
            "enabled": false,
            "entity_guid": "NDQxMTgzNHxBSU9QU3xDT05ESVRJT058NDY4Nzg3Mjc",
            "evaluation_delay": null,
            "expiration_duration": 0,
            "fill_option": "none",
            "fill_value": 0,
            "id": "5862736:46878727",
            "ignore_on_expected_termination": false,
            "name": "AG Replica Health",
            "nrql": [
              {
                "data_account_id": 0,
                "evaluation_offset": 0,
                "query": "FROM MssqlCustomQuerySample  SELECT  uniqueCount(SynchronizationHealth) WHERE label.query='replica' WHERE SynchronizationHealth!='HEALTHY' FACET SynchronizationHealth,instance,hostname",
                "since_value": ""
              }
            ],
            "open_violation_on_expiration": false,
            "policy_id": 5862736,
            "runbook_url": "https://www.example.com",
            "slide_by": null,
            "term": [],
            "timeouts": null,
            "title_template": "",
            "type": "static",
            "violation_time_limit": "ONE_HOUR",
            "violation_time_limit_seconds": 3600,
            "warning": []
          },
          "sensitive_attributes": [],
          "private": "eyJlMmJmYjczMC1lY2FhLTExZTYtOGY4OC0zNDM2M2JjN2M0YzAiOnsiY3JlYXRlIjozMDAwMDAwMDAwMH19",
          "dependencies": [
            "module.mssql_alerts.newrelic_alert_policy.policy"
          ]
        },
        {
          "index_key": "11",
          "schema_version": 0,
          "attributes": {
            "account_id": 4411834,
            "aggregation_delay": "120",
            "aggregation_method": "event_flow",
            "aggregation_timer": null,
            "aggregation_window": 300,
            "baseline_direction": "upper_only",
            "close_violations_on_expiration": false,
            "critical": [
              {
                "duration": 0,
                "operator": "above_or_equals",
                "threshold": 1,
                "threshold_duration": 300,
                "threshold_occurrences": "all",
                "time_function": ""
              }
            ],
            "description": "",
            "enabled": false,
            "entity_guid": "NDQxMTgzNHxBSU9QU3xDT05ESVRJT058NDY4Nzg3MTk",
            "evaluation_delay": null,
            "expiration_duration": 0,
            "fill_option": "none",
            "fill_value": 0,
            "id": "5862736:46878719",
            "ignore_on_expected_termination": false,
            "name": "AG Online Monitor",
            "nrql": [
              {
                "data_account_id": 0,
                "evaluation_offset": 0,
                "query": "FROM MssqlCustomQuerySample  SELECT uniqueCount(DatabaseState) WHERE label.query='agonline' WHERE DatabaseState!='ONLINE' FACET instance,hostname,DatabaseState",
                "since_value": ""
              }
            ],
            "open_violation_on_expiration": false,
            "policy_id": 5862736,
            "runbook_url": "https://www.example.com",
            "slide_by": null,
            "term": [],
            "timeouts": null,
            "title_template": "",
            "type": "static",
            "violation_time_limit": "ONE_HOUR",
            "violation_time_limit_seconds": 3600,
            "warning": []
          },
          "sensitive_attributes": [],
          "private": "eyJlMmJmYjczMC1lY2FhLTExZTYtOGY4OC0zNDM2M2JjN2M0YzAiOnsiY3JlYXRlIjozMDAwMDAwMDAwMH19",
          "dependencies": [
            "module.mssql_alerts.newrelic_alert_policy.policy"
          ]
        },
        {
          "index_key": "12",
          "schema_version": 0,
          "attributes": {
            "account_id": 4411834,
            "aggregation_delay": "120",
            "aggregation_method": "event_flow",
            "aggregation_timer": null,
            "aggregation_window": 300,
            "baseline_direction": "upper_only",
            "close_violations_on_expiration": false,
            "critical": [
              {
                "duration": 0,
                "operator": "above_or_equals",
                "threshold": 1,
                "threshold_duration": 300,
                "threshold_occurrences": "all",
                "time_function": ""
              }
            ],
            "description": "",
            "enabled": false,
            "entity_guid": "NDQxMTgzNHxBSU9QU3xDT05ESVRJT058NDY4Nzg3MTg",
            "evaluation_delay": null,
            "expiration_duration": 0,
            "fill_option": "none",
            "fill_value": 0,
            "id": "5862736:46878718",
            "ignore_on_expected_termination": false,
            "name": "AG Automatic Failover Monitor",
            "nrql": [
              {
                "data_account_id": 0,
                "evaluation_offset": 0,
                "query": "FROM MssqlCustomQuerySample  SELECT uniqueCount(instance)WHERE label.query='agafc'  AND FailoverMode!='AUTOMATIC' AND AvailabilityMode !='SYNCHRONOUS_COMMIT'   FACET  instance, hostname,AvailabilityMode,FailoverMode",
                "since_value": ""
              }
            ],
            "open_violation_on_expiration": false,
            "policy_id": 5862736,
            "runbook_url": "https://www.example.com",
            "slide_by": null,
            "term": [],
            "timeouts": null,
            "title_template": "",
            "type": "static",
            "violation_time_limit": "ONE_HOUR",
            "violation_time_limit_seconds": 3600,
            "warning": []
          },
          "sensitive_attributes": [],
          "private": "eyJlMmJmYjczMC1lY2FhLTExZTYtOGY4OC0zNDM2M2JjN2M0YzAiOnsiY3JlYXRlIjozMDAwMDAwMDAwMH19",
          "dependencies": [
            "module.mssql_alerts.newrelic_alert_policy.policy"
          ]
        },
        {
          "index_key": "2",
          "schema_version": 0,
          "attributes": {
            "account_id": 4411834,
            "aggregation_delay": "120",
            "aggregation_method": "event_flow",
            "aggregation_timer": null,
            "aggregation_window": 300,
            "baseline_direction": "upper_only",
            "close_violations_on_expiration": false,
            "critical": [
              {
                "duration": 0,
                "operator": "above_or_equals",
                "threshold": 1,
                "threshold_duration": 300,
                "threshold_occurrences": "all",
                "time_function": ""
              }
            ],
            "description": "",
            "enabled": false,
            "entity_guid": "NDQxMTgzNHxBSU9QU3xDT05ESVRJT058NDY4Nzg3MjM",
            "evaluation_delay": null,
            "expiration_duration": 0,
            "fill_option": "none",
            "fill_value": 0,
            "id": "5862736:46878723",
            "ignore_on_expected_termination": false,
            "name": "vlf count",
            "nrql": [
              {
                "data_account_id": 0,
                "evaluation_offset": 0,
                "query": "FROM MssqlCustomQuerySample  SELECT uniqueCount(vlf_count) WHERE label.query='virfile' WHERE vlf_count IS NOT NULL AND vlf_count \u003e1000  FACET vlf_count,instance,hostname,name",
                "since_value": ""
              }
            ],
            "open_violation_on_expiration": false,
            "policy_id": 5862736,
            "runbook_url": "https://www.example.com",
            "slide_by": null,
            "term": [],
            "timeouts": null,
            "title_template": "",
            "type": "static",
            "violation_time_limit": "ONE_HOUR",
            "violation_time_limit_seconds": 3600,
            "warning": []
          },
          "sensitive_attributes": [],
          "private": "eyJlMmJmYjczMC1lY2FhLTExZTYtOGY4OC0zNDM2M2JjN2M0YzAiOnsiY3JlYXRlIjozMDAwMDAwMDAwMH19",
          "dependencies": [
            "module.mssql_alerts.newrelic_alert_policy.policy"
          ]
        },
        {
          "index_key": "3",
          "schema_version": 0,
          "attributes": {
            "account_id": 4411834,
            "aggregation_delay": "120",
            "aggregation_method": "event_flow",
            "aggregation_timer": null,
            "aggregation_window": 300,
            "baseline_direction": "upper_only",
            "close_violations_on_expiration": false,
            "critical": [],
            "description": "",
            "enabled": false,
            "entity_guid": "NDQxMTgzNHxBSU9QU3xDT05ESVRJT058NDY4Nzg3MjE",
            "evaluation_delay": null,
            "expiration_duration": 0,
            "fill_option": "none",
            "fill_value": 0,
            "id": "5862736:46878721",
            "ignore_on_expected_termination": false,
            "name": "Availability Database Backup Status",
            "nrql": [
              {
                "data_account_id": 0,
                "evaluation_offset": 0,
                "query": "FROM MssqlCustomQuerySample SELECT uniqueCount(HoursSinceLastBackup) WHERE label.query='avbackup' WHERE HoursSinceLastBackup \u003e=24 AND HoursSinceLastBackup \u003c=36   FACET instance,HoursSinceLastBackup,hostname",
                "since_value": ""
              }
            ],
            "open_violation_on_expiration": false,
            "policy_id": 5862736,
            "runbook_url": "https://www.example.com",
            "slide_by": null,
            "term": [],
            "timeouts": null,
            "title_template": "",
            "type": "static",
            "violation_time_limit": "ONE_HOUR",
            "violation_time_limit_seconds": 3600,
            "warning": [
              {
                "duration": 0,
                "operator": "above_or_equals",
                "threshold": 1,
                "threshold_duration": 300,
                "threshold_occurrences": "all",
                "time_function": ""
              }
            ]
          },
          "sensitive_attributes": [],
          "private": "eyJlMmJmYjczMC1lY2FhLTExZTYtOGY4OC0zNDM2M2JjN2M0YzAiOnsiY3JlYXRlIjozMDAwMDAwMDAwMH19",
          "dependencies": [
            "module.mssql_alerts.newrelic_alert_policy.policy"
          ]
        },
        {
          "index_key": "4",
          "schema_version": 0,
          "attributes": {
            "account_id": 4411834,
            "aggregation_delay": "120",
            "aggregation_method": "event_flow",
            "aggregation_timer": null,
            "aggregation_window": 300,
            "baseline_direction": "upper_only",
            "close_violations_on_expiration": false,
            "critical": [
              {
                "duration": 0,
                "operator": "above_or_equals",
                "threshold": 1,
                "threshold_duration": 300,
                "threshold_occurrences": "all",
                "time_function": ""
              }
            ],
            "description": "",
            "enabled": false,
            "entity_guid": "NDQxMTgzNHxBSU9QU3xDT05ESVRJT058NDY4Nzg3MjA",
            "evaluation_delay": null,
            "expiration_duration": 0,
            "fill_option": "none",
            "fill_value": 0,
            "id": "5862736:46878720",
            "ignore_on_expected_termination": false,
            "name": "Availability Database Backup Status",
            "nrql": [
              {
                "data_account_id": 0,
                "evaluation_offset": 0,
                "query": "FROM MssqlCustomQuerySample SELECT uniqueCount(HoursSinceLastBackup) WHERE label.query='avbackup' WHERE HoursSinceLastBackup\u003e36  FACET instance,HoursSinceLastBackup,hostname",
                "since_value": ""
              }
            ],
            "open_violation_on_expiration": false,
            "policy_id": 5862736,
            "runbook_url": "https://www.example.com",
            "slide_by": null,
            "term": [],
            "timeouts": null,
            "title_template": "",
            "type": "static",
            "violation_time_limit": "ONE_HOUR",
            "violation_time_limit_seconds": 3600,
            "warning": []
          },
          "sensitive_attributes": [],
          "private": "eyJlMmJmYjczMC1lY2FhLTExZTYtOGY4OC0zNDM2M2JjN2M0YzAiOnsiY3JlYXRlIjozMDAwMDAwMDAwMH19",
          "dependencies": [
            "module.mssql_alerts.newrelic_alert_policy.policy"
          ]
        },
        {
          "index_key": "5",
          "schema_version": 0,
          "attributes": {
            "account_id": 4411834,
            "aggregation_delay": "120",
            "aggregation_method": "event_flow",
            "aggregation_timer": null,
            "aggregation_window": 300,
            "baseline_direction": "upper_only",
            "close_violations_on_expiration": false,
            "critical": [],
            "description": "",
            "enabled": false,
            "entity_guid": "NDQxMTgzNHxBSU9QU3xDT05ESVRJT058NDY4Nzg3MjI",
            "evaluation_delay": null,
            "expiration_duration": 0,
            "fill_option": "none",
            "fill_value": 0,
            "id": "5862736:46878722",
            "ignore_on_expected_termination": false,
            "name": "Log Backup Status",
            "nrql": [
              {
                "data_account_id": 0,
                "evaluation_offset": 0,
                "query": "FROM MssqlCustomQuerySample SELECT uniqueCount(LogBackupStatus) WHERE LogBackupStatus LIKE '%Log Backup Outdated%'  FACET LogBackupStatus,instance,hostname,DatabaseName",
                "since_value": ""
              }
            ],
            "open_violation_on_expiration": false,
            "policy_id": 5862736,
            "runbook_url": "https://www.example.com",
            "slide_by": null,
            "term": [],
            "timeouts": null,
            "title_template": "",
            "type": "static",
            "violation_time_limit": "ONE_HOUR",
            "violation_time_limit_seconds": 3600,
            "warning": [
              {
                "duration": 0,
                "operator": "above_or_equals",
                "threshold": 1,
                "threshold_duration": 300,
                "threshold_occurrences": "all",
                "time_function": ""
              }
            ]
          },
          "sensitive_attributes": [],
          "private": "eyJlMmJmYjczMC1lY2FhLTExZTYtOGY4OC0zNDM2M2JjN2M0YzAiOnsiY3JlYXRlIjozMDAwMDAwMDAwMH19",
          "dependencies": [
            "module.mssql_alerts.newrelic_alert_policy.policy"
          ]
        },
        {
          "index_key": "6",
          "schema_version": 0,
          "attributes": {
            "account_id": 4411834,
            "aggregation_delay": "120",
            "aggregation_method": "event_flow",
            "aggregation_timer": null,
            "aggregation_window": 300,
            "baseline_direction": "upper_only",
            "close_violations_on_expiration": false,
            "critical": [
              {
                "duration": 0,
                "operator": "above_or_equals",
                "threshold": 1,
                "threshold_duration": 300,
                "threshold_occurrences": "all",
                "time_function": ""
              }
            ],
            "description": "",
            "enabled": false,
            "entity_guid": "NDQxMTgzNHxBSU9QU3xDT05ESVRJT058NDY4Nzg3MTY",
            "evaluation_delay": null,
            "expiration_duration": 0,
            "fill_option": "none",
            "fill_value": 0,
            "id": "5862736:46878716",
            "ignore_on_expected_termination": false,
            "name": "Log Backup Status",
            "nrql": [
              {
                "data_account_id": 0,
                "evaluation_offset": 0,
                "query": "FROM MssqlCustomQuerySample SELECT uniqueCount(LogBackupStatus) WHERE LogBackupStatus LIKE '%No Log Backup%' FACET LogBackupStatus,instance,hostname,DatabaseName ",
                "since_value": ""
              }
            ],
            "open_violation_on_expiration": false,
            "policy_id": 5862736,
            "runbook_url": "https://www.example.com",
            "slide_by": null,
            "term": [],
            "timeouts": null,
            "title_template": "",
            "type": "static",
            "violation_time_limit": "ONE_HOUR",
            "violation_time_limit_seconds": 3600,
            "warning": []
          },
          "sensitive_attributes": [],
          "private": "eyJlMmJmYjczMC1lY2FhLTExZTYtOGY4OC0zNDM2M2JjN2M0YzAiOnsiY3JlYXRlIjozMDAwMDAwMDAwMH19",
          "dependencies": [
            "module.mssql_alerts.newrelic_alert_policy.policy"
          ]
        },
        {
          "index_key": "7",
          "schema_version": 0,
          "attributes": {
            "account_id": 4411834,
            "aggregation_delay": "120",
            "aggregation_method": "event_flow",
            "aggregation_timer": null,
            "aggregation_window": 300,
            "baseline_direction": "upper_only",
            "close_violations_on_expiration": false,
            "critical": [
              {
                "duration": 0,
                "operator": "above_or_equals",
                "threshold": 1,
                "threshold_duration": 300,
                "threshold_occurrences": "all",
                "time_function": ""
              }
            ],
            "description": "",
            "enabled": false,
            "entity_guid": "NDQxMTgzNHxBSU9QU3xDT05ESVRJT058NDY4Nzg3MjQ",
            "evaluation_delay": null,
            "expiration_duration": 0,
            "fill_option": "none",
            "fill_value": 0,
            "id": "5862736:46878724",
            "ignore_on_expected_termination": false,
            "name": "Blocking Session ID",
            "nrql": [
              {
                "data_account_id": 0,
                "evaluation_offset": 0,
                "query": "FROM MssqlCustomQuerySample SELECT uniqueCount(BlockingSessionID) WHERE label.query='blocked' AND BlockingSessionID!=0 FACET instance,hostname,wait_resource,BlockingSessionID",
                "since_value": ""
              }
            ],
            "open_violation_on_expiration": false,
            "policy_id": 5862736,
            "runbook_url": "https://www.example.com",
            "slide_by": null,
            "term": [],
            "timeouts": null,
            "title_template": "",
            "type": "static",
            "violation_time_limit": "ONE_HOUR",
            "violation_time_limit_seconds": 3600,
            "warning": []
          },
          "sensitive_attributes": [],
          "private": "eyJlMmJmYjczMC1lY2FhLTExZTYtOGY4OC0zNDM2M2JjN2M0YzAiOnsiY3JlYXRlIjozMDAwMDAwMDAwMH19",
          "dependencies": [
            "module.mssql_alerts.newrelic_alert_policy.policy"
          ]
        },
        {
          "index_key": "8",
          "schema_version": 0,
          "attributes": {
            "account_id": 4411834,
            "aggregation_delay": "120",
            "aggregation_method": "event_flow",
            "aggregation_timer": null,
            "aggregation_window": 300,
            "baseline_direction": "upper_only",
            "close_violations_on_expiration": false,
            "critical": [
              {
                "duration": 0,
                "operator": "above_or_equals",
                "threshold": 1,
                "threshold_duration": 300,
                "threshold_occurrences": "all",
                "time_function": ""
              }
            ],
            "description": "",
            "enabled": false,
            "entity_guid": "NDQxMTgzNHxBSU9QU3xDT05ESVRJT058NDY4Nzg3MTc",
            "evaluation_delay": null,
            "expiration_duration": 0,
            "fill_option": "none",
            "fill_value": 0,
            "id": "5862736:46878717",
            "ignore_on_expected_termination": false,
            "name": "Database Status",
            "nrql": [
              {
                "data_account_id": 0,
                "evaluation_offset": 0,
                "query": "FROM MssqlCustomQuerySample SELECT  uniquecount(DatabaseStatus) WHERE label.query='dbstate'  WHERE DatabaseStatus!='ONLINE' FACET DatabaseName,instance,DatabaseStatus",
                "since_value": ""
              }
            ],
            "open_violation_on_expiration": false,
            "policy_id": 5862736,
            "runbook_url": "https://www.example.com",
            "slide_by": null,
            "term": [],
            "timeouts": null,
            "title_template": "",
            "type": "static",
            "violation_time_limit": "ONE_HOUR",
            "violation_time_limit_seconds": 3600,
            "warning": []
          },
          "sensitive_attributes": [],
          "private": "eyJlMmJmYjczMC1lY2FhLTExZTYtOGY4OC0zNDM2M2JjN2M0YzAiOnsiY3JlYXRlIjozMDAwMDAwMDAwMH19",
          "dependencies": [
            "module.mssql_alerts.newrelic_alert_policy.policy"
          ]
        },
        {
          "index_key": "9",
          "schema_version": 0,
          "attributes": {
            "account_id": 4411834,
            "aggregation_delay": "120",
            "aggregation_method": "event_flow",
            "aggregation_timer": null,
            "aggregation_window": 300,
            "baseline_direction": "upper_only",
            "close_violations_on_expiration": false,
            "critical": [
              {
                "duration": 0,
                "operator": "above_or_equals",
                "threshold": 1,
                "threshold_duration": 300,
                "threshold_occurrences": "all",
                "time_function": ""
              }
            ],
            "description": "",
            "enabled": false,
            "entity_guid": "NDQxMTgzNHxBSU9QU3xDT05ESVRJT058NDY4Nzg3MjU",
            "evaluation_delay": null,
            "expiration_duration": 0,
            "fill_option": "none",
            "fill_value": 0,
            "id": "5862736:46878725",
            "ignore_on_expected_termination": false,
            "name": "AG Health Policy",
            "nrql": [
              {
                "data_account_id": 0,
                "evaluation_offset": 0,
                "query": "FROM MssqlCustomQuerySample SELECT  uniqueCount(SynchronizationHealth) WHERE label.query='grouphealth' AND SynchronizationHealth!='HEALTHY' FACET AvailabilityGroupName,ReplicaServerName,SynchronizationHealth,instance",
                "since_value": ""
              }
            ],
            "open_violation_on_expiration": false,
            "policy_id": 5862736,
            "runbook_url": "https://www.example.com",
            "slide_by": null,
            "term": [],
            "timeouts": null,
            "title_template": "",
            "type": "static",
            "violation_time_limit": "ONE_HOUR",
            "violation_time_limit_seconds": 3600,
            "warning": []
          },
          "sensitive_attributes": [],
          "private": "eyJlMmJmYjczMC1lY2FhLTExZTYtOGY4OC0zNDM2M2JjN2M0YzAiOnsiY3JlYXRlIjozMDAwMDAwMDAwMH19",
          "dependencies": [
            "module.mssql_alerts.newrelic_alert_policy.policy"
          ]
        }
      ]
    },
    {
      "module": "module.mssql_rules_alerts",
      "mode": "managed",
      "type": "newrelic_alert_policy",
      "name": "policy",
      "provider": "provider[\"registry.terraform.io/newrelic/newrelic\"]",
      "instances": [
        {
          "schema_version": 0,
          "attributes": {
            "account_id": 4411834,
            "channel_ids": null,
            "id": "5862737",
            "incident_preference": "PER_CONDITION_AND_TARGET",
            "name": "MSSQL_Rules_Monitors_Policy"
          },
          "sensitive_attributes": [],
          "private": "bnVsbA=="
        }
      ]
    },
    {
      "module": "module.mssql_rules_alerts",
      "mode": "managed",
      "type": "newrelic_nrql_alert_condition",
      "name": "alert_condition",
      "provider": "provider[\"registry.terraform.io/newrelic/newrelic\"]",
      "instances": [
        {
          "index_key": "0",
          "schema_version": 0,
          "attributes": {
            "account_id": 4411834,
            "aggregation_delay": "120",
            "aggregation_method": "event_flow",
            "aggregation_timer": null,
            "aggregation_window": 300,
            "baseline_direction": "upper_only",
            "close_violations_on_expiration": false,
            "critical": [],
            "description": "This behavior occurs because the replication agent is too busy to respond when SQL Server Enterprise Manager polls the replication agent; therefore, SQL Server Enterprise Manager does not know the status of the replication agent and it cannot report whether the replication agent is functioning or not.",
            "enabled": false,
            "entity_guid": "NDQxMTgzNHxBSU9QU3xDT05ESVRJT058NDY4Nzg4MTk",
            "evaluation_delay": null,
            "expiration_duration": 0,
            "fill_option": "none",
            "fill_value": 0,
            "id": "5862737:46878819",
            "ignore_on_expected_termination": false,
            "name": "MSSQL on Windows: The agent is suspect. No response within last minutes",
            "nrql": [
              {
                "data_account_id": 0,
                "evaluation_offset": 0,
                "query": "FROM Log SELECT uniqueCount(message) WHERE EventID=20554 AND message LIKE '%error%' FACET hostname",
                "since_value": ""
              }
            ],
            "open_violation_on_expiration": false,
            "policy_id": 5862737,
            "runbook_url": "https://www.example.com",
            "slide_by": null,
            "term": [],
            "timeouts": null,
            "title_template": "",
            "type": "static",
            "violation_time_limit": "ONE_HOUR",
            "violation_time_limit_seconds": 3600,
            "warning": [
              {
                "duration": 0,
                "operator": "above_or_equals",
                "threshold": 1,
                "threshold_duration": 300,
                "threshold_occurrences": "all",
                "time_function": ""
              }
            ]
          },
          "sensitive_attributes": [],
          "private": "eyJlMmJmYjczMC1lY2FhLTExZTYtOGY4OC0zNDM2M2JjN2M0YzAiOnsiY3JlYXRlIjozMDAwMDAwMDAwMH19",
          "dependencies": [
            "module.mssql_rules_alerts.newrelic_alert_policy.policy"
          ]
        },
        {
          "index_key": "1",
          "schema_version": 0,
          "attributes": {
            "account_id": 4411834,
            "aggregation_delay": "120",
            "aggregation_method": "event_flow",
            "aggregation_timer": null,
            "aggregation_window": 300,
            "baseline_direction": "upper_only",
            "close_violations_on_expiration": false,
            "critical": [],
            "description": "SQL Server uses Service Broker and Database Mirroring endpoints for communications outside the SQL Server instance.",
            "enabled": false,
            "entity_guid": "NDQxMTgzNHxBSU9QU3xDT05ESVRJT058NDY4Nzg3NDk",
            "evaluation_delay": null,
            "expiration_duration": 0,
            "fill_option": "none",
            "fill_value": 0,
            "id": "5862737:46878749",
            "ignore_on_expected_termination": false,
            "name": "MSSQL on Windows: An error occurred in a SQL Server Service Broker/Database Mirroring transport connection endpoint",
            "nrql": [
              {
                "data_account_id": 0,
                "evaluation_offset": 0,
                "query": "FROM Log SELECT uniqueCount(message) WHERE EventID=9642 AND message LIKE '%error%' FACET hostname",
                "since_value": ""
              }
            ],
            "open_violation_on_expiration": false,
            "policy_id": 5862737,
            "runbook_url": "https://www.example.com",
            "slide_by": null,
            "term": [],
            "timeouts": null,
            "title_template": "",
            "type": "static",
            "violation_time_limit": "ONE_HOUR",
            "violation_time_limit_seconds": 3600,
            "warning": [
              {
                "duration": 0,
                "operator": "above_or_equals",
                "threshold": 1,
                "threshold_duration": 300,
                "threshold_occurrences": "all",
                "time_function": ""
              }
            ]
          },
          "sensitive_attributes": [],
          "private": "eyJlMmJmYjczMC1lY2FhLTExZTYtOGY4OC0zNDM2M2JjN2M0YzAiOnsiY3JlYXRlIjozMDAwMDAwMDAwMH19",
          "dependencies": [
            "module.mssql_rules_alerts.newrelic_alert_policy.policy"
          ]
        },
        {
          "index_key": "10",
          "schema_version": 0,
          "attributes": {
            "account_id": 4411834,
            "aggregation_delay": "120",
            "aggregation_method": "event_flow",
            "aggregation_timer": null,
            "aggregation_window": 300,
            "baseline_direction": "upper_only",
            "close_violations_on_expiration": false,
            "critical": [],
            "description": "The rule triggers an alert when a SQL Server Service Broker dialog detects an error.",
            "enabled": false,
            "entity_guid": "NDQxMTgzNHxBSU9QU3xDT05ESVRJT058NDY4Nzg4MjI",
            "evaluation_delay": null,
            "expiration_duration": 0,
            "fill_option": "none",
            "fill_value": 0,
            "id": "5862737:46878822",
            "ignore_on_expected_termination": false,
            "name": "MSSQL on Windows: An SQL Server Service Broker dialog detected an error",
            "nrql": [
              {
                "data_account_id": 0,
                "evaluation_offset": 0,
                "query": "FROM Log SELECT uniqueCount(message) WHERE EventID=9736 AND message LIKE '%error%' FACET hostname",
                "since_value": ""
              }
            ],
            "open_violation_on_expiration": false,
            "policy_id": 5862737,
            "runbook_url": "https://www.example.com",
            "slide_by": null,
            "term": [],
            "timeouts": null,
            "title_template": "",
            "type": "static",
            "violation_time_limit": "ONE_HOUR",
            "violation_time_limit_seconds": 3600,
            "warning": [
              {
                "duration": 0,
                "operator": "above_or_equals",
                "threshold": 1,
                "threshold_duration": 300,
                "threshold_occurrences": "all",
                "time_function": ""
              }
            ]
          },
          "sensitive_attributes": [],
          "private": "eyJlMmJmYjczMC1lY2FhLTExZTYtOGY4OC0zNDM2M2JjN2M0YzAiOnsiY3JlYXRlIjozMDAwMDAwMDAwMH19",
          "dependencies": [
            "module.mssql_rules_alerts.newrelic_alert_policy.policy"
          ]
        },
        {
          "index_key": "100",
          "schema_version": 0,
          "attributes": {
            "account_id": 4411834,
            "aggregation_delay": "120",
            "aggregation_method": "event_flow",
            "aggregation_timer": null,
            "aggregation_window": 300,
            "baseline_direction": "upper_only",
            "close_violations_on_expiration": false,
            "critical": [],
            "description": "SQL Server will not provide connections to workstations after the licensing limit has been reached.",
            "enabled": false,
            "entity_guid": "NDQxMTgzNHxBSU9QU3xDT05ESVRJT058NDY4Nzg3OTQ",
            "evaluation_delay": null,
            "expiration_duration": 0,
            "fill_option": "none",
            "fill_value": 0,
            "id": "5862737:46878794",
            "ignore_on_expected_termination": false,
            "name": "MSSQL on Windows: Login failed. The workstation licensing limit for SQL Server access has already been reached",
            "nrql": [
              {
                "data_account_id": 0,
                "evaluation_offset": 0,
                "query": "FROM Log SELECT uniqueCount(message) WHERE EventID=18459 AND message LIKE '%error%' FACET hostname",
                "since_value": ""
              }
            ],
            "open_violation_on_expiration": false,
            "policy_id": 5862737,
            "runbook_url": "https://www.example.com",
            "slide_by": null,
            "term": [],
            "timeouts": null,
            "title_template": "",
            "type": "static",
            "violation_time_limit": "ONE_HOUR",
            "violation_time_limit_seconds": 3600,
            "warning": [
              {
                "duration": 0,
                "operator": "above_or_equals",
                "threshold": 1,
                "threshold_duration": 300,
                "threshold_occurrences": "all",
                "time_function": ""
              }
            ]
          },
          "sensitive_attributes": [],
          "private": "eyJlMmJmYjczMC1lY2FhLTExZTYtOGY4OC0zNDM2M2JjN2M0YzAiOnsiY3JlYXRlIjozMDAwMDAwMDAwMH19",
          "dependencies": [
            "module.mssql_rules_alerts.newrelic_alert_policy.policy"
          ]
        },
        {
          "index_key": "101",
          "schema_version": 0,
          "attributes": {
            "account_id": 4411834,
            "aggregation_delay": "120",
            "aggregation_method": "event_flow",
            "aggregation_timer": null,
            "aggregation_window": 300,
            "baseline_direction": "upper_only",
            "close_violations_on_expiration": false,
            "critical": [],
            "description": "Refer to Docs Online for more information on this error. This does not necessarily represent an integrity issue with the data in this database.",
            "enabled": false,
            "entity_guid": "NDQxMTgzNHxBSU9QU3xDT05ESVRJT058NDY4Nzg3NTY",
            "evaluation_delay": null,
            "expiration_duration": 0,
            "fill_option": "none",
            "fill_value": 0,
            "id": "5862737:46878756",
            "ignore_on_expected_termination": false,
            "name": "MSSQL on Windows: Indexed view does not contain all rows that the view definition produces.",
            "nrql": [
              {
                "data_account_id": 0,
                "evaluation_offset": 0,
                "query": "FROM Log SELECT uniqueCount(message) WHERE EventID=8908 AND message LIKE '%error%' FACET hostname",
                "since_value": ""
              }
            ],
            "open_violation_on_expiration": false,
            "policy_id": 5862737,
            "runbook_url": "https://www.example.com",
            "slide_by": null,
            "term": [],
            "timeouts": null,
            "title_template": "",
            "type": "static",
            "violation_time_limit": "ONE_HOUR",
            "violation_time_limit_seconds": 3600,
            "warning": [
              {
                "duration": 0,
                "operator": "above_or_equals",
                "threshold": 1,
                "threshold_duration": 300,
                "threshold_occurrences": "all",
                "time_function": ""
              }
            ]
          },
          "sensitive_attributes": [],
          "private": "eyJlMmJmYjczMC1lY2FhLTExZTYtOGY4OC0zNDM2M2JjN2M0YzAiOnsiY3JlYXRlIjozMDAwMDAwMDAwMH19",
          "dependencies": [
            "module.mssql_rules_alerts.newrelic_alert_policy.policy"
          ]
        },
        {
          "index_key": "102",
          "schema_version": 0,
          "attributes": {
            "account_id": 4411834,
            "aggregation_delay": "120",
            "aggregation_method": "event_flow",
            "aggregation_timer": null,
            "aggregation_window": 300,
            "baseline_direction": "upper_only",
            "close_violations_on_expiration": false,
            "critical": [],
            "description": "SQL Server has failed to open the physical file.",
            "enabled": false,
            "entity_guid": "NDQxMTgzNHxBSU9QU3xDT05ESVRJT058NDY4Nzg3MzU",
            "evaluation_delay": null,
            "expiration_duration": 0,
            "fill_option": "none",
            "fill_value": 0,
            "id": "5862737:46878735",
            "ignore_on_expected_termination": false,
            "name": "MSSQL on Windows: Unable to open the physical file",
            "nrql": [
              {
                "data_account_id": 0,
                "evaluation_offset": 0,
                "query": "FROM Log SELECT uniqueCount(message) WHERE EventID=5120 AND message LIKE '%error%' FACET hostname",
                "since_value": ""
              }
            ],
            "open_violation_on_expiration": false,
            "policy_id": 5862737,
            "runbook_url": "https://www.example.com",
            "slide_by": null,
            "term": [],
            "timeouts": null,
            "title_template": "",
            "type": "static",
            "violation_time_limit": "ONE_HOUR",
            "violation_time_limit_seconds": 3600,
            "warning": [
              {
                "duration": 0,
                "operator": "above_or_equals",
                "threshold": 1,
                "threshold_duration": 300,
                "threshold_occurrences": "all",
                "time_function": ""
              }
            ]
          },
          "sensitive_attributes": [],
          "private": "eyJlMmJmYjczMC1lY2FhLTExZTYtOGY4OC0zNDM2M2JjN2M0YzAiOnsiY3JlYXRlIjozMDAwMDAwMDAwMH19",
          "dependencies": [
            "module.mssql_rules_alerts.newrelic_alert_policy.policy"
          ]
        },
        {
          "index_key": "103",
          "schema_version": 0,
          "attributes": {
            "account_id": 4411834,
            "aggregation_delay": "120",
            "aggregation_method": "event_flow",
            "aggregation_timer": null,
            "aggregation_window": 300,
            "baseline_direction": "upper_only",
            "close_violations_on_expiration": false,
            "critical": [],
            "description": "Unique tables are used by the database client drivers, like Microsoft Access driver for SQL Server, to build updateable queries. For a given SELECT statement, the unique table identifies the table whose row values appear at most once in the result set. This error is raised when the server is unable to compute the unique table.",
            "enabled": false,
            "entity_guid": "NDQxMTgzNHxBSU9QU3xDT05ESVRJT058NDY4Nzg4MTE",
            "evaluation_delay": null,
            "expiration_duration": 0,
            "fill_option": "none",
            "fill_value": 0,
            "id": "5862737:46878811",
            "ignore_on_expected_termination": false,
            "name": "MSSQL on Windows: Unique table computation failed",
            "nrql": [
              {
                "data_account_id": 0,
                "evaluation_offset": 0,
                "query": "FROM Log SELECT uniqueCount(message) WHERE EventID=16959 AND message LIKE '%error%' FACET hostname",
                "since_value": ""
              }
            ],
            "open_violation_on_expiration": false,
            "policy_id": 5862737,
            "runbook_url": "https://www.example.com",
            "slide_by": null,
            "term": [],
            "timeouts": null,
            "title_template": "",
            "type": "static",
            "violation_time_limit": "ONE_HOUR",
            "violation_time_limit_seconds": 3600,
            "warning": [
              {
                "duration": 0,
                "operator": "above_or_equals",
                "threshold": 1,
                "threshold_duration": 300,
                "threshold_occurrences": "all",
                "time_function": ""
              }
            ]
          },
          "sensitive_attributes": [],
          "private": "eyJlMmJmYjczMC1lY2FhLTExZTYtOGY4OC0zNDM2M2JjN2M0YzAiOnsiY3JlYXRlIjozMDAwMDAwMDAwMH19",
          "dependencies": [
            "module.mssql_rules_alerts.newrelic_alert_policy.policy"
          ]
        },
        {
          "index_key": "104",
          "schema_version": 0,
          "attributes": {
            "account_id": 4411834,
            "aggregation_delay": "120",
            "aggregation_method": "event_flow",
            "aggregation_timer": null,
            "aggregation_window": 300,
            "baseline_direction": "upper_only",
            "close_violations_on_expiration": false,
            "critical": [],
            "description": "You have attempted to perform a full-text indexing in a database that is not enabled for full-text indexing. The database may have never been enabled for full-text, or it may have been restored or attached, which will automatically disable full-text indexing.",
            "enabled": false,
            "entity_guid": "NDQxMTgzNHxBSU9QU3xDT05ESVRJT058NDY4Nzg3NzA",
            "evaluation_delay": null,
            "expiration_duration": 0,
            "fill_option": "none",
            "fill_value": 0,
            "id": "5862737:46878770",
            "ignore_on_expected_termination": false,
            "name": "MSSQL on Windows: Full Text Search: Full-Text Search is not enabled for the current database",
            "nrql": [
              {
                "data_account_id": 0,
                "evaluation_offset": 0,
                "query": "FROM Log SELECT uniqueCount(message) WHERE EventID=15601 AND message LIKE '%error%' FACET hostname",
                "since_value": ""
              }
            ],
            "open_violation_on_expiration": false,
            "policy_id": 5862737,
            "runbook_url": "https://www.example.com",
            "slide_by": null,
            "term": [],
            "timeouts": null,
            "title_template": "",
            "type": "static",
            "violation_time_limit": "ONE_HOUR",
            "violation_time_limit_seconds": 3600,
            "warning": [
              {
                "duration": 0,
                "operator": "above_or_equals",
                "threshold": 1,
                "threshold_duration": 300,
                "threshold_occurrences": "all",
                "time_function": ""
              }
            ]
          },
          "sensitive_attributes": [],
          "private": "eyJlMmJmYjczMC1lY2FhLTExZTYtOGY4OC0zNDM2M2JjN2M0YzAiOnsiY3JlYXRlIjozMDAwMDAwMDAwMH19",
          "dependencies": [
            "module.mssql_rules_alerts.newrelic_alert_policy.policy"
          ]
        },
        {
          "index_key": "105",
          "schema_version": 0,
          "attributes": {
            "account_id": 4411834,
            "aggregation_delay": "120",
            "aggregation_method": "event_flow",
            "aggregation_timer": null,
            "aggregation_window": 300,
            "baseline_direction": "upper_only",
            "close_violations_on_expiration": false,
            "critical": [],
            "description": "SQL Server received an XML document that exceeds the allowed limit.",
            "enabled": false,
            "entity_guid": "NDQxMTgzNHxBSU9QU3xDT05ESVRJT058NDY4Nzg3OTY",
            "evaluation_delay": null,
            "expiration_duration": 0,
            "fill_option": "none",
            "fill_value": 0,
            "id": "5862737:46878796",
            "ignore_on_expected_termination": false,
            "name": "MSSQL on Windows: XML: Size of data chunk requested from the stream exceeds allowed limit",
            "nrql": [
              {
                "data_account_id": 0,
                "evaluation_offset": 0,
                "query": "FROM Log SELECT uniqueCount(message) WHERE EventID=6627 AND message LIKE '%error%' FACET hostname",
                "since_value": ""
              }
            ],
            "open_violation_on_expiration": false,
            "policy_id": 5862737,
            "runbook_url": "https://www.example.com",
            "slide_by": null,
            "term": [],
            "timeouts": null,
            "title_template": "",
            "type": "static",
            "violation_time_limit": "ONE_HOUR",
            "violation_time_limit_seconds": 3600,
            "warning": [
              {
                "duration": 0,
                "operator": "above_or_equals",
                "threshold": 1,
                "threshold_duration": 300,
                "threshold_occurrences": "all",
                "time_function": ""
              }
            ]
          },
          "sensitive_attributes": [],
          "private": "eyJlMmJmYjczMC1lY2FhLTExZTYtOGY4OC0zNDM2M2JjN2M0YzAiOnsiY3JlYXRlIjozMDAwMDAwMDAwMH19",
          "dependencies": [
            "module.mssql_rules_alerts.newrelic_alert_policy.policy"
          ]
        },
        {
          "index_key": "106",
          "schema_version": 0,
          "attributes": {
            "account_id": 4411834,
            "aggregation_delay": "120",
            "aggregation_method": "event_flow",
            "aggregation_timer": null,
            "aggregation_window": 300,
            "baseline_direction": "upper_only",
            "close_violations_on_expiration": false,
            "critical": [],
            "description": "This message passes through XML parsing errors. The text after 'XML parsing error:' will vary. The cause will depend on the exact XML parsing error passed through.",
            "enabled": false,
            "entity_guid": "NDQxMTgzNHxBSU9QU3xDT05ESVRJT058NDY4Nzg3NTA",
            "evaluation_delay": null,
            "expiration_duration": 0,
            "fill_option": "none",
            "fill_value": 0,
            "id": "5862737:46878750",
            "ignore_on_expected_termination": false,
            "name": "MSSQL on Windows: XML: XML parsing error",
            "nrql": [
              {
                "data_account_id": 0,
                "evaluation_offset": 0,
                "query": "FROM Log SELECT uniqueCount(message) WHERE EventID=6603 AND message LIKE '%error%' FACET hostname",
                "since_value": ""
              }
            ],
            "open_violation_on_expiration": false,
            "policy_id": 5862737,
            "runbook_url": "https://www.example.com",
            "slide_by": null,
            "term": [],
            "timeouts": null,
            "title_template": "",
            "type": "static",
            "violation_time_limit": "ONE_HOUR",
            "violation_time_limit_seconds": 3600,
            "warning": [
              {
                "duration": 0,
                "operator": "above_or_equals",
                "threshold": 1,
                "threshold_duration": 300,
                "threshold_occurrences": "all",
                "time_function": ""
              }
            ]
          },
          "sensitive_attributes": [],
          "private": "eyJlMmJmYjczMC1lY2FhLTExZTYtOGY4OC0zNDM2M2JjN2M0YzAiOnsiY3JlYXRlIjozMDAwMDAwMDAwMH19",
          "dependencies": [
            "module.mssql_rules_alerts.newrelic_alert_policy.policy"
          ]
        },
        {
          "index_key": "107",
          "schema_version": 0,
          "attributes": {
            "account_id": 4411834,
            "aggregation_delay": "120",
            "aggregation_method": "event_flow",
            "aggregation_timer": null,
            "aggregation_window": 300,
            "baseline_direction": "upper_only",
            "close_violations_on_expiration": false,
            "critical": [],
            "description": "The rule traces monitoring workflows errors and generates error alerts.",
            "enabled": false,
            "entity_guid": "NDQxMTgzNHxBSU9QU3xDT05ESVRJT058NDY4Nzg3ODA",
            "evaluation_delay": null,
            "expiration_duration": 0,
            "fill_option": "none",
            "fill_value": 0,
            "id": "5862737:46878780",
            "ignore_on_expected_termination": false,
            "name": "MSSQL on Windows: Monitoring error",
            "nrql": [
              {
                "data_account_id": 0,
                "evaluation_offset": 0,
                "query": "FROM Log SELECT uniqueCount(message) WHERE EventID=4221 AND message LIKE '%error%' FACET hostname",
                "since_value": ""
              }
            ],
            "open_violation_on_expiration": false,
            "policy_id": 5862737,
            "runbook_url": "https://www.example.com",
            "slide_by": null,
            "term": [],
            "timeouts": null,
            "title_template": "",
            "type": "static",
            "violation_time_limit": "ONE_HOUR",
            "violation_time_limit_seconds": 3600,
            "warning": [
              {
                "duration": 0,
                "operator": "above_or_equals",
                "threshold": 1,
                "threshold_duration": 300,
                "threshold_occurrences": "all",
                "time_function": ""
              }
            ]
          },
          "sensitive_attributes": [],
          "private": "eyJlMmJmYjczMC1lY2FhLTExZTYtOGY4OC0zNDM2M2JjN2M0YzAiOnsiY3JlYXRlIjozMDAwMDAwMDAwMH19",
          "dependencies": [
            "module.mssql_rules_alerts.newrelic_alert_policy.policy"
          ]
        },
        {
          "index_key": "108",
          "schema_version": 0,
          "attributes": {
            "account_id": 4411834,
            "aggregation_delay": "120",
            "aggregation_method": "event_flow",
            "aggregation_timer": null,
            "aggregation_window": 300,
            "baseline_direction": "upper_only",
            "close_violations_on_expiration": false,
            "critical": [],
            "description": "This error indicates that SQL Server could not complete the BACKUP of the specified database due to a previous error. The BACKUP command that failed is given at the end of the error message. This message also appears in the Windows application log.",
            "enabled": false,
            "entity_guid": "NDQxMTgzNHxBSU9QU3xDT05ESVRJT058NDY4Nzg4MzY",
            "evaluation_delay": null,
            "expiration_duration": 0,
            "fill_option": "none",
            "fill_value": 0,
            "id": "5862737:46878836",
            "ignore_on_expected_termination": false,
            "name": "MSSQL on Windows: Log Backup Failed to Complete",
            "nrql": [
              {
                "data_account_id": 0,
                "evaluation_offset": 0,
                "query": "FROM Log SELECT uniqueCount(message) WHERE EventID=3041 AND  message LIKE '%error%' AND  message LIKE '%Log Backup Failed to Complete%' FACET hostname",
                "since_value": ""
              }
            ],
            "open_violation_on_expiration": false,
            "policy_id": 5862737,
            "runbook_url": "https://www.example.com",
            "slide_by": null,
            "term": [],
            "timeouts": null,
            "title_template": "",
            "type": "static",
            "violation_time_limit": "ONE_HOUR",
            "violation_time_limit_seconds": 3600,
            "warning": [
              {
                "duration": 0,
                "operator": "above_or_equals",
                "threshold": 1,
                "threshold_duration": 300,
                "threshold_occurrences": "all",
                "time_function": ""
              }
            ]
          },
          "sensitive_attributes": [],
          "private": "eyJlMmJmYjczMC1lY2FhLTExZTYtOGY4OC0zNDM2M2JjN2M0YzAiOnsiY3JlYXRlIjozMDAwMDAwMDAwMH19",
          "dependencies": [
            "module.mssql_rules_alerts.newrelic_alert_policy.policy"
          ]
        },
        {
          "index_key": "109",
          "schema_version": 0,
          "attributes": {
            "account_id": 4411834,
            "aggregation_delay": "120",
            "aggregation_method": "event_flow",
            "aggregation_timer": null,
            "aggregation_window": 300,
            "baseline_direction": "upper_only",
            "close_violations_on_expiration": false,
            "critical": [],
            "description": "BACKUP failed to complete the command.",
            "enabled": false,
            "entity_guid": "NDQxMTgzNHxBSU9QU3xDT05ESVRJT058NDY4Nzg3MzI",
            "evaluation_delay": null,
            "expiration_duration": 0,
            "fill_option": "none",
            "fill_value": 0,
            "id": "5862737:46878732",
            "ignore_on_expected_termination": false,
            "name": "MSSQL on Windows: Database Backup Failed To Complete",
            "nrql": [
              {
                "data_account_id": 0,
                "evaluation_offset": 0,
                "query": "FROM Log SELECT uniqueCount(message) WHERE EventID=3041 AND  message LIKE '%error%' FACET hostname",
                "since_value": ""
              }
            ],
            "open_violation_on_expiration": false,
            "policy_id": 5862737,
            "runbook_url": "https://www.example.com",
            "slide_by": null,
            "term": [],
            "timeouts": null,
            "title_template": "",
            "type": "static",
            "violation_time_limit": "ONE_HOUR",
            "violation_time_limit_seconds": 3600,
            "warning": [
              {
                "duration": 0,
                "operator": "above_or_equals",
                "threshold": 1,
                "threshold_duration": 300,
                "threshold_occurrences": "all",
                "time_function": ""
              }
            ]
          },
          "sensitive_attributes": [],
          "private": "eyJlMmJmYjczMC1lY2FhLTExZTYtOGY4OC0zNDM2M2JjN2M0YzAiOnsiY3JlYXRlIjozMDAwMDAwMDAwMH19",
          "dependencies": [
            "module.mssql_rules_alerts.newrelic_alert_policy.policy"
          ]
        },
        {
          "index_key": "11",
          "schema_version": 0,
          "attributes": {
            "account_id": 4411834,
            "aggregation_delay": "120",
            "aggregation_method": "event_flow",
            "aggregation_timer": null,
            "aggregation_window": 300,
            "baseline_direction": "upper_only",
            "close_violations_on_expiration": false,
            "critical": [],
            "description": "The rule is triggered when an application domain fails to unload because of some error. The Windows application log may contain information about the original error code and other diagnostic details.",
            "enabled": false,
            "entity_guid": "NDQxMTgzNHxBSU9QU3xDT05ESVRJT058NDY4Nzg4MTI",
            "evaluation_delay": null,
            "expiration_duration": 0,
            "fill_option": "none",
            "fill_value": 0,
            "id": "5862737:46878812",
            "ignore_on_expected_termination": false,
            "name": "MSSQL on Windows: AppDomain failed to unload with error code",
            "nrql": [
              {
                "data_account_id": 0,
                "evaluation_offset": 0,
                "query": "FROM Log SELECT uniqueCount(message) WHERE EventID=6291 AND message LIKE '%error%' FACET hostname",
                "since_value": ""
              }
            ],
            "open_violation_on_expiration": false,
            "policy_id": 5862737,
            "runbook_url": "https://www.example.com",
            "slide_by": null,
            "term": [],
            "timeouts": null,
            "title_template": "",
            "type": "static",
            "violation_time_limit": "ONE_HOUR",
            "violation_time_limit_seconds": 3600,
            "warning": [
              {
                "duration": 0,
                "operator": "above_or_equals",
                "threshold": 1,
                "threshold_duration": 300,
                "threshold_occurrences": "all",
                "time_function": ""
              }
            ]
          },
          "sensitive_attributes": [],
          "private": "eyJlMmJmYjczMC1lY2FhLTExZTYtOGY4OC0zNDM2M2JjN2M0YzAiOnsiY3JlYXRlIjozMDAwMDAwMDAwMH19",
          "dependencies": [
            "module.mssql_rules_alerts.newrelic_alert_policy.policy"
          ]
        },
        {
          "index_key": "110",
          "schema_version": 0,
          "attributes": {
            "account_id": 4411834,
            "aggregation_delay": "120",
            "aggregation_method": "event_flow",
            "aggregation_timer": null,
            "aggregation_window": 300,
            "baseline_direction": "upper_only",
            "close_violations_on_expiration": false,
            "critical": [],
            "description": "This is an internal query processor error.",
            "enabled": false,
            "entity_guid": "NDQxMTgzNHxBSU9QU3xDT05ESVRJT058NDY4Nzg3OTM",
            "evaluation_delay": null,
            "expiration_duration": 0,
            "fill_option": "none",
            "fill_value": 0,
            "id": "5862737:46878793",
            "ignore_on_expected_termination": false,
            "name": "MSSQL on Windows: Internal Query Processor Error: The query processor encountered an internal limit overflow",
            "nrql": [
              {
                "data_account_id": 0,
                "evaluation_offset": 0,
                "query": "FROM Log SELECT uniqueCount(message) WHERE EventID=8620 AND  message LIKE '%error%' FACET hostname",
                "since_value": ""
              }
            ],
            "open_violation_on_expiration": false,
            "policy_id": 5862737,
            "runbook_url": "https://www.example.com",
            "slide_by": null,
            "term": [],
            "timeouts": null,
            "title_template": "",
            "type": "static",
            "violation_time_limit": "ONE_HOUR",
            "violation_time_limit_seconds": 3600,
            "warning": [
              {
                "duration": 0,
                "operator": "above_or_equals",
                "threshold": 1,
                "threshold_duration": 300,
                "threshold_occurrences": "all",
                "time_function": ""
              }
            ]
          },
          "sensitive_attributes": [],
          "private": "eyJlMmJmYjczMC1lY2FhLTExZTYtOGY4OC0zNDM2M2JjN2M0YzAiOnsiY3JlYXRlIjozMDAwMDAwMDAwMH19",
          "dependencies": [
            "module.mssql_rules_alerts.newrelic_alert_policy.policy"
          ]
        },
        {
          "index_key": "111",
          "schema_version": 0,
          "attributes": {
            "account_id": 4411834,
            "aggregation_delay": "120",
            "aggregation_method": "event_flow",
            "aggregation_timer": null,
            "aggregation_window": 300,
            "baseline_direction": "upper_only",
            "close_violations_on_expiration": false,
            "critical": [],
            "description": "This is an internal query processor error.",
            "enabled": false,
            "entity_guid": "NDQxMTgzNHxBSU9QU3xDT05ESVRJT058NDY4ODcxNzU",
            "evaluation_delay": null,
            "expiration_duration": 0,
            "fill_option": "none",
            "fill_value": 0,
            "id": "5862737:46887175",
            "ignore_on_expected_termination": false,
            "name": "MSSQL on Windows: Internal Query Processor Error: The query processor encountered an internal limit overflow",
            "nrql": [
              {
                "data_account_id": 0,
                "evaluation_offset": 0,
                "query": "FROM Log SELECT uniqueCount(message) WHERE EventID=8670 AND  message LIKE '%error%' FACET hostName",
                "since_value": ""
              }
            ],
            "open_violation_on_expiration": false,
            "policy_id": 5862737,
            "runbook_url": "https://www.example.com",
            "slide_by": null,
            "term": [],
            "timeouts": null,
            "title_template": "",
            "type": "static",
            "violation_time_limit": "ONE_HOUR",
            "violation_time_limit_seconds": 3600,
            "warning": [
              {
                "duration": 0,
                "operator": "above_or_equals",
                "threshold": 1,
                "threshold_duration": 300,
                "threshold_occurrences": "all",
                "time_function": ""
              }
            ]
          },
          "sensitive_attributes": [],
          "private": "eyJlMmJmYjczMC1lY2FhLTExZTYtOGY4OC0zNDM2M2JjN2M0YzAiOnsiY3JlYXRlIjozMDAwMDAwMDAwMH19",
          "dependencies": [
            "module.mssql_rules_alerts.newrelic_alert_policy.policy"
          ]
        },
        {
          "index_key": "12",
          "schema_version": 0,
          "attributes": {
            "account_id": 4411834,
            "aggregation_delay": "120",
            "aggregation_method": "event_flow",
            "aggregation_timer": null,
            "aggregation_window": 300,
            "baseline_direction": "upper_only",
            "close_violations_on_expiration": false,
            "critical": [],
            "description": "When Service Broker transport security uses SSPI, the service account for the remote database must have the CONNECT permission in the master database. The remote SQL Server instance should allow Windows Authentication for the account being used by the remote host. There are no requirements for the login to have other permissions or to own objects in any database.",
            "enabled": false,
            "entity_guid": "NDQxMTgzNHxBSU9QU3xDT05ESVRJT058NDY4Nzg4MzU",
            "evaluation_delay": null,
            "expiration_duration": 0,
            "fill_option": "none",
            "fill_value": 0,
            "id": "5862737:46878835",
            "ignore_on_expected_termination": false,
            "name": "MSSQL on Windows: A security (SSPI) error occurred when connecting to another Service Broker or Database Mirroring host",
            "nrql": [
              {
                "data_account_id": 0,
                "evaluation_offset": 0,
                "query": "FROM Log SELECT uniqueCount(message) WHERE EventID=9649 AND message LIKE '%error%' FACET hostname",
                "since_value": ""
              }
            ],
            "open_violation_on_expiration": false,
            "policy_id": 5862737,
            "runbook_url": "https://www.example.com",
            "slide_by": null,
            "term": [],
            "timeouts": null,
            "title_template": "",
            "type": "static",
            "violation_time_limit": "ONE_HOUR",
            "violation_time_limit_seconds": 3600,
            "warning": [
              {
                "duration": 0,
                "operator": "above_or_equals",
                "threshold": 1,
                "threshold_duration": 300,
                "threshold_occurrences": "all",
                "time_function": ""
              }
            ]
          },
          "sensitive_attributes": [],
          "private": "eyJlMmJmYjczMC1lY2FhLTExZTYtOGY4OC0zNDM2M2JjN2M0YzAiOnsiY3JlYXRlIjozMDAwMDAwMDAwMH19",
          "dependencies": [
            "module.mssql_rules_alerts.newrelic_alert_policy.policy"
          ]
        },
        {
          "index_key": "13",
          "schema_version": 0,
          "attributes": {
            "account_id": 4411834,
            "aggregation_delay": "120",
            "aggregation_method": "event_flow",
            "aggregation_timer": null,
            "aggregation_window": 300,
            "baseline_direction": "upper_only",
            "close_violations_on_expiration": false,
            "critical": [],
            "description": "The rule triggers an alert when a SQL Server Service Broker conversation has been closed due to an error.",
            "enabled": false,
            "entity_guid": "NDQxMTgzNHxBSU9QU3xDT05ESVRJT058NDY4Nzg3Njc",
            "evaluation_delay": null,
            "expiration_duration": 0,
            "fill_option": "none",
            "fill_value": 0,
            "id": "5862737:46878767",
            "ignore_on_expected_termination": false,
            "name": "MSSQL on Windows: A SQL Server Service Broker conversation has been closed due to an error",
            "nrql": [
              {
                "data_account_id": 0,
                "evaluation_offset": 0,
                "query": "FROM Log SELECT uniqueCount(message) WHERE EventID=9761 AND message LIKE '%error%' FACET hostname",
                "since_value": ""
              }
            ],
            "open_violation_on_expiration": false,
            "policy_id": 5862737,
            "runbook_url": "https://www.example.com",
            "slide_by": null,
            "term": [],
            "timeouts": null,
            "title_template": "",
            "type": "static",
            "violation_time_limit": "ONE_HOUR",
            "violation_time_limit_seconds": 3600,
            "warning": [
              {
                "duration": 0,
                "operator": "above_or_equals",
                "threshold": 1,
                "threshold_duration": 300,
                "threshold_occurrences": "all",
                "time_function": ""
              }
            ]
          },
          "sensitive_attributes": [],
          "private": "eyJlMmJmYjczMC1lY2FhLTExZTYtOGY4OC0zNDM2M2JjN2M0YzAiOnsiY3JlYXRlIjozMDAwMDAwMDAwMH19",
          "dependencies": [
            "module.mssql_rules_alerts.newrelic_alert_policy.policy"
          ]
        },
        {
          "index_key": "14",
          "schema_version": 0,
          "attributes": {
            "account_id": 4411834,
            "aggregation_delay": "120",
            "aggregation_method": "event_flow",
            "aggregation_timer": null,
            "aggregation_window": 300,
            "baseline_direction": "upper_only",
            "close_violations_on_expiration": false,
            "critical": [],
            "description": "The rule triggers an alert when the SQL Server Service Broker cryptographic operation fails.",
            "enabled": false,
            "entity_guid": "NDQxMTgzNHxBSU9QU3xDT05ESVRJT058NDY4Nzg3NzQ",
            "evaluation_delay": null,
            "expiration_duration": 0,
            "fill_option": "none",
            "fill_value": 0,
            "id": "5862737:46878774",
            "ignore_on_expected_termination": false,
            "name": "MSSQL on Windows: SQL Server Service Broker cryptographic operation failed",
            "nrql": [
              {
                "data_account_id": 0,
                "evaluation_offset": 0,
                "query": "FROM Log SELECT uniqueCount(message) WHERE EventID=9641 AND message LIKE '%error%' FACET hostname",
                "since_value": ""
              }
            ],
            "open_violation_on_expiration": false,
            "policy_id": 5862737,
            "runbook_url": "https://www.example.com",
            "slide_by": null,
            "term": [],
            "timeouts": null,
            "title_template": "",
            "type": "static",
            "violation_time_limit": "ONE_HOUR",
            "violation_time_limit_seconds": 3600,
            "warning": [
              {
                "duration": 0,
                "operator": "above_or_equals",
                "threshold": 1,
                "threshold_duration": 300,
                "threshold_occurrences": "all",
                "time_function": ""
              }
            ]
          },
          "sensitive_attributes": [],
          "private": "eyJlMmJmYjczMC1lY2FhLTExZTYtOGY4OC0zNDM2M2JjN2M0YzAiOnsiY3JlYXRlIjozMDAwMDAwMDAwMH19",
          "dependencies": [
            "module.mssql_rules_alerts.newrelic_alert_policy.policy"
          ]
        },
        {
          "index_key": "15",
          "schema_version": 0,
          "attributes": {
            "account_id": 4411834,
            "aggregation_delay": "120",
            "aggregation_method": "event_flow",
            "aggregation_timer": null,
            "aggregation_window": 300,
            "baseline_direction": "upper_only",
            "close_violations_on_expiration": false,
            "critical": [],
            "description": "This error occurs when SQL Server detects that the allocation unit as stored on a database page does not match the allocation unit associated with a specific operation, such as running a SELECT statement against a table.",
            "enabled": false,
            "entity_guid": "NDQxMTgzNHxBSU9QU3xDT05ESVRJT058NDY4Nzg4MjM",
            "evaluation_delay": null,
            "expiration_duration": 0,
            "fill_option": "none",
            "fill_value": 0,
            "id": "5862737:46878823",
            "ignore_on_expected_termination": false,
            "name": "MSSQL on Windows: Attempt to fetch logical page that belongs to different object",
            "nrql": [
              {
                "data_account_id": 0,
                "evaluation_offset": 0,
                "query": "FROM Log SELECT uniqueCount(message) WHERE EventID=605 AND message LIKE '%error%' FACET hostname",
                "since_value": ""
              }
            ],
            "open_violation_on_expiration": false,
            "policy_id": 5862737,
            "runbook_url": "https://www.example.com",
            "slide_by": null,
            "term": [],
            "timeouts": null,
            "title_template": "",
            "type": "static",
            "violation_time_limit": "ONE_HOUR",
            "violation_time_limit_seconds": 3600,
            "warning": [
              {
                "duration": 0,
                "operator": "above_or_equals",
                "threshold": 1,
                "threshold_duration": 300,
                "threshold_occurrences": "all",
                "time_function": ""
              }
            ]
          },
          "sensitive_attributes": [],
          "private": "eyJlMmJmYjczMC1lY2FhLTExZTYtOGY4OC0zNDM2M2JjN2M0YzAiOnsiY3JlYXRlIjozMDAwMDAwMDAwMH19",
          "dependencies": [
            "module.mssql_rules_alerts.newrelic_alert_policy.policy"
          ]
        },
        {
          "index_key": "16",
          "schema_version": 0,
          "attributes": {
            "account_id": 4411834,
            "aggregation_delay": "120",
            "aggregation_method": "event_flow",
            "aggregation_timer": null,
            "aggregation_window": 300,
            "baseline_direction": "upper_only",
            "close_violations_on_expiration": false,
            "critical": [],
            "description": "The rule triggers an alert when SQL Server cannot use Address Windowing Extensions because the 'lock pages in memory' privilege was not granted.",
            "enabled": false,
            "entity_guid": "NDQxMTgzNHxBSU9QU3xDT05ESVRJT058NDY4Nzg4MzI",
            "evaluation_delay": null,
            "expiration_duration": 0,
            "fill_option": "none",
            "fill_value": 0,
            "id": "5862737:46878832",
            "ignore_on_expected_termination": false,
            "name": "MSSQL on Windows: Could not use Address Windowing Extensions because 'lock pages in memory' privilege was not granted",
            "nrql": [
              {
                "data_account_id": 0,
                "evaluation_offset": 0,
                "query": "FROM Log SELECT uniqueCount(message) WHERE EventID=17179 AND message LIKE '%error%' FACET hostname",
                "since_value": ""
              }
            ],
            "open_violation_on_expiration": false,
            "policy_id": 5862737,
            "runbook_url": "https://www.example.com",
            "slide_by": null,
            "term": [],
            "timeouts": null,
            "title_template": "",
            "type": "static",
            "violation_time_limit": "ONE_HOUR",
            "violation_time_limit_seconds": 3600,
            "warning": [
              {
                "duration": 0,
                "operator": "above_or_equals",
                "threshold": 1,
                "threshold_duration": 300,
                "threshold_occurrences": "all",
                "time_function": ""
              }
            ]
          },
          "sensitive_attributes": [],
          "private": "eyJlMmJmYjczMC1lY2FhLTExZTYtOGY4OC0zNDM2M2JjN2M0YzAiOnsiY3JlYXRlIjozMDAwMDAwMDAwMH19",
          "dependencies": [
            "module.mssql_rules_alerts.newrelic_alert_policy.policy"
          ]
        },
        {
          "index_key": "17",
          "schema_version": 0,
          "attributes": {
            "account_id": 4411834,
            "aggregation_delay": "120",
            "aggregation_method": "event_flow",
            "aggregation_timer": null,
            "aggregation_window": 300,
            "baseline_direction": "upper_only",
            "close_violations_on_expiration": false,
            "critical": [],
            "description": "This message indicates that the operating system was unable to open or close a backup device (disk, tape, or pipe) specified as part of a BACKUP or RESTORE command. For more information on backup devices, refer to the Docs Online topics, 'Backup Devices' and 'BACKUP.'",
            "enabled": false,
            "entity_guid": "NDQxMTgzNHxBSU9QU3xDT05ESVRJT058NDY4Nzg3NDY",
            "evaluation_delay": null,
            "expiration_duration": 0,
            "fill_option": "none",
            "fill_value": 0,
            "id": "5862737:46878746",
            "ignore_on_expected_termination": false,
            "name": "MSSQL on Windows: Backup device failed - Operating system error",
            "nrql": [
              {
                "data_account_id": 0,
                "evaluation_offset": 0,
                "query": "FROM Log SELECT uniqueCount(message) WHERE EventID=18204 AND message LIKE '%error%' FACET hostname",
                "since_value": ""
              }
            ],
            "open_violation_on_expiration": false,
            "policy_id": 5862737,
            "runbook_url": "https://www.example.com",
            "slide_by": null,
            "term": [],
            "timeouts": null,
            "title_template": "",
            "type": "static",
            "violation_time_limit": "ONE_HOUR",
            "violation_time_limit_seconds": 3600,
            "warning": [
              {
                "duration": 0,
                "operator": "above_or_equals",
                "threshold": 1,
                "threshold_duration": 300,
                "threshold_occurrences": "all",
                "time_function": ""
              }
            ]
          },
          "sensitive_attributes": [],
          "private": "eyJlMmJmYjczMC1lY2FhLTExZTYtOGY4OC0zNDM2M2JjN2M0YzAiOnsiY3JlYXRlIjozMDAwMDAwMDAwMH19",
          "dependencies": [
            "module.mssql_rules_alerts.newrelic_alert_policy.policy"
          ]
        },
        {
          "index_key": "18",
          "schema_version": 0,
          "attributes": {
            "account_id": 4411834,
            "aggregation_delay": "120",
            "aggregation_method": "event_flow",
            "aggregation_timer": null,
            "aggregation_window": 300,
            "baseline_direction": "upper_only",
            "close_violations_on_expiration": false,
            "critical": [],
            "description": "The specified transaction log file has run out of free space.",
            "enabled": false,
            "entity_guid": "NDQxMTgzNHxBSU9QU3xDT05ESVRJT058NDY4Nzg4MzM",
            "evaluation_delay": null,
            "expiration_duration": 0,
            "fill_option": "none",
            "fill_value": 0,
            "id": "5862737:46878833",
            "ignore_on_expected_termination": false,
            "name": "MSSQL on Windows: Database log file is full. Back up the transaction log for the database to free up some log space",
            "nrql": [
              {
                "data_account_id": 0,
                "evaluation_offset": 0,
                "query": "FROM Log SELECT uniqueCount(message) WHERE EventID=9002 AND message LIKE '%error%' FACET hostname",
                "since_value": ""
              }
            ],
            "open_violation_on_expiration": false,
            "policy_id": 5862737,
            "runbook_url": "https://www.example.com",
            "slide_by": null,
            "term": [],
            "timeouts": null,
            "title_template": "",
            "type": "static",
            "violation_time_limit": "ONE_HOUR",
            "violation_time_limit_seconds": 3600,
            "warning": [
              {
                "duration": 0,
                "operator": "above_or_equals",
                "threshold": 1,
                "threshold_duration": 300,
                "threshold_occurrences": "all",
                "time_function": ""
              }
            ]
          },
          "sensitive_attributes": [],
          "private": "eyJlMmJmYjczMC1lY2FhLTExZTYtOGY4OC0zNDM2M2JjN2M0YzAiOnsiY3JlYXRlIjozMDAwMDAwMDAwMH19",
          "dependencies": [
            "module.mssql_rules_alerts.newrelic_alert_policy.policy"
          ]
        },
        {
          "index_key": "19",
          "schema_version": 0,
          "attributes": {
            "account_id": 4411834,
            "aggregation_delay": "120",
            "aggregation_method": "event_flow",
            "aggregation_timer": null,
            "aggregation_window": 300,
            "baseline_direction": "upper_only",
            "close_violations_on_expiration": false,
            "critical": [],
            "description": "The tempdb database could not be opened.",
            "enabled": false,
            "entity_guid": "NDQxMTgzNHxBSU9QU3xDT05ESVRJT058NDY4Nzg3MzE",
            "evaluation_delay": null,
            "expiration_duration": 0,
            "fill_option": "none",
            "fill_value": 0,
            "id": "5862737:46878731",
            "ignore_on_expected_termination": false,
            "name": "MSSQL on Windows: Could not open tempdb. Cannot continue",
            "nrql": [
              {
                "data_account_id": 0,
                "evaluation_offset": 0,
                "query": "FROM Log SELECT uniqueCount(message) WHERE EventID=1619 AND message LIKE '%error%' FACET hostname",
                "since_value": ""
              }
            ],
            "open_violation_on_expiration": false,
            "policy_id": 5862737,
            "runbook_url": "https://www.example.com",
            "slide_by": null,
            "term": [],
            "timeouts": null,
            "title_template": "",
            "type": "static",
            "violation_time_limit": "ONE_HOUR",
            "violation_time_limit_seconds": 3600,
            "warning": [
              {
                "duration": 0,
                "operator": "above_or_equals",
                "threshold": 1,
                "threshold_duration": 300,
                "threshold_occurrences": "all",
                "time_function": ""
              }
            ]
          },
          "sensitive_attributes": [],
          "private": "eyJlMmJmYjczMC1lY2FhLTExZTYtOGY4OC0zNDM2M2JjN2M0YzAiOnsiY3JlYXRlIjozMDAwMDAwMDAwMH19",
          "dependencies": [
            "module.mssql_rules_alerts.newrelic_alert_policy.policy"
          ]
        },
        {
          "index_key": "2",
          "schema_version": 0,
          "attributes": {
            "account_id": 4411834,
            "aggregation_delay": "120",
            "aggregation_method": "event_flow",
            "aggregation_timer": null,
            "aggregation_window": 300,
            "baseline_direction": "upper_only",
            "close_violations_on_expiration": false,
            "critical": [],
            "description": "The rule triggers an alert when an error occurs in the SQL Server Service Broker manager.",
            "enabled": false,
            "entity_guid": "NDQxMTgzNHxBSU9QU3xDT05ESVRJT058NDY4Nzg4MTU",
            "evaluation_delay": null,
            "expiration_duration": 0,
            "fill_option": "none",
            "fill_value": 0,
            "id": "5862737:46878815",
            "ignore_on_expected_termination": false,
            "name": "MSSQL on Windows: An error occurred in the Service Broker manager",
            "nrql": [
              {
                "data_account_id": 0,
                "evaluation_offset": 0,
                "query": "FROM Log SELECT uniqueCount(message) WHERE EventID=9645 AND message LIKE '%error%' FACET hostname",
                "since_value": ""
              }
            ],
            "open_violation_on_expiration": false,
            "policy_id": 5862737,
            "runbook_url": "https://www.example.com",
            "slide_by": null,
            "term": [],
            "timeouts": null,
            "title_template": "",
            "type": "static",
            "violation_time_limit": "ONE_HOUR",
            "violation_time_limit_seconds": 3600,
            "warning": [
              {
                "duration": 0,
                "operator": "above_or_equals",
                "threshold": 1,
                "threshold_duration": 300,
                "threshold_occurrences": "all",
                "time_function": ""
              }
            ]
          },
          "sensitive_attributes": [],
          "private": "eyJlMmJmYjczMC1lY2FhLTExZTYtOGY4OC0zNDM2M2JjN2M0YzAiOnsiY3JlYXRlIjozMDAwMDAwMDAwMH19",
          "dependencies": [
            "module.mssql_rules_alerts.newrelic_alert_policy.policy"
          ]
        },
        {
          "index_key": "20",
          "schema_version": 0,
          "attributes": {
            "account_id": 4411834,
            "aggregation_delay": "120",
            "aggregation_method": "event_flow",
            "aggregation_timer": null,
            "aggregation_window": 300,
            "baseline_direction": "upper_only",
            "close_violations_on_expiration": false,
            "critical": [],
            "description": "SQL Server cannot create a file because the file already exists.",
            "enabled": false,
            "entity_guid": "NDQxMTgzNHxBSU9QU3xDT05ESVRJT058NDY4Nzg3NzM",
            "evaluation_delay": null,
            "expiration_duration": 0,
            "fill_option": "none",
            "fill_value": 0,
            "id": "5862737:46878773",
            "ignore_on_expected_termination": false,
            "name": "MSSQL on Windows: Cannot create file",
            "nrql": [
              {
                "data_account_id": 0,
                "evaluation_offset": 0,
                "query": "FROM Log SELECT uniqueCount(message) WHERE EventID=5123 AND message LIKE '%error%' FACET hostname",
                "since_value": ""
              }
            ],
            "open_violation_on_expiration": false,
            "policy_id": 5862737,
            "runbook_url": "https://www.example.com",
            "slide_by": null,
            "term": [],
            "timeouts": null,
            "title_template": "",
            "type": "static",
            "violation_time_limit": "ONE_HOUR",
            "violation_time_limit_seconds": 3600,
            "warning": [
              {
                "duration": 0,
                "operator": "above_or_equals",
                "threshold": 1,
                "threshold_duration": 300,
                "threshold_occurrences": "all",
                "time_function": ""
              }
            ]
          },
          "sensitive_attributes": [],
          "private": "eyJlMmJmYjczMC1lY2FhLTExZTYtOGY4OC0zNDM2M2JjN2M0YzAiOnsiY3JlYXRlIjozMDAwMDAwMDAwMH19",
          "dependencies": [
            "module.mssql_rules_alerts.newrelic_alert_policy.policy"
          ]
        },
        {
          "index_key": "21",
          "schema_version": 0,
          "attributes": {
            "account_id": 4411834,
            "aggregation_delay": "120",
            "aggregation_method": "event_flow",
            "aggregation_timer": null,
            "aggregation_window": 300,
            "baseline_direction": "upper_only",
            "close_violations_on_expiration": false,
            "critical": [],
            "description": "The rule triggers an alert when service broker fails to start the activation manager.",
            "enabled": false,
            "entity_guid": "NDQxMTgzNHxBSU9QU3xDT05ESVRJT058NDY4Nzg3MzM",
            "evaluation_delay": null,
            "expiration_duration": 0,
            "fill_option": "none",
            "fill_value": 0,
            "id": "5862737:46878733",
            "ignore_on_expected_termination": false,
            "name": "MSSQL on Windows: Cannot start service broker activation manager",
            "nrql": [
              {
                "data_account_id": 0,
                "evaluation_offset": 0,
                "query": "FROM Log SELECT uniqueCount(message) WHERE EventID=9701 AND message LIKE '%error%' FACET hostname",
                "since_value": ""
              }
            ],
            "open_violation_on_expiration": false,
            "policy_id": 5862737,
            "runbook_url": "https://www.example.com",
            "slide_by": null,
            "term": [],
            "timeouts": null,
            "title_template": "",
            "type": "static",
            "violation_time_limit": "ONE_HOUR",
            "violation_time_limit_seconds": 3600,
            "warning": [
              {
                "duration": 0,
                "operator": "above_or_equals",
                "threshold": 1,
                "threshold_duration": 300,
                "threshold_occurrences": "all",
                "time_function": ""
              }
            ]
          },
          "sensitive_attributes": [],
          "private": "eyJlMmJmYjczMC1lY2FhLTExZTYtOGY4OC0zNDM2M2JjN2M0YzAiOnsiY3JlYXRlIjozMDAwMDAwMDAwMH19",
          "dependencies": [
            "module.mssql_rules_alerts.newrelic_alert_policy.policy"
          ]
        },
        {
          "index_key": "22",
          "schema_version": 0,
          "attributes": {
            "account_id": 4411834,
            "aggregation_delay": "120",
            "aggregation_method": "event_flow",
            "aggregation_timer": null,
            "aggregation_window": 300,
            "baseline_direction": "upper_only",
            "close_violations_on_expiration": false,
            "critical": [],
            "description": "The rule triggers an alert when SQL Server cannot start the service broker manager.",
            "enabled": false,
            "entity_guid": "NDQxMTgzNHxBSU9QU3xDT05ESVRJT058NDY4Nzg3NDE",
            "evaluation_delay": null,
            "expiration_duration": 0,
            "fill_option": "none",
            "fill_value": 0,
            "id": "5862737:46878741",
            "ignore_on_expected_termination": false,
            "name": "MSSQL on Windows: Cannot start service broker manager",
            "nrql": [
              {
                "data_account_id": 0,
                "evaluation_offset": 0,
                "query": "FROM Log SELECT uniqueCount(message) WHERE EventID=9694 AND message LIKE '%error%' FACET hostname",
                "since_value": ""
              }
            ],
            "open_violation_on_expiration": false,
            "policy_id": 5862737,
            "runbook_url": "https://www.example.com",
            "slide_by": null,
            "term": [],
            "timeouts": null,
            "title_template": "",
            "type": "static",
            "violation_time_limit": "ONE_HOUR",
            "violation_time_limit_seconds": 3600,
            "warning": [
              {
                "duration": 0,
                "operator": "above_or_equals",
                "threshold": 1,
                "threshold_duration": 300,
                "threshold_occurrences": "all",
                "time_function": ""
              }
            ]
          },
          "sensitive_attributes": [],
          "private": "eyJlMmJmYjczMC1lY2FhLTExZTYtOGY4OC0zNDM2M2JjN2M0YzAiOnsiY3JlYXRlIjozMDAwMDAwMDAwMH19",
          "dependencies": [
            "module.mssql_rules_alerts.newrelic_alert_policy.policy"
          ]
        },
        {
          "index_key": "23",
          "schema_version": 0,
          "attributes": {
            "account_id": 4411834,
            "aggregation_delay": "120",
            "aggregation_method": "event_flow",
            "aggregation_timer": null,
            "aggregation_window": 300,
            "baseline_direction": "upper_only",
            "close_violations_on_expiration": false,
            "critical": [],
            "description": "The rule triggers an alert when SQL Server cannot start the service broker manager due to the operating system error.",
            "enabled": false,
            "entity_guid": "NDQxMTgzNHxBSU9QU3xDT05ESVRJT058NDY4Nzg3NjY",
            "evaluation_delay": null,
            "expiration_duration": 0,
            "fill_option": "none",
            "fill_value": 0,
            "id": "5862737:46878766",
            "ignore_on_expected_termination": false,
            "name": "MSSQL on Windows: Cannot start service broker manager due to operating system error",
            "nrql": [
              {
                "data_account_id": 0,
                "evaluation_offset": 0,
                "query": "FROM Log SELECT uniqueCount(message) WHERE EventID=28002 AND message LIKE '%error%' FACET hostname",
                "since_value": ""
              }
            ],
            "open_violation_on_expiration": false,
            "policy_id": 5862737,
            "runbook_url": "https://www.example.com",
            "slide_by": null,
            "term": [],
            "timeouts": null,
            "title_template": "",
            "type": "static",
            "violation_time_limit": "ONE_HOUR",
            "violation_time_limit_seconds": 3600,
            "warning": [
              {
                "duration": 0,
                "operator": "above_or_equals",
                "threshold": 1,
                "threshold_duration": 300,
                "threshold_occurrences": "all",
                "time_function": ""
              }
            ]
          },
          "sensitive_attributes": [],
          "private": "eyJlMmJmYjczMC1lY2FhLTExZTYtOGY4OC0zNDM2M2JjN2M0YzAiOnsiY3JlYXRlIjozMDAwMDAwMDAwMH19",
          "dependencies": [
            "module.mssql_rules_alerts.newrelic_alert_policy.policy"
          ]
        },
        {
          "index_key": "24",
          "schema_version": 0,
          "attributes": {
            "account_id": 4411834,
            "aggregation_delay": "120",
            "aggregation_method": "event_flow",
            "aggregation_timer": null,
            "aggregation_window": 300,
            "baseline_direction": "upper_only",
            "close_violations_on_expiration": false,
            "critical": [],
            "description": "Service Broker security manager could not start.",
            "enabled": false,
            "entity_guid": "NDQxMTgzNHxBSU9QU3xDT05ESVRJT058NDY4Nzg3Njg",
            "evaluation_delay": null,
            "expiration_duration": 0,
            "fill_option": "none",
            "fill_value": 0,
            "id": "5862737:46878768",
            "ignore_on_expected_termination": false,
            "name": "MSSQL on Windows: Cannot start service broker security manager",
            "nrql": [
              {
                "data_account_id": 0,
                "evaluation_offset": 0,
                "query": "FROM Log SELECT uniqueCount(message) WHERE EventID=9698 AND message LIKE '%error%' FACET hostname",
                "since_value": ""
              }
            ],
            "open_violation_on_expiration": false,
            "policy_id": 5862737,
            "runbook_url": "https://www.example.com",
            "slide_by": null,
            "term": [],
            "timeouts": null,
            "title_template": "",
            "type": "static",
            "violation_time_limit": "ONE_HOUR",
            "violation_time_limit_seconds": 3600,
            "warning": [
              {
                "duration": 0,
                "operator": "above_or_equals",
                "threshold": 1,
                "threshold_duration": 300,
                "threshold_occurrences": "all",
                "time_function": ""
              }
            ]
          },
          "sensitive_attributes": [],
          "private": "eyJlMmJmYjczMC1lY2FhLTExZTYtOGY4OC0zNDM2M2JjN2M0YzAiOnsiY3JlYXRlIjozMDAwMDAwMDAwMH19",
          "dependencies": [
            "module.mssql_rules_alerts.newrelic_alert_policy.policy"
          ]
        },
        {
          "index_key": "25",
          "schema_version": 0,
          "attributes": {
            "account_id": 4411834,
            "aggregation_delay": "120",
            "aggregation_method": "event_flow",
            "aggregation_timer": null,
            "aggregation_window": 300,
            "baseline_direction": "upper_only",
            "close_violations_on_expiration": false,
            "critical": [],
            "description": "The rule triggers an alert when SQL Server cannot start Service Broker on a database.",
            "enabled": false,
            "entity_guid": "NDQxMTgzNHxBSU9QU3xDT05ESVRJT058NDY4Nzg4MDc",
            "evaluation_delay": null,
            "expiration_duration": 0,
            "fill_option": "none",
            "fill_value": 0,
            "id": "5862737:46878807",
            "ignore_on_expected_termination": false,
            "name": "MSSQL on Windows: Cannot start SQL Server Service Broker on a database",
            "nrql": [
              {
                "data_account_id": 0,
                "evaluation_offset": 0,
                "query": "FROM Log SELECT uniqueCount(message) WHERE EventID=9697 AND message LIKE '%error%' FACET hostname",
                "since_value": ""
              }
            ],
            "open_violation_on_expiration": false,
            "policy_id": 5862737,
            "runbook_url": "https://www.example.com",
            "slide_by": null,
            "term": [],
            "timeouts": null,
            "title_template": "",
            "type": "static",
            "violation_time_limit": "ONE_HOUR",
            "violation_time_limit_seconds": 3600,
            "warning": [
              {
                "duration": 0,
                "operator": "above_or_equals",
                "threshold": 1,
                "threshold_duration": 300,
                "threshold_occurrences": "all",
                "time_function": ""
              }
            ]
          },
          "sensitive_attributes": [],
          "private": "eyJlMmJmYjczMC1lY2FhLTExZTYtOGY4OC0zNDM2M2JjN2M0YzAiOnsiY3JlYXRlIjozMDAwMDAwMDAwMH19",
          "dependencies": [
            "module.mssql_rules_alerts.newrelic_alert_policy.policy"
          ]
        },
        {
          "index_key": "26",
          "schema_version": 0,
          "attributes": {
            "account_id": 4411834,
            "aggregation_delay": "120",
            "aggregation_method": "event_flow",
            "aggregation_timer": null,
            "aggregation_window": 300,
            "baseline_direction": "upper_only",
            "close_violations_on_expiration": false,
            "critical": [],
            "description": "Possibly tempdb out of space or a system table is inconsistent. Check previous errors.",
            "enabled": false,
            "entity_guid": "NDQxMTgzNHxBSU9QU3xDT05ESVRJT058NDY4Nzg3Nzk",
            "evaluation_delay": null,
            "expiration_duration": 0,
            "fill_option": "none",
            "fill_value": 0,
            "id": "5862737:46878779",
            "ignore_on_expected_termination": false,
            "name": "MSSQL on Windows: CHECKTABLE terminated. A failure was detected while collecting facts.",
            "nrql": [
              {
                "data_account_id": 0,
                "evaluation_offset": 0,
                "query": "FROM Log SELECT uniqueCount(message) WHERE EventID=8921 AND message LIKE '%error%' FACET hostname",
                "since_value": ""
              }
            ],
            "open_violation_on_expiration": false,
            "policy_id": 5862737,
            "runbook_url": "https://www.example.com",
            "slide_by": null,
            "term": [],
            "timeouts": null,
            "title_template": "",
            "type": "static",
            "violation_time_limit": "ONE_HOUR",
            "violation_time_limit_seconds": 3600,
            "warning": [
              {
                "duration": 0,
                "operator": "above_or_equals",
                "threshold": 1,
                "threshold_duration": 300,
                "threshold_occurrences": "all",
                "time_function": ""
              }
            ]
          },
          "sensitive_attributes": [],
          "private": "eyJlMmJmYjczMC1lY2FhLTExZTYtOGY4OC0zNDM2M2JjN2M0YzAiOnsiY3JlYXRlIjozMDAwMDAwMDAwMH19",
          "dependencies": [
            "module.mssql_rules_alerts.newrelic_alert_policy.policy"
          ]
        },
        {
          "index_key": "27",
          "schema_version": 0,
          "attributes": {
            "account_id": 4411834,
            "aggregation_delay": "120",
            "aggregation_method": "event_flow",
            "aggregation_timer": null,
            "aggregation_window": 300,
            "baseline_direction": "upper_only",
            "close_violations_on_expiration": false,
            "critical": [],
            "description": "It is detected that a database page has been unexpectedly modified while in cache (by verifying the page checksum).",
            "enabled": false,
            "entity_guid": "NDQxMTgzNHxBSU9QU3xDT05ESVRJT058NDY4Nzg3Mjk",
            "evaluation_delay": null,
            "expiration_duration": 0,
            "fill_option": "none",
            "fill_value": 0,
            "id": "5862737:46878729",
            "ignore_on_expected_termination": false,
            "name": "MSSQL on Windows: Checksum failure while page in cache",
            "nrql": [
              {
                "data_account_id": 0,
                "evaluation_offset": 0,
                "query": "FROM Log SELECT uniqueCount(message) WHERE EventID=832 AND message LIKE '%error%' FACET hostname",
                "since_value": ""
              }
            ],
            "open_violation_on_expiration": false,
            "policy_id": 5862737,
            "runbook_url": "https://www.example.com",
            "slide_by": null,
            "term": [],
            "timeouts": null,
            "title_template": "",
            "type": "static",
            "violation_time_limit": "ONE_HOUR",
            "violation_time_limit_seconds": 3600,
            "warning": [
              {
                "duration": 0,
                "operator": "above_or_equals",
                "threshold": 1,
                "threshold_duration": 300,
                "threshold_occurrences": "all",
                "time_function": ""
              }
            ]
          },
          "sensitive_attributes": [],
          "private": "eyJlMmJmYjczMC1lY2FhLTExZTYtOGY4OC0zNDM2M2JjN2M0YzAiOnsiY3JlYXRlIjozMDAwMDAwMDAwMH19",
          "dependencies": [
            "module.mssql_rules_alerts.newrelic_alert_policy.policy"
          ]
        },
        {
          "index_key": "28",
          "schema_version": 0,
          "attributes": {
            "account_id": 4411834,
            "aggregation_delay": "120",
            "aggregation_method": "event_flow",
            "aggregation_timer": null,
            "aggregation_window": 300,
            "baseline_direction": "upper_only",
            "close_violations_on_expiration": false,
            "critical": [],
            "description": "The XML is not well-formed because the element tag nesting level has exceeded the number of columns in the table, one or more tags is self-referencing, or both. For more information about FOR XML EXPLICIT, see 'Using EXPLICIT Mode' in Docs Online.",
            "enabled": false,
            "entity_guid": "NDQxMTgzNHxBSU9QU3xDT05ESVRJT058NDY4Nzg3NTg",
            "evaluation_delay": null,
            "expiration_duration": 0,
            "fill_option": "none",
            "fill_value": 0,
            "id": "5862737:46878758",
            "ignore_on_expected_termination": false,
            "name": "MSSQL on Windows: XML: FOR XML EXPLICIT stack overflow occurred.",
            "nrql": [
              {
                "data_account_id": 0,
                "evaluation_offset": 0,
                "query": "FROM Log SELECT uniqueCount(message) WHERE EventID=6805 AND message LIKE '%error%' FACET hostname",
                "since_value": ""
              }
            ],
            "open_violation_on_expiration": false,
            "policy_id": 5862737,
            "runbook_url": "https://www.example.com",
            "slide_by": null,
            "term": [],
            "timeouts": null,
            "title_template": "",
            "type": "static",
            "violation_time_limit": "ONE_HOUR",
            "violation_time_limit_seconds": 3600,
            "warning": [
              {
                "duration": 0,
                "operator": "above_or_equals",
                "threshold": 1,
                "threshold_duration": 300,
                "threshold_occurrences": "all",
                "time_function": ""
              }
            ]
          },
          "sensitive_attributes": [],
          "private": "eyJlMmJmYjczMC1lY2FhLTExZTYtOGY4OC0zNDM2M2JjN2M0YzAiOnsiY3JlYXRlIjozMDAwMDAwMDAwMH19",
          "dependencies": [
            "module.mssql_rules_alerts.newrelic_alert_policy.policy"
          ]
        },
        {
          "index_key": "29",
          "schema_version": 0,
          "attributes": {
            "account_id": 4411834,
            "aggregation_delay": "120",
            "aggregation_method": "event_flow",
            "aggregation_timer": null,
            "aggregation_window": 300,
            "baseline_direction": "upper_only",
            "close_violations_on_expiration": false,
            "critical": [],
            "description": "This installation of the Common Language Runtime (CLR) is corrupted. The CLR is installed with the Microsoft .NET Framework.",
            "enabled": false,
            "entity_guid": "NDQxMTgzNHxBSU9QU3xDT05ESVRJT058NDY4Nzg4Mjc",
            "evaluation_delay": null,
            "expiration_duration": 0,
            "fill_option": "none",
            "fill_value": 0,
            "id": "5862737:46878827",
            "ignore_on_expected_termination": false,
            "name": "MSSQL on Windows: Common Language Runtime (CLR) not installed properly",
            "nrql": [
              {
                "data_account_id": 0,
                "evaluation_offset": 0,
                "query": "FROM Log SELECT uniqueCount(message) WHERE EventID=6510 AND message LIKE '%error%' FACET hostname",
                "since_value": ""
              }
            ],
            "open_violation_on_expiration": false,
            "policy_id": 5862737,
            "runbook_url": "https://www.example.com",
            "slide_by": null,
            "term": [],
            "timeouts": null,
            "title_template": "",
            "type": "static",
            "violation_time_limit": "ONE_HOUR",
            "violation_time_limit_seconds": 3600,
            "warning": [
              {
                "duration": 0,
                "operator": "above_or_equals",
                "threshold": 1,
                "threshold_duration": 300,
                "threshold_occurrences": "all",
                "time_function": ""
              }
            ]
          },
          "sensitive_attributes": [],
          "private": "eyJlMmJmYjczMC1lY2FhLTExZTYtOGY4OC0zNDM2M2JjN2M0YzAiOnsiY3JlYXRlIjozMDAwMDAwMDAwMH19",
          "dependencies": [
            "module.mssql_rules_alerts.newrelic_alert_policy.policy"
          ]
        },
        {
          "index_key": "3",
          "schema_version": 0,
          "attributes": {
            "account_id": 4411834,
            "aggregation_delay": "120",
            "aggregation_method": "event_flow",
            "aggregation_timer": null,
            "aggregation_window": 300,
            "baseline_direction": "upper_only",
            "close_violations_on_expiration": false,
            "critical": [],
            "description": "SQL Server Service Broker raises MSSQLSERVER event ID 8405 when an error prevents Service Broker from disabling a queue during a rollback.",
            "enabled": false,
            "entity_guid": "NDQxMTgzNHxBSU9QU3xDT05ESVRJT058NDY4Nzg3ODE",
            "evaluation_delay": null,
            "expiration_duration": 0,
            "fill_option": "none",
            "fill_value": 0,
            "id": "5862737:46878781",
            "ignore_on_expected_termination": false,
            "name": "MSSQL on Windows: An error occurred in the Service Broker queue rollback handler",
            "nrql": [
              {
                "data_account_id": 0,
                "evaluation_offset": 0,
                "query": "FROM Log SELECT uniqueCount(message) WHERE EventID=8405 AND message LIKE '%error%' FACET hostname",
                "since_value": ""
              }
            ],
            "open_violation_on_expiration": false,
            "policy_id": 5862737,
            "runbook_url": "https://www.example.com",
            "slide_by": null,
            "term": [],
            "timeouts": null,
            "title_template": "",
            "type": "static",
            "violation_time_limit": "ONE_HOUR",
            "violation_time_limit_seconds": 3600,
            "warning": [
              {
                "duration": 0,
                "operator": "above_or_equals",
                "threshold": 1,
                "threshold_duration": 300,
                "threshold_occurrences": "all",
                "time_function": ""
              }
            ]
          },
          "sensitive_attributes": [],
          "private": "eyJlMmJmYjczMC1lY2FhLTExZTYtOGY4OC0zNDM2M2JjN2M0YzAiOnsiY3JlYXRlIjozMDAwMDAwMDAwMH19",
          "dependencies": [
            "module.mssql_rules_alerts.newrelic_alert_policy.policy"
          ]
        },
        {
          "index_key": "30",
          "schema_version": 0,
          "attributes": {
            "account_id": 4411834,
            "aggregation_delay": "120",
            "aggregation_method": "event_flow",
            "aggregation_timer": null,
            "aggregation_window": 300,
            "baseline_direction": "upper_only",
            "close_violations_on_expiration": false,
            "critical": [],
            "description": "This error occurs when you try to add or drop a column to a merge article, but the conflict table specified in sysmergearticles for the modified article does not actually exist in the database.",
            "enabled": false,
            "entity_guid": "NDQxMTgzNHxBSU9QU3xDT05ESVRJT058NDY4Nzg3Mjg",
            "evaluation_delay": null,
            "expiration_duration": 0,
            "fill_option": "none",
            "fill_value": 0,
            "id": "5862737:46878728",
            "ignore_on_expected_termination": false,
            "name": "MSSQL on Windows: Conflict table does not exist",
            "nrql": [
              {
                "data_account_id": 0,
                "evaluation_offset": 0,
                "query": "FROM Log SELECT uniqueCount(message) WHERE EventID=21286 AND message LIKE '%error%' FACET hostname",
                "since_value": ""
              }
            ],
            "open_violation_on_expiration": false,
            "policy_id": 5862737,
            "runbook_url": "https://www.example.com",
            "slide_by": null,
            "term": [],
            "timeouts": null,
            "title_template": "",
            "type": "static",
            "violation_time_limit": "ONE_HOUR",
            "violation_time_limit_seconds": 3600,
            "warning": [
              {
                "duration": 0,
                "operator": "above_or_equals",
                "threshold": 1,
                "threshold_duration": 300,
                "threshold_occurrences": "all",
                "time_function": ""
              }
            ]
          },
          "sensitive_attributes": [],
          "private": "eyJlMmJmYjczMC1lY2FhLTExZTYtOGY4OC0zNDM2M2JjN2M0YzAiOnsiY3JlYXRlIjozMDAwMDAwMDAwMH19",
          "dependencies": [
            "module.mssql_rules_alerts.newrelic_alert_policy.policy"
          ]
        },
        {
          "index_key": "31",
          "schema_version": 0,
          "attributes": {
            "account_id": 4411834,
            "aggregation_delay": "120",
            "aggregation_method": "event_flow",
            "aggregation_timer": null,
            "aggregation_window": 300,
            "baseline_direction": "upper_only",
            "close_violations_on_expiration": false,
            "critical": [],
            "description": "This error occurs when there is not enough space on the device to create the model database.",
            "enabled": false,
            "entity_guid": "NDQxMTgzNHxBSU9QU3xDT05ESVRJT058NDY4Nzg3ODI",
            "evaluation_delay": null,
            "expiration_duration": 0,
            "fill_option": "none",
            "fill_value": 0,
            "id": "5862737:46878782",
            "ignore_on_expected_termination": false,
            "name": "MSSQL on Windows: CREATE DATABASE failed. Could not allocate enough disk space for a new database on the named disks",
            "nrql": [
              {
                "data_account_id": 0,
                "evaluation_offset": 0,
                "query": "FROM Log SELECT uniqueCount(message) WHERE EventID=1803 AND message LIKE '%error%' FACET hostname",
                "since_value": ""
              }
            ],
            "open_violation_on_expiration": false,
            "policy_id": 5862737,
            "runbook_url": "https://www.example.com",
            "slide_by": null,
            "term": [],
            "timeouts": null,
            "title_template": "",
            "type": "static",
            "violation_time_limit": "ONE_HOUR",
            "violation_time_limit_seconds": 3600,
            "warning": [
              {
                "duration": 0,
                "operator": "above_or_equals",
                "threshold": 1,
                "threshold_duration": 300,
                "threshold_occurrences": "all",
                "time_function": ""
              }
            ]
          },
          "sensitive_attributes": [],
          "private": "eyJlMmJmYjczMC1lY2FhLTExZTYtOGY4OC0zNDM2M2JjN2M0YzAiOnsiY3JlYXRlIjozMDAwMDAwMDAwMH19",
          "dependencies": [
            "module.mssql_rules_alerts.newrelic_alert_policy.policy"
          ]
        },
        {
          "index_key": "32",
          "schema_version": 0,
          "attributes": {
            "account_id": 4411834,
            "aggregation_delay": "120",
            "aggregation_method": "event_flow",
            "aggregation_timer": null,
            "aggregation_window": 300,
            "baseline_direction": "upper_only",
            "close_violations_on_expiration": false,
            "critical": [],
            "description": "The specified Filegroup has run out of free space.",
            "enabled": false,
            "entity_guid": "NDQxMTgzNHxBSU9QU3xDT05ESVRJT058NDY4Nzg3NjM",
            "evaluation_delay": null,
            "expiration_duration": 0,
            "fill_option": "none",
            "fill_value": 0,
            "id": "5862737:46878763",
            "ignore_on_expected_termination": false,
            "name": "MSSQL on Windows: Could not allocate space for object in database because the Filegroup is full",
            "nrql": [
              {
                "data_account_id": 0,
                "evaluation_offset": 0,
                "query": "FROM Log SELECT uniqueCount(message) WHERE EventID=1105 AND message LIKE '%error%' FACET hostname",
                "since_value": ""
              }
            ],
            "open_violation_on_expiration": false,
            "policy_id": 5862737,
            "runbook_url": "https://www.example.com",
            "slide_by": null,
            "term": [],
            "timeouts": null,
            "title_template": "",
            "type": "static",
            "violation_time_limit": "ONE_HOUR",
            "violation_time_limit_seconds": 3600,
            "warning": [
              {
                "duration": 0,
                "operator": "above_or_equals",
                "threshold": 1,
                "threshold_duration": 300,
                "threshold_occurrences": "all",
                "time_function": ""
              }
            ]
          },
          "sensitive_attributes": [],
          "private": "eyJlMmJmYjczMC1lY2FhLTExZTYtOGY4OC0zNDM2M2JjN2M0YzAiOnsiY3JlYXRlIjozMDAwMDAwMDAwMH19",
          "dependencies": [
            "module.mssql_rules_alerts.newrelic_alert_policy.policy"
          ]
        },
        {
          "index_key": "33",
          "schema_version": 0,
          "attributes": {
            "account_id": 4411834,
            "aggregation_delay": "120",
            "aggregation_method": "event_flow",
            "aggregation_timer": null,
            "aggregation_window": 300,
            "baseline_direction": "upper_only",
            "close_violations_on_expiration": false,
            "critical": [],
            "description": "The rule triggers an alert when SQL Server fails to create an application domain manager.",
            "enabled": false,
            "entity_guid": "NDQxMTgzNHxBSU9QU3xDT05ESVRJT058NDY4Nzg4MDM",
            "evaluation_delay": null,
            "expiration_duration": 0,
            "fill_option": "none",
            "fill_value": 0,
            "id": "5862737:46878803",
            "ignore_on_expected_termination": false,
            "name": "MSSQL on Windows: Could not create AppDomain manager",
            "nrql": [
              {
                "data_account_id": 0,
                "evaluation_offset": 0,
                "query": "FROM Log SELECT uniqueCount(message) WHERE EventID=10303 AND message LIKE '%error%' FACET hostname",
                "since_value": ""
              }
            ],
            "open_violation_on_expiration": false,
            "policy_id": 5862737,
            "runbook_url": "https://www.example.com",
            "slide_by": null,
            "term": [],
            "timeouts": null,
            "title_template": "",
            "type": "static",
            "violation_time_limit": "ONE_HOUR",
            "violation_time_limit_seconds": 3600,
            "warning": [
              {
                "duration": 0,
                "operator": "above_or_equals",
                "threshold": 1,
                "threshold_duration": 300,
                "threshold_occurrences": "all",
                "time_function": ""
              }
            ]
          },
          "sensitive_attributes": [],
          "private": "eyJlMmJmYjczMC1lY2FhLTExZTYtOGY4OC0zNDM2M2JjN2M0YzAiOnsiY3JlYXRlIjozMDAwMDAwMDAwMH19",
          "dependencies": [
            "module.mssql_rules_alerts.newrelic_alert_policy.policy"
          ]
        },
        {
          "index_key": "34",
          "schema_version": 0,
          "attributes": {
            "account_id": 4411834,
            "aggregation_delay": "120",
            "aggregation_method": "event_flow",
            "aggregation_timer": null,
            "aggregation_window": 300,
            "baseline_direction": "upper_only",
            "close_violations_on_expiration": false,
            "critical": [],
            "description": "An operating system error occurred when opening the primary file of a database. The error message contains the specific operating system error encountered.",
            "enabled": false,
            "entity_guid": "NDQxMTgzNHxBSU9QU3xDT05ESVRJT058NDY4Nzg3Nzc",
            "evaluation_delay": null,
            "expiration_duration": 0,
            "fill_option": "none",
            "fill_value": 0,
            "id": "5862737:46878777",
            "ignore_on_expected_termination": false,
            "name": "MSSQL on Windows: Failed to open primary database file",
            "nrql": [
              {
                "data_account_id": 0,
                "evaluation_offset": 0,
                "query": "FROM Log SELECT uniqueCount(message) WHERE EventID=17204 AND message LIKE '%error%' FACET hostname",
                "since_value": ""
              }
            ],
            "open_violation_on_expiration": false,
            "policy_id": 5862737,
            "runbook_url": "https://www.example.com",
            "slide_by": null,
            "term": [],
            "timeouts": null,
            "title_template": "",
            "type": "static",
            "violation_time_limit": "ONE_HOUR",
            "violation_time_limit_seconds": 3600,
            "warning": [
              {
                "duration": 0,
                "operator": "above_or_equals",
                "threshold": 1,
                "threshold_duration": 300,
                "threshold_occurrences": "all",
                "time_function": ""
              }
            ]
          },
          "sensitive_attributes": [],
          "private": "eyJlMmJmYjczMC1lY2FhLTExZTYtOGY4OC0zNDM2M2JjN2M0YzAiOnsiY3JlYXRlIjozMDAwMDAwMDAwMH19",
          "dependencies": [
            "module.mssql_rules_alerts.newrelic_alert_policy.policy"
          ]
        },
        {
          "index_key": "35",
          "schema_version": 0,
          "attributes": {
            "account_id": 4411834,
            "aggregation_delay": "120",
            "aggregation_method": "event_flow",
            "aggregation_timer": null,
            "aggregation_window": 300,
            "baseline_direction": "upper_only",
            "close_violations_on_expiration": false,
            "critical": [],
            "description": "When installing Microsoft SQL Server on an NTFS partition, make sure that the NTFS file permissions allow read/write access. Otherwise, this error message may appear in the Microsoft Windows NT application log.",
            "enabled": false,
            "entity_guid": "NDQxMTgzNHxBSU9QU3xDT05ESVRJT058NDY4Nzg3ODk",
            "evaluation_delay": null,
            "expiration_duration": 0,
            "fill_option": "none",
            "fill_value": 0,
            "id": "5862737:46878789",
            "ignore_on_expected_termination": false,
            "name": "MSSQL on Windows: Could not open error log file",
            "nrql": [
              {
                "data_account_id": 0,
                "evaluation_offset": 0,
                "query": "FROM Log SELECT uniqueCount(message) WHERE EventID=17058 AND message LIKE '%error%' FACET hostname",
                "since_value": ""
              }
            ],
            "open_violation_on_expiration": false,
            "policy_id": 5862737,
            "runbook_url": "https://www.example.com",
            "slide_by": null,
            "term": [],
            "timeouts": null,
            "title_template": "",
            "type": "static",
            "violation_time_limit": "ONE_HOUR",
            "violation_time_limit_seconds": 3600,
            "warning": [
              {
                "duration": 0,
                "operator": "above_or_equals",
                "threshold": 1,
                "threshold_duration": 300,
                "threshold_occurrences": "all",
                "time_function": ""
              }
            ]
          },
          "sensitive_attributes": [],
          "private": "eyJlMmJmYjczMC1lY2FhLTExZTYtOGY4OC0zNDM2M2JjN2M0YzAiOnsiY3JlYXRlIjozMDAwMDAwMDAwMH19",
          "dependencies": [
            "module.mssql_rules_alerts.newrelic_alert_policy.policy"
          ]
        },
        {
          "index_key": "36",
          "schema_version": 0,
          "attributes": {
            "account_id": 4411834,
            "aggregation_delay": "120",
            "aggregation_method": "event_flow",
            "aggregation_timer": null,
            "aggregation_window": 300,
            "baseline_direction": "upper_only",
            "close_violations_on_expiration": false,
            "critical": [],
            "description": "This error occurs when SQL Server uses an invalid file ID while performing some operation. This error can occur for several different scenarios.",
            "enabled": false,
            "entity_guid": "NDQxMTgzNHxBSU9QU3xDT05ESVRJT058NDY4Nzg4MTQ",
            "evaluation_delay": null,
            "expiration_duration": 0,
            "fill_option": "none",
            "fill_value": 0,
            "id": "5862737:46878814",
            "ignore_on_expected_termination": false,
            "name": "MSSQL on Windows: Invalid reference to File ID",
            "nrql": [
              {
                "data_account_id": 0,
                "evaluation_offset": 0,
                "query": "FROM Log SELECT uniqueCount(message) WHERE EventID=5180 AND message LIKE '%error%' FACET hostname",
                "since_value": ""
              }
            ],
            "open_violation_on_expiration": false,
            "policy_id": 5862737,
            "runbook_url": "https://www.example.com",
            "slide_by": null,
            "term": [],
            "timeouts": null,
            "title_template": "",
            "type": "static",
            "violation_time_limit": "ONE_HOUR",
            "violation_time_limit_seconds": 3600,
            "warning": [
              {
                "duration": 0,
                "operator": "above_or_equals",
                "threshold": 1,
                "threshold_duration": 300,
                "threshold_occurrences": "all",
                "time_function": ""
              }
            ]
          },
          "sensitive_attributes": [],
          "private": "eyJlMmJmYjczMC1lY2FhLTExZTYtOGY4OC0zNDM2M2JjN2M0YzAiOnsiY3JlYXRlIjozMDAwMDAwMDAwMH19",
          "dependencies": [
            "module.mssql_rules_alerts.newrelic_alert_policy.policy"
          ]
        },
        {
          "index_key": "37",
          "schema_version": 0,
          "attributes": {
            "account_id": 4411834,
            "aggregation_delay": "120",
            "aggregation_method": "event_flow",
            "aggregation_timer": null,
            "aggregation_window": 300,
            "baseline_direction": "upper_only",
            "close_violations_on_expiration": false,
            "critical": [],
            "description": "The page read failed for some reason, or a latch could not be taken.",
            "enabled": false,
            "entity_guid": "NDQxMTgzNHxBSU9QU3xDT05ESVRJT058NDY4Nzg3NTE",
            "evaluation_delay": null,
            "expiration_duration": 0,
            "fill_option": "none",
            "fill_value": 0,
            "id": "5862737:46878751",
            "ignore_on_expected_termination": false,
            "name": "MSSQL on Windows: Could not read and latch page",
            "nrql": [
              {
                "data_account_id": 0,
                "evaluation_offset": 0,
                "query": "FROM Log SELECT uniqueCount(message) WHERE EventID=8966 AND message LIKE '%error%' FACET hostname",
                "since_value": ""
              }
            ],
            "open_violation_on_expiration": false,
            "policy_id": 5862737,
            "runbook_url": "https://www.example.com",
            "slide_by": null,
            "term": [],
            "timeouts": null,
            "title_template": "",
            "type": "static",
            "violation_time_limit": "ONE_HOUR",
            "violation_time_limit_seconds": 3600,
            "warning": [
              {
                "duration": 0,
                "operator": "above_or_equals",
                "threshold": 1,
                "threshold_duration": 300,
                "threshold_occurrences": "all",
                "time_function": ""
              }
            ]
          },
          "sensitive_attributes": [],
          "private": "eyJlMmJmYjczMC1lY2FhLTExZTYtOGY4OC0zNDM2M2JjN2M0YzAiOnsiY3JlYXRlIjozMDAwMDAwMDAwMH19",
          "dependencies": [
            "module.mssql_rules_alerts.newrelic_alert_policy.policy"
          ]
        },
        {
          "index_key": "38",
          "schema_version": 0,
          "attributes": {
            "account_id": 4411834,
            "aggregation_delay": "120",
            "aggregation_method": "event_flow",
            "aggregation_timer": null,
            "aggregation_window": 300,
            "baseline_direction": "upper_only",
            "close_violations_on_expiration": false,
            "critical": [],
            "description": "The recovery process found pending transactions for the specified database. These transactions were either distributed transactions that used Microsoft Distributed Transaction Coordinator (MS DTC), or the transactions were single instance cross-database transactions.",
            "enabled": false,
            "entity_guid": "NDQxMTgzNHxBSU9QU3xDT05ESVRJT058NDY4Nzg3ODY",
            "evaluation_delay": null,
            "expiration_duration": 0,
            "fill_option": "none",
            "fill_value": 0,
            "id": "5862737:46878786",
            "ignore_on_expected_termination": false,
            "name": "MSSQL on Windows: Could not recover database due to unresolved transaction outcomes",
            "nrql": [
              {
                "data_account_id": 0,
                "evaluation_offset": 0,
                "query": "FROM Log SELECT uniqueCount(message) WHERE EventID=3431 AND message LIKE '%error%' FACET hostname",
                "since_value": ""
              }
            ],
            "open_violation_on_expiration": false,
            "policy_id": 5862737,
            "runbook_url": "https://www.example.com",
            "slide_by": null,
            "term": [],
            "timeouts": null,
            "title_template": "",
            "type": "static",
            "violation_time_limit": "ONE_HOUR",
            "violation_time_limit_seconds": 3600,
            "warning": [
              {
                "duration": 0,
                "operator": "above_or_equals",
                "threshold": 1,
                "threshold_duration": 300,
                "threshold_occurrences": "all",
                "time_function": ""
              }
            ]
          },
          "sensitive_attributes": [],
          "private": "eyJlMmJmYjczMC1lY2FhLTExZTYtOGY4OC0zNDM2M2JjN2M0YzAiOnsiY3JlYXRlIjozMDAwMDAwMDAwMH19",
          "dependencies": [
            "module.mssql_rules_alerts.newrelic_alert_policy.policy"
          ]
        },
        {
          "index_key": "39",
          "schema_version": 0,
          "attributes": {
            "account_id": 4411834,
            "aggregation_delay": "120",
            "aggregation_method": "event_flow",
            "aggregation_timer": null,
            "aggregation_window": 300,
            "baseline_direction": "upper_only",
            "close_violations_on_expiration": false,
            "critical": [],
            "description": "The transaction log for the specified database has reached its capacity.",
            "enabled": false,
            "entity_guid": "NDQxMTgzNHxBSU9QU3xDT05ESVRJT058NDY4Nzg4Mjg",
            "evaluation_delay": null,
            "expiration_duration": 0,
            "fill_option": "none",
            "fill_value": 0,
            "id": "5862737:46878828",
            "ignore_on_expected_termination": false,
            "name": "MSSQL on Windows: Could not write a CHECKPOINT record in database because the log is out of space",
            "nrql": [
              {
                "data_account_id": 0,
                "evaluation_offset": 0,
                "query": "FROM Log SELECT uniqueCount(message) WHERE EventID=3619 AND message LIKE '%error%' FACET hostname",
                "since_value": ""
              }
            ],
            "open_violation_on_expiration": false,
            "policy_id": 5862737,
            "runbook_url": "https://www.example.com",
            "slide_by": null,
            "term": [],
            "timeouts": null,
            "title_template": "",
            "type": "static",
            "violation_time_limit": "ONE_HOUR",
            "violation_time_limit_seconds": 3600,
            "warning": [
              {
                "duration": 0,
                "operator": "above_or_equals",
                "threshold": 1,
                "threshold_duration": 300,
                "threshold_occurrences": "all",
                "time_function": ""
              }
            ]
          },
          "sensitive_attributes": [],
          "private": "eyJlMmJmYjczMC1lY2FhLTExZTYtOGY4OC0zNDM2M2JjN2M0YzAiOnsiY3JlYXRlIjozMDAwMDAwMDAwMH19",
          "dependencies": [
            "module.mssql_rules_alerts.newrelic_alert_policy.policy"
          ]
        },
        {
          "index_key": "4",
          "schema_version": 0,
          "attributes": {
            "account_id": 4411834,
            "aggregation_delay": "120",
            "aggregation_method": "event_flow",
            "aggregation_timer": null,
            "aggregation_window": 300,
            "baseline_direction": "upper_only",
            "close_violations_on_expiration": false,
            "critical": [],
            "description": "An error occurred in the SQL Server Service Broker message dispatcher. The Windows application log or SQL Server error log may identify the specific error.",
            "enabled": false,
            "entity_guid": "NDQxMTgzNHxBSU9QU3xDT05ESVRJT058NDY4Nzg4MDU",
            "evaluation_delay": null,
            "expiration_duration": 0,
            "fill_option": "none",
            "fill_value": 0,
            "id": "5862737:46878805",
            "ignore_on_expected_termination": false,
            "name": "MSSQL on Windows: An error occurred in the SQL Server Service Broker message dispatcher",
            "nrql": [
              {
                "data_account_id": 0,
                "evaluation_offset": 0,
                "query": "FROM Log SELECT uniqueCount(message) WHERE EventID=9644 AND message LIKE '%error%' FACET hostname",
                "since_value": ""
              }
            ],
            "open_violation_on_expiration": false,
            "policy_id": 5862737,
            "runbook_url": "https://www.example.com",
            "slide_by": null,
            "term": [],
            "timeouts": null,
            "title_template": "",
            "type": "static",
            "violation_time_limit": "ONE_HOUR",
            "violation_time_limit_seconds": 3600,
            "warning": [
              {
                "duration": 0,
                "operator": "above_or_equals",
                "threshold": 1,
                "threshold_duration": 300,
                "threshold_occurrences": "all",
                "time_function": ""
              }
            ]
          },
          "sensitive_attributes": [],
          "private": "eyJlMmJmYjczMC1lY2FhLTExZTYtOGY4OC0zNDM2M2JjN2M0YzAiOnsiY3JlYXRlIjozMDAwMDAwMDAwMH19",
          "dependencies": [
            "module.mssql_rules_alerts.newrelic_alert_policy.policy"
          ]
        },
        {
          "index_key": "40",
          "schema_version": 0,
          "attributes": {
            "account_id": 4411834,
            "aggregation_delay": "120",
            "aggregation_method": "event_flow",
            "aggregation_timer": null,
            "aggregation_window": 300,
            "baseline_direction": "upper_only",
            "close_violations_on_expiration": false,
            "critical": [],
            "description": "CREATE FILE encountered operating system error.",
            "enabled": false,
            "entity_guid": "NDQxMTgzNHxBSU9QU3xDT05ESVRJT058NDY4Nzg4MjQ",
            "evaluation_delay": null,
            "expiration_duration": 0,
            "fill_option": "none",
            "fill_value": 0,
            "id": "5862737:46878824",
            "ignore_on_expected_termination": false,
            "name": "MSSQL on Windows: CREATE FILE encountered operating system error",
            "nrql": [
              {
                "data_account_id": 0,
                "evaluation_offset": 0,
                "query": "FROM Log SELECT uniqueCount(message) WHERE EventID=5123 AND message LIKE '%error%' FACET hostname",
                "since_value": ""
              }
            ],
            "open_violation_on_expiration": false,
            "policy_id": 5862737,
            "runbook_url": "https://www.example.com",
            "slide_by": null,
            "term": [],
            "timeouts": null,
            "title_template": "",
            "type": "static",
            "violation_time_limit": "ONE_HOUR",
            "violation_time_limit_seconds": 3600,
            "warning": [
              {
                "duration": 0,
                "operator": "above_or_equals",
                "threshold": 1,
                "threshold_duration": 300,
                "threshold_occurrences": "all",
                "time_function": ""
              }
            ]
          },
          "sensitive_attributes": [],
          "private": "eyJlMmJmYjczMC1lY2FhLTExZTYtOGY4OC0zNDM2M2JjN2M0YzAiOnsiY3JlYXRlIjozMDAwMDAwMDAwMH19",
          "dependencies": [
            "module.mssql_rules_alerts.newrelic_alert_policy.policy"
          ]
        },
        {
          "index_key": "41",
          "schema_version": 0,
          "attributes": {
            "account_id": 4411834,
            "aggregation_delay": "120",
            "aggregation_method": "event_flow",
            "aggregation_timer": null,
            "aggregation_window": 300,
            "baseline_direction": "upper_only",
            "close_violations_on_expiration": false,
            "critical": [],
            "description": "This error occurs when SQL Server fails to recover a database successfully when it is brought online.",
            "enabled": false,
            "entity_guid": "NDQxMTgzNHxBSU9QU3xDT05ESVRJT058NDY4Nzg3OTA",
            "evaluation_delay": null,
            "expiration_duration": 0,
            "fill_option": "none",
            "fill_value": 0,
            "id": "5862737:46878790",
            "ignore_on_expected_termination": false,
            "name": "MSSQL on Windows: Failure occurred during database recovery",
            "nrql": [
              {
                "data_account_id": 0,
                "evaluation_offset": 0,
                "query": "FROM Log SELECT uniqueCount(message) WHERE EventID=3414 AND message LIKE '%error%' FACET hostname",
                "since_value": ""
              }
            ],
            "open_violation_on_expiration": false,
            "policy_id": 5862737,
            "runbook_url": "https://www.example.com",
            "slide_by": null,
            "term": [],
            "timeouts": null,
            "title_template": "",
            "type": "static",
            "violation_time_limit": "ONE_HOUR",
            "violation_time_limit_seconds": 3600,
            "warning": [
              {
                "duration": 0,
                "operator": "above_or_equals",
                "threshold": 1,
                "threshold_duration": 300,
                "threshold_occurrences": "all",
                "time_function": ""
              }
            ]
          },
          "sensitive_attributes": [],
          "private": "eyJlMmJmYjczMC1lY2FhLTExZTYtOGY4OC0zNDM2M2JjN2M0YzAiOnsiY3JlYXRlIjozMDAwMDAwMDAwMH19",
          "dependencies": [
            "module.mssql_rules_alerts.newrelic_alert_policy.policy"
          ]
        },
        {
          "index_key": "42",
          "schema_version": 0,
          "attributes": {
            "account_id": 4411834,
            "aggregation_delay": "120",
            "aggregation_method": "event_flow",
            "aggregation_timer": null,
            "aggregation_window": 300,
            "baseline_direction": "upper_only",
            "close_violations_on_expiration": false,
            "critical": [],
            "description": "This message indicates a database consistency check has encountered errors and none or not all of the errors were repaired.",
            "enabled": false,
            "entity_guid": "NDQxMTgzNHxBSU9QU3xDT05ESVRJT058NDY4Nzg4MzE",
            "evaluation_delay": null,
            "expiration_duration": 0,
            "fill_option": "none",
            "fill_value": 0,
            "id": "5862737:46878831",
            "ignore_on_expected_termination": false,
            "name": "MSSQL on Windows: Database consistency errors found",
            "nrql": [
              {
                "data_account_id": 0,
                "evaluation_offset": 0,
                "query": "FROM Log SELECT uniqueCount(message) WHERE EventID =8957 AND  message LIKE '%error% ' AND  message LIKE '%Database consistency errors found and repaired%' FACET hostname",
                "since_value": ""
              }
            ],
            "open_violation_on_expiration": false,
            "policy_id": 5862737,
            "runbook_url": "https://www.example.com",
            "slide_by": null,
            "term": [],
            "timeouts": null,
            "title_template": "",
            "type": "static",
            "violation_time_limit": "ONE_HOUR",
            "violation_time_limit_seconds": 3600,
            "warning": [
              {
                "duration": 0,
                "operator": "above_or_equals",
                "threshold": 1,
                "threshold_duration": 300,
                "threshold_occurrences": "all",
                "time_function": ""
              }
            ]
          },
          "sensitive_attributes": [],
          "private": "eyJlMmJmYjczMC1lY2FhLTExZTYtOGY4OC0zNDM2M2JjN2M0YzAiOnsiY3JlYXRlIjozMDAwMDAwMDAwMH19",
          "dependencies": [
            "module.mssql_rules_alerts.newrelic_alert_policy.policy"
          ]
        },
        {
          "index_key": "43",
          "schema_version": 0,
          "attributes": {
            "account_id": 4411834,
            "aggregation_delay": "120",
            "aggregation_method": "event_flow",
            "aggregation_timer": null,
            "aggregation_window": 300,
            "baseline_direction": "upper_only",
            "close_violations_on_expiration": false,
            "critical": [],
            "description": "This message indicates a database consistency check has encountered errors and all of the errors were repaired.",
            "enabled": false,
            "entity_guid": "NDQxMTgzNHxBSU9QU3xDT05ESVRJT058NDY4Nzg3NjA",
            "evaluation_delay": null,
            "expiration_duration": 0,
            "fill_option": "none",
            "fill_value": 0,
            "id": "5862737:46878760",
            "ignore_on_expected_termination": false,
            "name": "MSSQL on Windows: Database consistency errors found and repaired",
            "nrql": [
              {
                "data_account_id": 0,
                "evaluation_offset": 0,
                "query": "FROM Log SELECT uniqueCount(message) WHERE EventID =8957 AND  message LIKE '%error% ' AND  message LIKE '%Database consistency errors found%' FACET hostname",
                "since_value": ""
              }
            ],
            "open_violation_on_expiration": false,
            "policy_id": 5862737,
            "runbook_url": "https://www.example.com",
            "slide_by": null,
            "term": [],
            "timeouts": null,
            "title_template": "",
            "type": "static",
            "violation_time_limit": "ONE_HOUR",
            "violation_time_limit_seconds": 3600,
            "warning": [
              {
                "duration": 0,
                "operator": "above_or_equals",
                "threshold": 1,
                "threshold_duration": 300,
                "threshold_occurrences": "all",
                "time_function": ""
              }
            ]
          },
          "sensitive_attributes": [],
          "private": "eyJlMmJmYjczMC1lY2FhLTExZTYtOGY4OC0zNDM2M2JjN2M0YzAiOnsiY3JlYXRlIjozMDAwMDAwMDAwMH19",
          "dependencies": [
            "module.mssql_rules_alerts.newrelic_alert_policy.policy"
          ]
        },
        {
          "index_key": "44",
          "schema_version": 0,
          "attributes": {
            "account_id": 4411834,
            "aggregation_delay": "120",
            "aggregation_method": "event_flow",
            "aggregation_timer": null,
            "aggregation_window": 300,
            "baseline_direction": "upper_only",
            "close_violations_on_expiration": false,
            "critical": [],
            "description": "The SQL Server recovery process tried to turn on the suspect flag for the specified database, but it could not find the appropriate row in sysdatabases or could not update the database information in memory.",
            "enabled": false,
            "entity_guid": "NDQxMTgzNHxBSU9QU3xDT05ESVRJT058NDY4Nzg4MDk",
            "evaluation_delay": null,
            "expiration_duration": 0,
            "fill_option": "none",
            "fill_value": 0,
            "id": "5862737:46878809",
            "ignore_on_expected_termination": false,
            "name": "MSSQL on Windows: Could not mark database as suspect. Getnext NC scan on sysdatabases.dbid failed",
            "nrql": [
              {
                "data_account_id": 0,
                "evaluation_offset": 0,
                "query": "FROM Log SELECT uniqueCount(message) WHERE EventID=3413 AND message LIKE '%error%' FACET hostname",
                "since_value": ""
              }
            ],
            "open_violation_on_expiration": false,
            "policy_id": 5862737,
            "runbook_url": "https://www.example.com",
            "slide_by": null,
            "term": [],
            "timeouts": null,
            "title_template": "",
            "type": "static",
            "violation_time_limit": "ONE_HOUR",
            "violation_time_limit_seconds": 3600,
            "warning": [
              {
                "duration": 0,
                "operator": "above_or_equals",
                "threshold": 1,
                "threshold_duration": 300,
                "threshold_occurrences": "all",
                "time_function": ""
              }
            ]
          },
          "sensitive_attributes": [],
          "private": "eyJlMmJmYjczMC1lY2FhLTExZTYtOGY4OC0zNDM2M2JjN2M0YzAiOnsiY3JlYXRlIjozMDAwMDAwMDAwMH19",
          "dependencies": [
            "module.mssql_rules_alerts.newrelic_alert_policy.policy"
          ]
        },
        {
          "index_key": "45",
          "schema_version": 0,
          "attributes": {
            "account_id": 4411834,
            "aggregation_delay": "120",
            "aggregation_method": "event_flow",
            "aggregation_timer": null,
            "aggregation_window": 300,
            "baseline_direction": "upper_only",
            "close_violations_on_expiration": false,
            "critical": [],
            "description": "A temporary table could not be found. The specific object ID will be available in the Windows application log as event ID 617.",
            "enabled": false,
            "entity_guid": "NDQxMTgzNHxBSU9QU3xDT05ESVRJT058NDY4Nzg4MzA",
            "evaluation_delay": null,
            "expiration_duration": 0,
            "fill_option": "none",
            "fill_value": 0,
            "id": "5862737:46878830",
            "ignore_on_expected_termination": false,
            "name": "MSSQL on Windows: Descriptor for object in database not found in the hash table during attempt to unhash it",
            "nrql": [
              {
                "data_account_id": 0,
                "evaluation_offset": 0,
                "query": "FROM Log SELECT uniqueCount(message) WHERE EventID=617 AND message LIKE '%error%' FACET hostname",
                "since_value": ""
              }
            ],
            "open_violation_on_expiration": false,
            "policy_id": 5862737,
            "runbook_url": "https://www.example.com",
            "slide_by": null,
            "term": [],
            "timeouts": null,
            "title_template": "",
            "type": "static",
            "violation_time_limit": "ONE_HOUR",
            "violation_time_limit_seconds": 3600,
            "warning": [
              {
                "duration": 0,
                "operator": "above_or_equals",
                "threshold": 1,
                "threshold_duration": 300,
                "threshold_occurrences": "all",
                "time_function": ""
              }
            ]
          },
          "sensitive_attributes": [],
          "private": "eyJlMmJmYjczMC1lY2FhLTExZTYtOGY4OC0zNDM2M2JjN2M0YzAiOnsiY3JlYXRlIjozMDAwMDAwMDAwMH19",
          "dependencies": [
            "module.mssql_rules_alerts.newrelic_alert_policy.policy"
          ]
        },
        {
          "index_key": "46",
          "schema_version": 0,
          "attributes": {
            "account_id": 4411834,
            "aggregation_delay": "120",
            "aggregation_method": "event_flow",
            "aggregation_timer": null,
            "aggregation_window": 300,
            "baseline_direction": "upper_only",
            "close_violations_on_expiration": false,
            "critical": [],
            "description": "The Msxml2.dll file is missing from the computer where SQL Server is installed, or it could not be loaded from the system directory while processing an XML feature such as sp_xml_preparedocument.",
            "enabled": false,
            "entity_guid": "NDQxMTgzNHxBSU9QU3xDT05ESVRJT058NDY4Nzg3OTk",
            "evaluation_delay": null,
            "expiration_duration": 0,
            "fill_option": "none",
            "fill_value": 0,
            "id": "5862737:46878799",
            "ignore_on_expected_termination": false,
            "name": "MSSQL on Windows: XML: Failed to load Msxml2.dll",
            "nrql": [
              {
                "data_account_id": 0,
                "evaluation_offset": 0,
                "query": "FROM Log SELECT uniqueCount(message) WHERE EventID=6610 AND message LIKE '%error%' FACET hostname",
                "since_value": ""
              }
            ],
            "open_violation_on_expiration": false,
            "policy_id": 5862737,
            "runbook_url": "https://www.example.com",
            "slide_by": null,
            "term": [],
            "timeouts": null,
            "title_template": "",
            "type": "static",
            "violation_time_limit": "ONE_HOUR",
            "violation_time_limit_seconds": 3600,
            "warning": [
              {
                "duration": 0,
                "operator": "above_or_equals",
                "threshold": 1,
                "threshold_duration": 300,
                "threshold_occurrences": "all",
                "time_function": ""
              }
            ]
          },
          "sensitive_attributes": [],
          "private": "eyJlMmJmYjczMC1lY2FhLTExZTYtOGY4OC0zNDM2M2JjN2M0YzAiOnsiY3JlYXRlIjozMDAwMDAwMDAwMH19",
          "dependencies": [
            "module.mssql_rules_alerts.newrelic_alert_policy.policy"
          ]
        },
        {
          "index_key": "47",
          "schema_version": 0,
          "attributes": {
            "account_id": 4411834,
            "aggregation_delay": "120",
            "aggregation_method": "event_flow",
            "aggregation_timer": null,
            "aggregation_window": 300,
            "baseline_direction": "upper_only",
            "close_violations_on_expiration": false,
            "critical": [],
            "description": "The Msxml2.dll file is missing from the computer where SQL Server is installed, or it could not be loaded from the system directory while processing an XML feature such as sp_xml_preparedocument.",
            "enabled": false,
            "entity_guid": "NDQxMTgzNHxBSU9QU3xDT05ESVRJT058NDY4Nzg3NDQ",
            "evaluation_delay": null,
            "expiration_duration": 0,
            "fill_option": "none",
            "fill_value": 0,
            "id": "5862737:46878744",
            "ignore_on_expected_termination": false,
            "name": "MSSQL on Windows: XML: Failed to instantiate class. Make sure Msxml2.dll exists in the SQL Server installation",
            "nrql": [
              {
                "data_account_id": 0,
                "evaluation_offset": 0,
                "query": "FROM Log SELECT uniqueCount(message) WHERE EventID=6608 AND message LIKE '%error%' FACET hostname",
                "since_value": ""
              }
            ],
            "open_violation_on_expiration": false,
            "policy_id": 5862737,
            "runbook_url": "https://www.example.com",
            "slide_by": null,
            "term": [],
            "timeouts": null,
            "title_template": "",
            "type": "static",
            "violation_time_limit": "ONE_HOUR",
            "violation_time_limit_seconds": 3600,
            "warning": [
              {
                "duration": 0,
                "operator": "above_or_equals",
                "threshold": 1,
                "threshold_duration": 300,
                "threshold_occurrences": "all",
                "time_function": ""
              }
            ]
          },
          "sensitive_attributes": [],
          "private": "eyJlMmJmYjczMC1lY2FhLTExZTYtOGY4OC0zNDM2M2JjN2M0YzAiOnsiY3JlYXRlIjozMDAwMDAwMDAwMH19",
          "dependencies": [
            "module.mssql_rules_alerts.newrelic_alert_policy.policy"
          ]
        },
        {
          "index_key": "48",
          "schema_version": 0,
          "attributes": {
            "account_id": 4411834,
            "aggregation_delay": "120",
            "aggregation_method": "event_flow",
            "aggregation_timer": null,
            "aggregation_window": 300,
            "baseline_direction": "upper_only",
            "close_violations_on_expiration": false,
            "critical": [],
            "description": "The master database is not in a recoverable state.",
            "enabled": false,
            "entity_guid": "NDQxMTgzNHxBSU9QU3xDT05ESVRJT058NDY4Nzg3MzY",
            "evaluation_delay": null,
            "expiration_duration": 0,
            "fill_option": "none",
            "fill_value": 0,
            "id": "5862737:46878736",
            "ignore_on_expected_termination": false,
            "name": "MSSQL on Windows: Cannot recover the master database. Exiting.",
            "nrql": [
              {
                "data_account_id": 0,
                "evaluation_offset": 0,
                "query": "FROM Log SELECT uniqueCount(message) WHERE EventID=3417 AND message LIKE '%error%' FACET hostname",
                "since_value": ""
              }
            ],
            "open_violation_on_expiration": false,
            "policy_id": 5862737,
            "runbook_url": "https://www.example.com",
            "slide_by": null,
            "term": [],
            "timeouts": null,
            "title_template": "",
            "type": "static",
            "violation_time_limit": "ONE_HOUR",
            "violation_time_limit_seconds": 3600,
            "warning": [
              {
                "duration": 0,
                "operator": "above_or_equals",
                "threshold": 1,
                "threshold_duration": 300,
                "threshold_occurrences": "all",
                "time_function": ""
              }
            ]
          },
          "sensitive_attributes": [],
          "private": "eyJlMmJmYjczMC1lY2FhLTExZTYtOGY4OC0zNDM2M2JjN2M0YzAiOnsiY3JlYXRlIjozMDAwMDAwMDAwMH19",
          "dependencies": [
            "module.mssql_rules_alerts.newrelic_alert_policy.policy"
          ]
        },
        {
          "index_key": "49",
          "schema_version": 0,
          "attributes": {
            "account_id": 4411834,
            "aggregation_delay": "120",
            "aggregation_method": "event_flow",
            "aggregation_timer": null,
            "aggregation_window": 300,
            "baseline_direction": "upper_only",
            "close_violations_on_expiration": false,
            "critical": [],
            "description": "sp_repladdcolumn failed to add the specified column to the table in the publication database. If another error is reported along with this one, the other error should indicate the reason the column could not be added.",
            "enabled": false,
            "entity_guid": "NDQxMTgzNHxBSU9QU3xDT05ESVRJT058NDY4Nzg4MjE",
            "evaluation_delay": null,
            "expiration_duration": 0,
            "fill_option": "none",
            "fill_value": 0,
            "id": "5862737:46878821",
            "ignore_on_expected_termination": false,
            "name": "MSSQL on Windows: Failed to add column to table",
            "nrql": [
              {
                "data_account_id": 0,
                "evaluation_offset": 0,
                "query": "FROM Log SELECT uniqueCount(message) WHERE EventID=21285 AND message LIKE '%error%' FACET hostname",
                "since_value": ""
              }
            ],
            "open_violation_on_expiration": false,
            "policy_id": 5862737,
            "runbook_url": "https://www.example.com",
            "slide_by": null,
            "term": [],
            "timeouts": null,
            "title_template": "",
            "type": "static",
            "violation_time_limit": "ONE_HOUR",
            "violation_time_limit_seconds": 3600,
            "warning": [
              {
                "duration": 0,
                "operator": "above_or_equals",
                "threshold": 1,
                "threshold_duration": 300,
                "threshold_occurrences": "all",
                "time_function": ""
              }
            ]
          },
          "sensitive_attributes": [],
          "private": "eyJlMmJmYjczMC1lY2FhLTExZTYtOGY4OC0zNDM2M2JjN2M0YzAiOnsiY3JlYXRlIjozMDAwMDAwMDAwMH19",
          "dependencies": [
            "module.mssql_rules_alerts.newrelic_alert_policy.policy"
          ]
        },
        {
          "index_key": "5",
          "schema_version": 0,
          "attributes": {
            "account_id": 4411834,
            "aggregation_delay": "120",
            "aggregation_method": "event_flow",
            "aggregation_timer": null,
            "aggregation_window": 300,
            "baseline_direction": "upper_only",
            "close_violations_on_expiration": false,
            "critical": [],
            "description": "SQL Server Service Broker message transmitter detected an error.",
            "enabled": false,
            "entity_guid": "NDQxMTgzNHxBSU9QU3xDT05ESVRJT058NDY4Nzg3ODQ",
            "evaluation_delay": null,
            "expiration_duration": 0,
            "fill_option": "none",
            "fill_value": 0,
            "id": "5862737:46878784",
            "ignore_on_expected_termination": false,
            "name": "MSSQL on Windows: An error occurred in the SQL Server Service Broker message transmitter",
            "nrql": [
              {
                "data_account_id": 0,
                "evaluation_offset": 0,
                "query": "FROM Log SELECT uniqueCount(message) WHERE EventID=28072 AND message LIKE '%error%' FACET hostname",
                "since_value": ""
              }
            ],
            "open_violation_on_expiration": false,
            "policy_id": 5862737,
            "runbook_url": "https://www.example.com",
            "slide_by": null,
            "term": [],
            "timeouts": null,
            "title_template": "",
            "type": "static",
            "violation_time_limit": "ONE_HOUR",
            "violation_time_limit_seconds": 3600,
            "warning": [
              {
                "duration": 0,
                "operator": "above_or_equals",
                "threshold": 1,
                "threshold_duration": 300,
                "threshold_occurrences": "all",
                "time_function": ""
              }
            ]
          },
          "sensitive_attributes": [],
          "private": "eyJlMmJmYjczMC1lY2FhLTExZTYtOGY4OC0zNDM2M2JjN2M0YzAiOnsiY3JlYXRlIjozMDAwMDAwMDAwMH19",
          "dependencies": [
            "module.mssql_rules_alerts.newrelic_alert_policy.policy"
          ]
        },
        {
          "index_key": "50",
          "schema_version": 0,
          "attributes": {
            "account_id": 4411834,
            "aggregation_delay": "120",
            "aggregation_method": "event_flow",
            "aggregation_timer": null,
            "aggregation_window": 300,
            "baseline_direction": "upper_only",
            "close_violations_on_expiration": false,
            "critical": [],
            "description": "The rule triggers an alert when SQL Server is unable to allocate memory for CLR.",
            "enabled": false,
            "entity_guid": "NDQxMTgzNHxBSU9QU3xDT05ESVRJT058NDY4Nzg3NDU",
            "evaluation_delay": null,
            "expiration_duration": 0,
            "fill_option": "none",
            "fill_value": 0,
            "id": "5862737:46878745",
            "ignore_on_expected_termination": false,
            "name": "MSSQL on Windows: Failed to allocate memory for Common Language Runtime (CLR)",
            "nrql": [
              {
                "data_account_id": 0,
                "evaluation_offset": 0,
                "query": "FROM Log SELECT uniqueCount(message) WHERE EventID=6289 AND message LIKE '%error%' FACET hostname",
                "since_value": ""
              }
            ],
            "open_violation_on_expiration": false,
            "policy_id": 5862737,
            "runbook_url": "https://www.example.com",
            "slide_by": null,
            "term": [],
            "timeouts": null,
            "title_template": "",
            "type": "static",
            "violation_time_limit": "ONE_HOUR",
            "violation_time_limit_seconds": 3600,
            "warning": [
              {
                "duration": 0,
                "operator": "above_or_equals",
                "threshold": 1,
                "threshold_duration": 300,
                "threshold_occurrences": "all",
                "time_function": ""
              }
            ]
          },
          "sensitive_attributes": [],
          "private": "eyJlMmJmYjczMC1lY2FhLTExZTYtOGY4OC0zNDM2M2JjN2M0YzAiOnsiY3JlYXRlIjozMDAwMDAwMDAwMH19",
          "dependencies": [
            "module.mssql_rules_alerts.newrelic_alert_policy.policy"
          ]
        },
        {
          "index_key": "51",
          "schema_version": 0,
          "attributes": {
            "account_id": 4411834,
            "aggregation_delay": "120",
            "aggregation_method": "event_flow",
            "aggregation_timer": null,
            "aggregation_window": 300,
            "baseline_direction": "upper_only",
            "close_violations_on_expiration": false,
            "critical": [],
            "description": "The rule triggers an alert when an application tried to create an application domain, but failed. This may be caused when there is not enough memory to start the application domain.",
            "enabled": false,
            "entity_guid": "NDQxMTgzNHxBSU9QU3xDT05ESVRJT058NDY4Nzg3NTk",
            "evaluation_delay": null,
            "expiration_duration": 0,
            "fill_option": "none",
            "fill_value": 0,
            "id": "5862737:46878759",
            "ignore_on_expected_termination": false,
            "name": "MSSQL on Windows: Failed to create AppDomain",
            "nrql": [
              {
                "data_account_id": 0,
                "evaluation_offset": 0,
                "query": "FROM Log SELECT uniqueCount(message) WHERE EventID=6517 AND message LIKE '%error%' FACET hostname",
                "since_value": ""
              }
            ],
            "open_violation_on_expiration": false,
            "policy_id": 5862737,
            "runbook_url": "https://www.example.com",
            "slide_by": null,
            "term": [],
            "timeouts": null,
            "title_template": "",
            "type": "static",
            "violation_time_limit": "ONE_HOUR",
            "violation_time_limit_seconds": 3600,
            "warning": [
              {
                "duration": 0,
                "operator": "above_or_equals",
                "threshold": 1,
                "threshold_duration": 300,
                "threshold_occurrences": "all",
                "time_function": ""
              }
            ]
          },
          "sensitive_attributes": [],
          "private": "eyJlMmJmYjczMC1lY2FhLTExZTYtOGY4OC0zNDM2M2JjN2M0YzAiOnsiY3JlYXRlIjozMDAwMDAwMDAwMH19",
          "dependencies": [
            "module.mssql_rules_alerts.newrelic_alert_policy.policy"
          ]
        },
        {
          "index_key": "52",
          "schema_version": 0,
          "attributes": {
            "account_id": 4411834,
            "aggregation_delay": "120",
            "aggregation_method": "event_flow",
            "aggregation_timer": null,
            "aggregation_window": 300,
            "baseline_direction": "upper_only",
            "close_violations_on_expiration": false,
            "critical": [],
            "description": "sp_repldropcolumn failed to drop the specified column on the publication database. The error could result from a failed system table update or from a failure of the underlying ALTER TABLE statement.",
            "enabled": false,
            "entity_guid": "NDQxMTgzNHxBSU9QU3xDT05ESVRJT058NDY4Nzg3NTc",
            "evaluation_delay": null,
            "expiration_duration": 0,
            "fill_option": "none",
            "fill_value": 0,
            "id": "5862737:46878757",
            "ignore_on_expected_termination": false,
            "name": "MSSQL on Windows: Failed to drop column from table",
            "nrql": [
              {
                "data_account_id": 0,
                "evaluation_offset": 0,
                "query": "FROM Log SELECT uniqueCount(message) WHERE EventID=21284 AND message LIKE '%error%' FACET hostname",
                "since_value": ""
              }
            ],
            "open_violation_on_expiration": false,
            "policy_id": 5862737,
            "runbook_url": "https://www.example.com",
            "slide_by": null,
            "term": [],
            "timeouts": null,
            "title_template": "",
            "type": "static",
            "violation_time_limit": "ONE_HOUR",
            "violation_time_limit_seconds": 3600,
            "warning": [
              {
                "duration": 0,
                "operator": "above_or_equals",
                "threshold": 1,
                "threshold_duration": 300,
                "threshold_occurrences": "all",
                "time_function": ""
              }
            ]
          },
          "sensitive_attributes": [],
          "private": "eyJlMmJmYjczMC1lY2FhLTExZTYtOGY4OC0zNDM2M2JjN2M0YzAiOnsiY3JlYXRlIjozMDAwMDAwMDAwMH19",
          "dependencies": [
            "module.mssql_rules_alerts.newrelic_alert_policy.policy"
          ]
        },
        {
          "index_key": "53",
          "schema_version": 0,
          "attributes": {
            "account_id": 4411834,
            "aggregation_delay": "120",
            "aggregation_method": "event_flow",
            "aggregation_timer": null,
            "aggregation_window": 300,
            "baseline_direction": "upper_only",
            "close_violations_on_expiration": false,
            "critical": [],
            "description": "Windows could not allocate memory for the Microsoft Common Language Runtime (CLR) to initialize.",
            "enabled": false,
            "entity_guid": "NDQxMTgzNHxBSU9QU3xDT05ESVRJT058NDY4Nzg3NTQ",
            "evaluation_delay": null,
            "expiration_duration": 0,
            "fill_option": "none",
            "fill_value": 0,
            "id": "5862737:46878754",
            "ignore_on_expected_termination": false,
            "name": "MSSQL on Windows: Failed to initialize the Common Language Runtime (CLR) due to memory pressure",
            "nrql": [
              {
                "data_account_id": 0,
                "evaluation_offset": 0,
                "query": "FROM Log SELECT uniqueCount(message) WHERE EventID=6513 AND message LIKE '%error%' FACET hostname",
                "since_value": ""
              }
            ],
            "open_violation_on_expiration": false,
            "policy_id": 5862737,
            "runbook_url": "https://www.example.com",
            "slide_by": null,
            "term": [],
            "timeouts": null,
            "title_template": "",
            "type": "static",
            "violation_time_limit": "ONE_HOUR",
            "violation_time_limit_seconds": 3600,
            "warning": [
              {
                "duration": 0,
                "operator": "above_or_equals",
                "threshold": 1,
                "threshold_duration": 300,
                "threshold_occurrences": "all",
                "time_function": ""
              }
            ]
          },
          "sensitive_attributes": [],
          "private": "eyJlMmJmYjczMC1lY2FhLTExZTYtOGY4OC0zNDM2M2JjN2M0YzAiOnsiY3JlYXRlIjozMDAwMDAwMDAwMH19",
          "dependencies": [
            "module.mssql_rules_alerts.newrelic_alert_policy.policy"
          ]
        },
        {
          "index_key": "54",
          "schema_version": 0,
          "attributes": {
            "account_id": 4411834,
            "aggregation_delay": "120",
            "aggregation_method": "event_flow",
            "aggregation_timer": null,
            "aggregation_window": 300,
            "baseline_direction": "upper_only",
            "close_violations_on_expiration": false,
            "critical": [],
            "description": "The rule triggers an alert when an assembly or application fails to start and logs an HRESULT error.",
            "enabled": false,
            "entity_guid": "NDQxMTgzNHxBSU9QU3xDT05ESVRJT058NDY4Nzg3NDg",
            "evaluation_delay": null,
            "expiration_duration": 0,
            "fill_option": "none",
            "fill_value": 0,
            "id": "5862737:46878748",
            "ignore_on_expected_termination": false,
            "name": "MSSQL on Windows: Failed to initialize the Common Language Runtime (CLR) with HRESULT (6511)",
            "nrql": [
              {
                "data_account_id": 0,
                "evaluation_offset": 0,
                "query": "FROM Log SELECT uniqueCount(message) WHERE EventID=6511 AND message LIKE '%error%' FACET hostname",
                "since_value": ""
              }
            ],
            "open_violation_on_expiration": false,
            "policy_id": 5862737,
            "runbook_url": "https://www.example.com",
            "slide_by": null,
            "term": [],
            "timeouts": null,
            "title_template": "",
            "type": "static",
            "violation_time_limit": "ONE_HOUR",
            "violation_time_limit_seconds": 3600,
            "warning": [
              {
                "duration": 0,
                "operator": "above_or_equals",
                "threshold": 1,
                "threshold_duration": 300,
                "threshold_occurrences": "all",
                "time_function": ""
              }
            ]
          },
          "sensitive_attributes": [],
          "private": "eyJlMmJmYjczMC1lY2FhLTExZTYtOGY4OC0zNDM2M2JjN2M0YzAiOnsiY3JlYXRlIjozMDAwMDAwMDAwMH19",
          "dependencies": [
            "module.mssql_rules_alerts.newrelic_alert_policy.policy"
          ]
        },
        {
          "index_key": "55",
          "schema_version": 0,
          "attributes": {
            "account_id": 4411834,
            "aggregation_delay": "120",
            "aggregation_method": "event_flow",
            "aggregation_timer": null,
            "aggregation_window": 300,
            "baseline_direction": "upper_only",
            "close_violations_on_expiration": false,
            "critical": [],
            "description": "The rule triggers an alert when an assembly or an application fails to start and logs an HRESULT error. The Windows application log may contain an information about specific HRESULT.",
            "enabled": false,
            "entity_guid": "NDQxMTgzNHxBSU9QU3xDT05ESVRJT058NDY4Nzg4MDQ",
            "evaluation_delay": null,
            "expiration_duration": 0,
            "fill_option": "none",
            "fill_value": 0,
            "id": "5862737:46878804",
            "ignore_on_expected_termination": false,
            "name": "MSSQL on Windows: Failed to initialize the Common Language Runtime (CLR) with HRESULT (6512)",
            "nrql": [
              {
                "data_account_id": 0,
                "evaluation_offset": 0,
                "query": "FROM Log SELECT uniqueCount(message) WHERE EventID=6512 AND message LIKE '%error%' FACET hostname",
                "since_value": ""
              }
            ],
            "open_violation_on_expiration": false,
            "policy_id": 5862737,
            "runbook_url": "https://www.example.com",
            "slide_by": null,
            "term": [],
            "timeouts": null,
            "title_template": "",
            "type": "static",
            "violation_time_limit": "ONE_HOUR",
            "violation_time_limit_seconds": 3600,
            "warning": [
              {
                "duration": 0,
                "operator": "above_or_equals",
                "threshold": 1,
                "threshold_duration": 300,
                "threshold_occurrences": "all",
                "time_function": ""
              }
            ]
          },
          "sensitive_attributes": [],
          "private": "eyJlMmJmYjczMC1lY2FhLTExZTYtOGY4OC0zNDM2M2JjN2M0YzAiOnsiY3JlYXRlIjozMDAwMDAwMDAwMH19",
          "dependencies": [
            "module.mssql_rules_alerts.newrelic_alert_policy.policy"
          ]
        },
        {
          "index_key": "56",
          "schema_version": 0,
          "attributes": {
            "account_id": 4411834,
            "aggregation_delay": "120",
            "aggregation_method": "event_flow",
            "aggregation_timer": null,
            "aggregation_window": 300,
            "baseline_direction": "upper_only",
            "close_violations_on_expiration": false,
            "critical": [],
            "description": "There is not enough disk space to hold the full-text catalog.",
            "enabled": false,
            "entity_guid": "NDQxMTgzNHxBSU9QU3xDT05ESVRJT058NDY4Nzg3NDM",
            "evaluation_delay": null,
            "expiration_duration": 0,
            "fill_option": "none",
            "fill_value": 0,
            "id": "5862737:46878743",
            "ignore_on_expected_termination": false,
            "name": "MSSQL on Windows: Full Text Search: Full-text catalog lacks sufficient disk space to complete this operation",
            "nrql": [
              {
                "data_account_id": 0,
                "evaluation_offset": 0,
                "query": "FROM Log SELECT uniqueCount(message) WHERE EventID=7622 AND message LIKE '%error%' FACET hostname",
                "since_value": ""
              }
            ],
            "open_violation_on_expiration": false,
            "policy_id": 5862737,
            "runbook_url": "https://www.example.com",
            "slide_by": null,
            "term": [],
            "timeouts": null,
            "title_template": "",
            "type": "static",
            "violation_time_limit": "ONE_HOUR",
            "violation_time_limit_seconds": 3600,
            "warning": [
              {
                "duration": 0,
                "operator": "above_or_equals",
                "threshold": 1,
                "threshold_duration": 300,
                "threshold_occurrences": "all",
                "time_function": ""
              }
            ]
          },
          "sensitive_attributes": [],
          "private": "eyJlMmJmYjczMC1lY2FhLTExZTYtOGY4OC0zNDM2M2JjN2M0YzAiOnsiY3JlYXRlIjozMDAwMDAwMDAwMH19",
          "dependencies": [
            "module.mssql_rules_alerts.newrelic_alert_policy.policy"
          ]
        },
        {
          "index_key": "57",
          "schema_version": 0,
          "attributes": {
            "account_id": 4411834,
            "aggregation_delay": "120",
            "aggregation_method": "event_flow",
            "aggregation_timer": null,
            "aggregation_window": 300,
            "baseline_direction": "upper_only",
            "close_violations_on_expiration": false,
            "critical": [],
            "description": "The full-text query failed for an unspecified reason.",
            "enabled": false,
            "entity_guid": "NDQxMTgzNHxBSU9QU3xDT05ESVRJT058NDY4Nzg3NDA",
            "evaluation_delay": null,
            "expiration_duration": 0,
            "fill_option": "none",
            "fill_value": 0,
            "id": "5862737:46878740",
            "ignore_on_expected_termination": false,
            "name": "MSSQL on Windows: Full Text Search: Search on full-text catalog failed with unknown result",
            "nrql": [
              {
                "data_account_id": 0,
                "evaluation_offset": 0,
                "query": "FROM Log SELECT uniqueCount(message) WHERE EventID=7607 AND message LIKE '%error%' FACET hostname",
                "since_value": ""
              }
            ],
            "open_violation_on_expiration": false,
            "policy_id": 5862737,
            "runbook_url": "https://www.example.com",
            "slide_by": null,
            "term": [],
            "timeouts": null,
            "title_template": "",
            "type": "static",
            "violation_time_limit": "ONE_HOUR",
            "violation_time_limit_seconds": 3600,
            "warning": [
              {
                "duration": 0,
                "operator": "above_or_equals",
                "threshold": 1,
                "threshold_duration": 300,
                "threshold_occurrences": "all",
                "time_function": ""
              }
            ]
          },
          "sensitive_attributes": [],
          "private": "eyJlMmJmYjczMC1lY2FhLTExZTYtOGY4OC0zNDM2M2JjN2M0YzAiOnsiY3JlYXRlIjozMDAwMDAwMDAwMH19",
          "dependencies": [
            "module.mssql_rules_alerts.newrelic_alert_policy.policy"
          ]
        },
        {
          "index_key": "58",
          "schema_version": 0,
          "attributes": {
            "account_id": 4411834,
            "aggregation_delay": "120",
            "aggregation_method": "event_flow",
            "aggregation_timer": null,
            "aggregation_window": 300,
            "baseline_direction": "upper_only",
            "close_violations_on_expiration": false,
            "critical": [],
            "description": "This is an internal query processor error.",
            "enabled": false,
            "entity_guid": "NDQxMTgzNHxBSU9QU3xDT05ESVRJT058NDY4Nzg4MzQ",
            "evaluation_delay": null,
            "expiration_duration": 0,
            "fill_option": "none",
            "fill_value": 0,
            "id": "5862737:46878834",
            "ignore_on_expected_termination": false,
            "name": "MSSQL on Windows: Internal Query Processor Error: The query processor encountered an unexpected error during execution",
            "nrql": [
              {
                "data_account_id": 0,
                "evaluation_offset": 0,
                "query": "FROM Log SELECT uniqueCount(message) WHERE EventID=8630 AND message LIKE '%error%' FACET hostname",
                "since_value": ""
              }
            ],
            "open_violation_on_expiration": false,
            "policy_id": 5862737,
            "runbook_url": "https://www.example.com",
            "slide_by": null,
            "term": [],
            "timeouts": null,
            "title_template": "",
            "type": "static",
            "violation_time_limit": "ONE_HOUR",
            "violation_time_limit_seconds": 3600,
            "warning": [
              {
                "duration": 0,
                "operator": "above_or_equals",
                "threshold": 1,
                "threshold_duration": 300,
                "threshold_occurrences": "all",
                "time_function": ""
              }
            ]
          },
          "sensitive_attributes": [],
          "private": "eyJlMmJmYjczMC1lY2FhLTExZTYtOGY4OC0zNDM2M2JjN2M0YzAiOnsiY3JlYXRlIjozMDAwMDAwMDAwMH19",
          "dependencies": [
            "module.mssql_rules_alerts.newrelic_alert_policy.policy"
          ]
        },
        {
          "index_key": "59",
          "schema_version": 0,
          "attributes": {
            "account_id": 4411834,
            "aggregation_delay": "120",
            "aggregation_method": "event_flow",
            "aggregation_timer": null,
            "aggregation_window": 300,
            "baseline_direction": "upper_only",
            "close_violations_on_expiration": false,
            "critical": [],
            "description": "This is an internal query processor error.",
            "enabled": false,
            "entity_guid": "NDQxMTgzNHxBSU9QU3xDT05ESVRJT058NDY4Nzg3ODg",
            "evaluation_delay": null,
            "expiration_duration": 0,
            "fill_option": "none",
            "fill_value": 0,
            "id": "5862737:46878788",
            "ignore_on_expected_termination": false,
            "name": "MSSQL on Windows: Internal Query Processor Error: The query processor encountered an unexpected error during the processing of a remote query phase",
            "nrql": [
              {
                "data_account_id": 0,
                "evaluation_offset": 0,
                "query": "FROM Log SELECT uniqueCount(message) WHERE EventID=8680 AND message LIKE '%error%' FACET hostname",
                "since_value": ""
              }
            ],
            "open_violation_on_expiration": false,
            "policy_id": 5862737,
            "runbook_url": "https://www.example.com",
            "slide_by": null,
            "term": [],
            "timeouts": null,
            "title_template": "",
            "type": "static",
            "violation_time_limit": "ONE_HOUR",
            "violation_time_limit_seconds": 3600,
            "warning": [
              {
                "duration": 0,
                "operator": "above_or_equals",
                "threshold": 1,
                "threshold_duration": 300,
                "threshold_occurrences": "all",
                "time_function": ""
              }
            ]
          },
          "sensitive_attributes": [],
          "private": "eyJlMmJmYjczMC1lY2FhLTExZTYtOGY4OC0zNDM2M2JjN2M0YzAiOnsiY3JlYXRlIjozMDAwMDAwMDAwMH19",
          "dependencies": [
            "module.mssql_rules_alerts.newrelic_alert_policy.policy"
          ]
        },
        {
          "index_key": "6",
          "schema_version": 0,
          "attributes": {
            "account_id": 4411834,
            "aggregation_delay": "120",
            "aggregation_method": "event_flow",
            "aggregation_timer": null,
            "aggregation_window": 300,
            "baseline_direction": "upper_only",
            "close_violations_on_expiration": false,
            "critical": [],
            "description": "An error occurred in the SQL Server Service Broker or Database Mirroring transport manager. The Windows application log or SQL Server error log may identify the specific error.",
            "enabled": false,
            "entity_guid": "NDQxMTgzNHxBSU9QU3xDT05ESVRJT058NDY4Nzg4MTY",
            "evaluation_delay": null,
            "expiration_duration": 0,
            "fill_option": "none",
            "fill_value": 0,
            "id": "5862737:46878816",
            "ignore_on_expected_termination": false,
            "name": "MSSQL on Windows: An error occurred in the SQL Server Service Broker or Database Mirroring transport manager",
            "nrql": [
              {
                "data_account_id": 0,
                "evaluation_offset": 0,
                "query": "FROM Log SELECT uniqueCount(message) WHERE EventID=9643 AND message LIKE '%error%' FACET hostname",
                "since_value": ""
              }
            ],
            "open_violation_on_expiration": false,
            "policy_id": 5862737,
            "runbook_url": "https://www.example.com",
            "slide_by": null,
            "term": [],
            "timeouts": null,
            "title_template": "",
            "type": "static",
            "violation_time_limit": "ONE_HOUR",
            "violation_time_limit_seconds": 3600,
            "warning": [
              {
                "duration": 0,
                "operator": "above_or_equals",
                "threshold": 1,
                "threshold_duration": 300,
                "threshold_occurrences": "all",
                "time_function": ""
              }
            ]
          },
          "sensitive_attributes": [],
          "private": "eyJlMmJmYjczMC1lY2FhLTExZTYtOGY4OC0zNDM2M2JjN2M0YzAiOnsiY3JlYXRlIjozMDAwMDAwMDAwMH19",
          "dependencies": [
            "module.mssql_rules_alerts.newrelic_alert_policy.policy"
          ]
        },
        {
          "index_key": "60",
          "schema_version": 0,
          "attributes": {
            "account_id": 4411834,
            "aggregation_delay": "120",
            "aggregation_method": "event_flow",
            "aggregation_timer": null,
            "aggregation_window": 300,
            "baseline_direction": "upper_only",
            "close_violations_on_expiration": false,
            "critical": [],
            "description": "The Query Processor is using a large but limited memory stack when optimizing queries. In some extreme situations the stack size may become a limit for a given very large query.",
            "enabled": false,
            "entity_guid": "NDQxMTgzNHxBSU9QU3xDT05ESVRJT058NDY4Nzg4MTc",
            "evaluation_delay": null,
            "expiration_duration": 0,
            "fill_option": "none",
            "fill_value": 0,
            "id": "5862737:46878817",
            "ignore_on_expected_termination": false,
            "name": "MSSQL on Windows: Internal Query Processor Error: The query processor ran out of stack space during query optimization",
            "nrql": [
              {
                "data_account_id": 0,
                "evaluation_offset": 0,
                "query": "FROM Log SELECT uniqueCount(message) WHERE EventID=8621 AND message LIKE '%error%' FACET hostname",
                "since_value": ""
              }
            ],
            "open_violation_on_expiration": false,
            "policy_id": 5862737,
            "runbook_url": "https://www.example.com",
            "slide_by": null,
            "term": [],
            "timeouts": null,
            "title_template": "",
            "type": "static",
            "violation_time_limit": "ONE_HOUR",
            "violation_time_limit_seconds": 3600,
            "warning": [
              {
                "duration": 0,
                "operator": "above_or_equals",
                "threshold": 1,
                "threshold_duration": 300,
                "threshold_occurrences": "all",
                "time_function": ""
              }
            ]
          },
          "sensitive_attributes": [],
          "private": "eyJlMmJmYjczMC1lY2FhLTExZTYtOGY4OC0zNDM2M2JjN2M0YzAiOnsiY3JlYXRlIjozMDAwMDAwMDAwMH19",
          "dependencies": [
            "module.mssql_rules_alerts.newrelic_alert_policy.policy"
          ]
        },
        {
          "index_key": "61",
          "schema_version": 0,
          "attributes": {
            "account_id": 4411834,
            "aggregation_delay": "120",
            "aggregation_method": "event_flow",
            "aggregation_timer": null,
            "aggregation_window": 300,
            "baseline_direction": "upper_only",
            "close_violations_on_expiration": false,
            "critical": [],
            "description": "This error occurs when SQL Server uses an invalid reference to a LOB page in an operation. This error may occur due to several different reasons.",
            "enabled": false,
            "entity_guid": "NDQxMTgzNHxBSU9QU3xDT05ESVRJT058NDY4Nzg3NTU",
            "evaluation_delay": null,
            "expiration_duration": 0,
            "fill_option": "none",
            "fill_value": 0,
            "id": "5862737:46878755",
            "ignore_on_expected_termination": false,
            "name": "MSSQL on Windows: Invalid reference to LOB page",
            "nrql": [
              {
                "data_account_id": 0,
                "evaluation_offset": 0,
                "query": "FROM Log SELECT uniqueCount(message) WHERE EventID=7105 AND message LIKE '%error%' FACET hostname",
                "since_value": ""
              }
            ],
            "open_violation_on_expiration": false,
            "policy_id": 5862737,
            "runbook_url": "https://www.example.com",
            "slide_by": null,
            "term": [],
            "timeouts": null,
            "title_template": "",
            "type": "static",
            "violation_time_limit": "ONE_HOUR",
            "violation_time_limit_seconds": 3600,
            "warning": [
              {
                "duration": 0,
                "operator": "above_or_equals",
                "threshold": 1,
                "threshold_duration": 300,
                "threshold_occurrences": "all",
                "time_function": ""
              }
            ]
          },
          "sensitive_attributes": [],
          "private": "eyJlMmJmYjczMC1lY2FhLTExZTYtOGY4OC0zNDM2M2JjN2M0YzAiOnsiY3JlYXRlIjozMDAwMDAwMDAwMH19",
          "dependencies": [
            "module.mssql_rules_alerts.newrelic_alert_policy.policy"
          ]
        },
        {
          "index_key": "62",
          "schema_version": 0,
          "attributes": {
            "account_id": 4411834,
            "aggregation_delay": "120",
            "aggregation_method": "event_flow",
            "aggregation_timer": null,
            "aggregation_window": 300,
            "baseline_direction": "upper_only",
            "close_violations_on_expiration": false,
            "critical": [],
            "description": "A consistency check failed when reading or writing a database page or transaction log block. The error message contains the specific type of consistency check that failed.",
            "enabled": false,
            "entity_guid": "NDQxMTgzNHxBSU9QU3xDT05ESVRJT058NDY4Nzg3Mzc",
            "evaluation_delay": null,
            "expiration_duration": 0,
            "fill_option": "none",
            "fill_value": 0,
            "id": "5862737:46878737",
            "ignore_on_expected_termination": false,
            "name": "MSSQL on Windows: Logical consistency error after performing I/O on page",
            "nrql": [
              {
                "data_account_id": 0,
                "evaluation_offset": 0,
                "query": "FROM Log SELECT uniqueCount(message) WHERE EventID=824 AND message LIKE '%error%' FACET hostname",
                "since_value": ""
              }
            ],
            "open_violation_on_expiration": false,
            "policy_id": 5862737,
            "runbook_url": "https://www.example.com",
            "slide_by": null,
            "term": [],
            "timeouts": null,
            "title_template": "",
            "type": "static",
            "violation_time_limit": "ONE_HOUR",
            "violation_time_limit_seconds": 3600,
            "warning": [
              {
                "duration": 0,
                "operator": "above_or_equals",
                "threshold": 1,
                "threshold_duration": 300,
                "threshold_occurrences": "all",
                "time_function": ""
              }
            ]
          },
          "sensitive_attributes": [],
          "private": "eyJlMmJmYjczMC1lY2FhLTExZTYtOGY4OC0zNDM2M2JjN2M0YzAiOnsiY3JlYXRlIjozMDAwMDAwMDAwMH19",
          "dependencies": [
            "module.mssql_rules_alerts.newrelic_alert_policy.policy"
          ]
        },
        {
          "index_key": "63",
          "schema_version": 0,
          "attributes": {
            "account_id": 4411834,
            "aggregation_delay": "120",
            "aggregation_method": "event_flow",
            "aggregation_timer": null,
            "aggregation_window": 300,
            "baseline_direction": "upper_only",
            "close_violations_on_expiration": false,
            "critical": [],
            "description": "When a client connects to a SQL Server instance without specifying a database context, the default database defined for its login is used. If that database is unavailable for any reason, the above message appears.",
            "enabled": false,
            "entity_guid": "NDQxMTgzNHxBSU9QU3xDT05ESVRJT058NDY4Nzg4MjU",
            "evaluation_delay": null,
            "expiration_duration": 0,
            "fill_option": "none",
            "fill_value": 0,
            "id": "5862737:46878825",
            "ignore_on_expected_termination": false,
            "name": "MSSQL on Windows: Cannot open user default database. Login failed",
            "nrql": [
              {
                "data_account_id": 0,
                "evaluation_offset": 0,
                "query": "FROM Log SELECT uniqueCount(message) WHERE EventID=4064 AND message LIKE '%error%' FACET hostname",
                "since_value": ""
              }
            ],
            "open_violation_on_expiration": false,
            "policy_id": 5862737,
            "runbook_url": "https://www.example.com",
            "slide_by": null,
            "term": [],
            "timeouts": null,
            "title_template": "",
            "type": "static",
            "violation_time_limit": "ONE_HOUR",
            "violation_time_limit_seconds": 3600,
            "warning": [
              {
                "duration": 0,
                "operator": "above_or_equals",
                "threshold": 1,
                "threshold_duration": 300,
                "threshold_occurrences": "all",
                "time_function": ""
              }
            ]
          },
          "sensitive_attributes": [],
          "private": "eyJlMmJmYjczMC1lY2FhLTExZTYtOGY4OC0zNDM2M2JjN2M0YzAiOnsiY3JlYXRlIjozMDAwMDAwMDAwMH19",
          "dependencies": [
            "module.mssql_rules_alerts.newrelic_alert_policy.policy"
          ]
        },
        {
          "index_key": "64",
          "schema_version": 0,
          "attributes": {
            "account_id": 4411834,
            "aggregation_delay": "120",
            "aggregation_method": "event_flow",
            "aggregation_timer": null,
            "aggregation_window": 300,
            "baseline_direction": "upper_only",
            "close_violations_on_expiration": false,
            "critical": [],
            "description": "The rule triggers an alert when the .NET Framework shuts down due to an error.",
            "enabled": false,
            "entity_guid": "NDQxMTgzNHxBSU9QU3xDT05ESVRJT058NDY4Nzg3MzQ",
            "evaluation_delay": null,
            "expiration_duration": 0,
            "fill_option": "none",
            "fill_value": 0,
            "id": "5862737:46878734",
            "ignore_on_expected_termination": false,
            "name": "MSSQL on Windows: A fatal error occurred in .NET Framework runtime",
            "nrql": [
              {
                "data_account_id": 0,
                "evaluation_offset": 0,
                "query": "FROM Log SELECT uniqueCount(message) WHERE EventID=6536 AND message LIKE '%error%' FACET hostname",
                "since_value": ""
              }
            ],
            "open_violation_on_expiration": false,
            "policy_id": 5862737,
            "runbook_url": "https://www.example.com",
            "slide_by": null,
            "term": [],
            "timeouts": null,
            "title_template": "",
            "type": "static",
            "violation_time_limit": "ONE_HOUR",
            "violation_time_limit_seconds": 3600,
            "warning": [
              {
                "duration": 0,
                "operator": "above_or_equals",
                "threshold": 1,
                "threshold_duration": 300,
                "threshold_occurrences": "all",
                "time_function": ""
              }
            ]
          },
          "sensitive_attributes": [],
          "private": "eyJlMmJmYjczMC1lY2FhLTExZTYtOGY4OC0zNDM2M2JjN2M0YzAiOnsiY3JlYXRlIjozMDAwMDAwMDAwMH19",
          "dependencies": [
            "module.mssql_rules_alerts.newrelic_alert_policy.policy"
          ]
        },
        {
          "index_key": "65",
          "schema_version": 0,
          "attributes": {
            "account_id": 4411834,
            "aggregation_delay": "120",
            "aggregation_method": "event_flow",
            "aggregation_timer": null,
            "aggregation_window": 300,
            "baseline_direction": "upper_only",
            "close_violations_on_expiration": false,
            "critical": [],
            "description": "The rule triggers an alert when a user defined type, user defined-function, or user-defined property in an assembly contains faulty code.",
            "enabled": false,
            "entity_guid": "NDQxMTgzNHxBSU9QU3xDT05ESVRJT058NDY4Nzg3ODc",
            "evaluation_delay": null,
            "expiration_duration": 0,
            "fill_option": "none",
            "fill_value": 0,
            "id": "5862737:46878787",
            "ignore_on_expected_termination": false,
            "name": "MSSQL on Windows: .NET Framework runtime was shut down by user code",
            "nrql": [
              {
                "data_account_id": 0,
                "evaluation_offset": 0,
                "query": "FROM Log SELECT uniqueCount(message) WHERE EventID=6537 AND message LIKE '%error%' FACET hostname",
                "since_value": ""
              }
            ],
            "open_violation_on_expiration": false,
            "policy_id": 5862737,
            "runbook_url": "https://www.example.com",
            "slide_by": null,
            "term": [],
            "timeouts": null,
            "title_template": "",
            "type": "static",
            "violation_time_limit": "ONE_HOUR",
            "violation_time_limit_seconds": 3600,
            "warning": [
              {
                "duration": 0,
                "operator": "above_or_equals",
                "threshold": 1,
                "threshold_duration": 300,
                "threshold_occurrences": "all",
                "time_function": ""
              }
            ]
          },
          "sensitive_attributes": [],
          "private": "eyJlMmJmYjczMC1lY2FhLTExZTYtOGY4OC0zNDM2M2JjN2M0YzAiOnsiY3JlYXRlIjozMDAwMDAwMDAwMH19",
          "dependencies": [
            "module.mssql_rules_alerts.newrelic_alert_policy.policy"
          ]
        },
        {
          "index_key": "66",
          "schema_version": 0,
          "attributes": {
            "account_id": 4411834,
            "aggregation_delay": "120",
            "aggregation_method": "event_flow",
            "aggregation_timer": null,
            "aggregation_window": 300,
            "baseline_direction": "upper_only",
            "close_violations_on_expiration": false,
            "critical": [],
            "description": "This is raised when SQL Server has an internal error.",
            "enabled": false,
            "entity_guid": "NDQxMTgzNHxBSU9QU3xDT05ESVRJT058NDY4Nzg4Mjk",
            "evaluation_delay": null,
            "expiration_duration": 0,
            "fill_option": "none",
            "fill_value": 0,
            "id": "5862737:46878829",
            "ignore_on_expected_termination": false,
            "name": "MSSQL on Windows: No slots are free to keep buffers for table",
            "nrql": [
              {
                "data_account_id": 0,
                "evaluation_offset": 0,
                "query": "FROM Log SELECT uniqueCount(message) WHERE EventID=654 AND message LIKE '%error%' FACET hostname",
                "since_value": ""
              }
            ],
            "open_violation_on_expiration": false,
            "policy_id": 5862737,
            "runbook_url": "https://www.example.com",
            "slide_by": null,
            "term": [],
            "timeouts": null,
            "title_template": "",
            "type": "static",
            "violation_time_limit": "ONE_HOUR",
            "violation_time_limit_seconds": 3600,
            "warning": [
              {
                "duration": 0,
                "operator": "above_or_equals",
                "threshold": 1,
                "threshold_duration": 300,
                "threshold_occurrences": "all",
                "time_function": ""
              }
            ]
          },
          "sensitive_attributes": [],
          "private": "eyJlMmJmYjczMC1lY2FhLTExZTYtOGY4OC0zNDM2M2JjN2M0YzAiOnsiY3JlYXRlIjozMDAwMDAwMDAwMH19",
          "dependencies": [
            "module.mssql_rules_alerts.newrelic_alert_policy.policy"
          ]
        },
        {
          "index_key": "67",
          "schema_version": 0,
          "attributes": {
            "account_id": 4411834,
            "aggregation_delay": "120",
            "aggregation_method": "event_flow",
            "aggregation_timer": null,
            "aggregation_window": 300,
            "baseline_direction": "upper_only",
            "close_violations_on_expiration": false,
            "critical": [],
            "description": "This error provides more details about the problem described in error 8952. See that error for an explanation.",
            "enabled": false,
            "entity_guid": "NDQxMTgzNHxBSU9QU3xDT05ESVRJT058NDY4Nzg3NjQ",
            "evaluation_delay": null,
            "expiration_duration": 0,
            "fill_option": "none",
            "fill_value": 0,
            "id": "5862737:46878764",
            "ignore_on_expected_termination": false,
            "name": "MSSQL on Windows: One or more indexes are damaged and must be repaired or dropped",
            "nrql": [
              {
                "data_account_id": 0,
                "evaluation_offset": 0,
                "query": "FROM Log SELECT uniqueCount(message) WHERE EventID=8956 AND message LIKE '%error%' FACET hostname",
                "since_value": ""
              }
            ],
            "open_violation_on_expiration": false,
            "policy_id": 5862737,
            "runbook_url": "https://www.example.com",
            "slide_by": null,
            "term": [],
            "timeouts": null,
            "title_template": "",
            "type": "static",
            "violation_time_limit": "ONE_HOUR",
            "violation_time_limit_seconds": 3600,
            "warning": [
              {
                "duration": 0,
                "operator": "above_or_equals",
                "threshold": 1,
                "threshold_duration": 300,
                "threshold_occurrences": "all",
                "time_function": ""
              }
            ]
          },
          "sensitive_attributes": [],
          "private": "eyJlMmJmYjczMC1lY2FhLTExZTYtOGY4OC0zNDM2M2JjN2M0YzAiOnsiY3JlYXRlIjozMDAwMDAwMDAwMH19",
          "dependencies": [
            "module.mssql_rules_alerts.newrelic_alert_policy.policy"
          ]
        },
        {
          "index_key": "68",
          "schema_version": 0,
          "attributes": {
            "account_id": 4411834,
            "aggregation_delay": "120",
            "aggregation_method": "event_flow",
            "aggregation_timer": null,
            "aggregation_window": 300,
            "baseline_direction": "upper_only",
            "close_violations_on_expiration": false,
            "critical": [],
            "description": "An operating system error occurred when opening a transaction log file or a secondary database file of a database. The error message contains the specific operating system error encountered.",
            "enabled": false,
            "entity_guid": "NDQxMTgzNHxBSU9QU3xDT05ESVRJT058NDY4Nzg4MDg",
            "evaluation_delay": null,
            "expiration_duration": 0,
            "fill_option": "none",
            "fill_value": 0,
            "id": "5862737:46878808",
            "ignore_on_expected_termination": false,
            "name": "MSSQL on Windows: Failed to open database or transaction log file",
            "nrql": [
              {
                "data_account_id": 0,
                "evaluation_offset": 0,
                "query": "FROM Log SELECT uniqueCount(message) WHERE EventID=17207 AND message LIKE '%error%' FACET hostname",
                "since_value": ""
              }
            ],
            "open_violation_on_expiration": false,
            "policy_id": 5862737,
            "runbook_url": "https://www.example.com",
            "slide_by": null,
            "term": [],
            "timeouts": null,
            "title_template": "",
            "type": "static",
            "violation_time_limit": "ONE_HOUR",
            "violation_time_limit_seconds": 3600,
            "warning": [
              {
                "duration": 0,
                "operator": "above_or_equals",
                "threshold": 1,
                "threshold_duration": 300,
                "threshold_occurrences": "all",
                "time_function": ""
              }
            ]
          },
          "sensitive_attributes": [],
          "private": "eyJlMmJmYjczMC1lY2FhLTExZTYtOGY4OC0zNDM2M2JjN2M0YzAiOnsiY3JlYXRlIjozMDAwMDAwMDAwMH19",
          "dependencies": [
            "module.mssql_rules_alerts.newrelic_alert_policy.policy"
          ]
        },
        {
          "index_key": "69",
          "schema_version": 0,
          "attributes": {
            "account_id": 4411834,
            "aggregation_delay": "120",
            "aggregation_method": "event_flow",
            "aggregation_timer": null,
            "aggregation_window": 300,
            "baseline_direction": "upper_only",
            "close_violations_on_expiration": false,
            "critical": [],
            "description": "The backup device cannot be opened.",
            "enabled": false,
            "entity_guid": "NDQxMTgzNHxBSU9QU3xDT05ESVRJT058NDY4Nzg4MTM",
            "evaluation_delay": null,
            "expiration_duration": 0,
            "fill_option": "none",
            "fill_value": 0,
            "id": "5862737:46878813",
            "ignore_on_expected_termination": false,
            "name": "MSSQL on Windows: Operating system error on a device",
            "nrql": [
              {
                "data_account_id": 0,
                "evaluation_offset": 0,
                "query": "FROM Log SELECT uniqueCount(message) WHERE EventID=17218 AND message LIKE '%error%' FACET hostname",
                "since_value": ""
              }
            ],
            "open_violation_on_expiration": false,
            "policy_id": 5862737,
            "runbook_url": "https://www.example.com",
            "slide_by": null,
            "term": [],
            "timeouts": null,
            "title_template": "",
            "type": "static",
            "violation_time_limit": "ONE_HOUR",
            "violation_time_limit_seconds": 3600,
            "warning": [
              {
                "duration": 0,
                "operator": "above_or_equals",
                "threshold": 1,
                "threshold_duration": 300,
                "threshold_occurrences": "all",
                "time_function": ""
              }
            ]
          },
          "sensitive_attributes": [],
          "private": "eyJlMmJmYjczMC1lY2FhLTExZTYtOGY4OC0zNDM2M2JjN2M0YzAiOnsiY3JlYXRlIjozMDAwMDAwMDAwMH19",
          "dependencies": [
            "module.mssql_rules_alerts.newrelic_alert_policy.policy"
          ]
        },
        {
          "index_key": "7",
          "schema_version": 0,
          "attributes": {
            "account_id": 4411834,
            "aggregation_delay": "120",
            "aggregation_method": "event_flow",
            "aggregation_timer": null,
            "aggregation_window": 300,
            "baseline_direction": "upper_only",
            "close_violations_on_expiration": false,
            "critical": [],
            "description": "An error occurred in the SQL Server Service Broker transport layer timer event cache. The Windows application log or SQL Server error log may identify the specific error.",
            "enabled": false,
            "entity_guid": "NDQxMTgzNHxBSU9QU3xDT05ESVRJT058NDY4Nzg4MDA",
            "evaluation_delay": null,
            "expiration_duration": 0,
            "fill_option": "none",
            "fill_value": 0,
            "id": "5862737:46878800",
            "ignore_on_expected_termination": false,
            "name": "MSSQL on Windows: An error occurred in the timer event cache",
            "nrql": [
              {
                "data_account_id": 0,
                "evaluation_offset": 0,
                "query": "FROM Log SELECT uniqueCount(message) WHERE EventID=9646 AND message LIKE '%error%' FACET hostname",
                "since_value": ""
              }
            ],
            "open_violation_on_expiration": false,
            "policy_id": 5862737,
            "runbook_url": "https://www.example.com",
            "slide_by": null,
            "term": [],
            "timeouts": null,
            "title_template": "",
            "type": "static",
            "violation_time_limit": "ONE_HOUR",
            "violation_time_limit_seconds": 3600,
            "warning": [
              {
                "duration": 0,
                "operator": "above_or_equals",
                "threshold": 1,
                "threshold_duration": 300,
                "threshold_occurrences": "all",
                "time_function": ""
              }
            ]
          },
          "sensitive_attributes": [],
          "private": "eyJlMmJmYjczMC1lY2FhLTExZTYtOGY4OC0zNDM2M2JjN2M0YzAiOnsiY3JlYXRlIjozMDAwMDAwMDAwMH19",
          "dependencies": [
            "module.mssql_rules_alerts.newrelic_alert_policy.policy"
          ]
        },
        {
          "index_key": "70",
          "schema_version": 0,
          "attributes": {
            "account_id": 4411834,
            "aggregation_delay": "120",
            "aggregation_method": "event_flow",
            "aggregation_timer": null,
            "aggregation_window": 300,
            "baseline_direction": "upper_only",
            "close_violations_on_expiration": false,
            "critical": [],
            "description": "An operating system error occurred when reading or writing a database page. The error message contains the specific operating system error encountered.",
            "enabled": false,
            "entity_guid": "NDQxMTgzNHxBSU9QU3xDT05ESVRJT058NDY4Nzg4Mzg",
            "evaluation_delay": null,
            "expiration_duration": 0,
            "fill_option": "none",
            "fill_value": 0,
            "id": "5862737:46878838",
            "ignore_on_expected_termination": false,
            "name": "MSSQL on Windows: OS Error occurred while performing I/O on page",
            "nrql": [
              {
                "data_account_id": 0,
                "evaluation_offset": 0,
                "query": "FROM Log SELECT uniqueCount(message) WHERE EventID=823 AND message LIKE '%error%' FACET hostname",
                "since_value": ""
              }
            ],
            "open_violation_on_expiration": false,
            "policy_id": 5862737,
            "runbook_url": "https://www.example.com",
            "slide_by": null,
            "term": [],
            "timeouts": null,
            "title_template": "",
            "type": "static",
            "violation_time_limit": "ONE_HOUR",
            "violation_time_limit_seconds": 3600,
            "warning": [
              {
                "duration": 0,
                "operator": "above_or_equals",
                "threshold": 1,
                "threshold_duration": 300,
                "threshold_occurrences": "all",
                "time_function": ""
              }
            ]
          },
          "sensitive_attributes": [],
          "private": "eyJlMmJmYjczMC1lY2FhLTExZTYtOGY4OC0zNDM2M2JjN2M0YzAiOnsiY3JlYXRlIjozMDAwMDAwMDAwMH19",
          "dependencies": [
            "module.mssql_rules_alerts.newrelic_alert_policy.policy"
          ]
        },
        {
          "index_key": "71",
          "schema_version": 0,
          "attributes": {
            "account_id": 4411834,
            "aggregation_delay": "120",
            "aggregation_method": "event_flow",
            "aggregation_timer": null,
            "aggregation_window": 300,
            "baseline_direction": "upper_only",
            "close_violations_on_expiration": false,
            "critical": [],
            "description": "Page P_ID is linked to page P_ID2 but the two pages are allocated to different indexes and/or objects.",
            "enabled": false,
            "entity_guid": "NDQxMTgzNHxBSU9QU3xDT05ESVRJT058NDY4Nzg4Mzc",
            "evaluation_delay": null,
            "expiration_duration": 0,
            "fill_option": "none",
            "fill_value": 0,
            "id": "5862737:46878837",
            "ignore_on_expected_termination": false,
            "name": "MSSQL on Windows: Table error: Cross object linkage. Page PGID-\u003enext is not in the same index",
            "nrql": [
              {
                "data_account_id": 0,
                "evaluation_offset": 0,
                "query": "FROM Log SELECT uniqueCount(message) WHERE EventID=8982 AND message LIKE '%error%' FACET hostname",
                "since_value": ""
              }
            ],
            "open_violation_on_expiration": false,
            "policy_id": 5862737,
            "runbook_url": "https://www.example.com",
            "slide_by": null,
            "term": [],
            "timeouts": null,
            "title_template": "",
            "type": "static",
            "violation_time_limit": "ONE_HOUR",
            "violation_time_limit_seconds": 3600,
            "warning": [
              {
                "duration": 0,
                "operator": "above_or_equals",
                "threshold": 1,
                "threshold_duration": 300,
                "threshold_occurrences": "all",
                "time_function": ""
              }
            ]
          },
          "sensitive_attributes": [],
          "private": "eyJlMmJmYjczMC1lY2FhLTExZTYtOGY4OC0zNDM2M2JjN2M0YzAiOnsiY3JlYXRlIjozMDAwMDAwMDAwMH19",
          "dependencies": [
            "module.mssql_rules_alerts.newrelic_alert_policy.policy"
          ]
        },
        {
          "index_key": "72",
          "schema_version": 0,
          "attributes": {
            "account_id": 4411834,
            "aggregation_delay": "120",
            "aggregation_method": "event_flow",
            "aggregation_timer": null,
            "aggregation_window": 300,
            "baseline_direction": "upper_only",
            "close_violations_on_expiration": false,
            "critical": [],
            "description": "This message is raised when the server fails to respond to new queries within a certain time limit.",
            "enabled": false,
            "entity_guid": "NDQxMTgzNHxBSU9QU3xDT05ESVRJT058NDY4Nzg3OTE",
            "evaluation_delay": null,
            "expiration_duration": 0,
            "fill_option": "none",
            "fill_value": 0,
            "id": "5862737:46878791",
            "ignore_on_expected_termination": false,
            "name": "MSSQL on Windows: Potential deadlocks exist on all schedulers on Node",
            "nrql": [
              {
                "data_account_id": 0,
                "evaluation_offset": 0,
                "query": "FROM Log SELECT uniqueCount(message) WHERE EventID=17884 AND message LIKE '%error%' FACET hostname",
                "since_value": ""
              }
            ],
            "open_violation_on_expiration": false,
            "policy_id": 5862737,
            "runbook_url": "https://www.example.com",
            "slide_by": null,
            "term": [],
            "timeouts": null,
            "title_template": "",
            "type": "static",
            "violation_time_limit": "ONE_HOUR",
            "violation_time_limit_seconds": 3600,
            "warning": [
              {
                "duration": 0,
                "operator": "above_or_equals",
                "threshold": 1,
                "threshold_duration": 300,
                "threshold_occurrences": "all",
                "time_function": ""
              }
            ]
          },
          "sensitive_attributes": [],
          "private": "eyJlMmJmYjczMC1lY2FhLTExZTYtOGY4OC0zNDM2M2JjN2M0YzAiOnsiY3JlYXRlIjozMDAwMDAwMDAwMH19",
          "dependencies": [
            "module.mssql_rules_alerts.newrelic_alert_policy.policy"
          ]
        },
        {
          "index_key": "73",
          "schema_version": 0,
          "attributes": {
            "account_id": 4411834,
            "aggregation_delay": "120",
            "aggregation_method": "event_flow",
            "aggregation_timer": null,
            "aggregation_window": 300,
            "baseline_direction": "upper_only",
            "close_violations_on_expiration": false,
            "critical": [],
            "description": "The rule triggers an alert when SQL Server Service Broker is not able to allocate memory for cryptographic operations.",
            "enabled": false,
            "entity_guid": "NDQxMTgzNHxBSU9QU3xDT05ESVRJT058NDY4Nzg3NjE",
            "evaluation_delay": null,
            "expiration_duration": 0,
            "fill_option": "none",
            "fill_value": 0,
            "id": "5862737:46878761",
            "ignore_on_expected_termination": false,
            "name": "MSSQL on Windows: Service Broker was not able to allocate memory for cryptographic operations",
            "nrql": [
              {
                "data_account_id": 0,
                "evaluation_offset": 0,
                "query": "FROM Log SELECT uniqueCount(message) WHERE EventID=9634 AND message LIKE '%error%' FACET hostname",
                "since_value": ""
              }
            ],
            "open_violation_on_expiration": false,
            "policy_id": 5862737,
            "runbook_url": "https://www.example.com",
            "slide_by": null,
            "term": [],
            "timeouts": null,
            "title_template": "",
            "type": "static",
            "violation_time_limit": "ONE_HOUR",
            "violation_time_limit_seconds": 3600,
            "warning": [
              {
                "duration": 0,
                "operator": "above_or_equals",
                "threshold": 1,
                "threshold_duration": 300,
                "threshold_occurrences": "all",
                "time_function": ""
              }
            ]
          },
          "sensitive_attributes": [],
          "private": "eyJlMmJmYjczMC1lY2FhLTExZTYtOGY4OC0zNDM2M2JjN2M0YzAiOnsiY3JlYXRlIjozMDAwMDAwMDAwMH19",
          "dependencies": [
            "module.mssql_rules_alerts.newrelic_alert_policy.policy"
          ]
        },
        {
          "index_key": "74",
          "schema_version": 0,
          "attributes": {
            "account_id": 4411834,
            "aggregation_delay": "120",
            "aggregation_method": "event_flow",
            "aggregation_timer": null,
            "aggregation_window": 300,
            "baseline_direction": "upper_only",
            "close_violations_on_expiration": false,
            "critical": [],
            "description": "The backup of the master database that you are restoring is not usable. The file itself may have been corrupted, or the original master database from which the backup was taken may have data integrity problems.",
            "enabled": false,
            "entity_guid": "NDQxMTgzNHxBSU9QU3xDT05ESVRJT058NDY4Nzg3NTM",
            "evaluation_delay": null,
            "expiration_duration": 0,
            "fill_option": "none",
            "fill_value": 0,
            "id": "5862737:46878753",
            "ignore_on_expected_termination": false,
            "name": "MSSQL on Windows: Failed to restore master database. Shutting down SQL Server",
            "nrql": [
              {
                "data_account_id": 0,
                "evaluation_offset": 0,
                "query": "FROM Log SELECT uniqueCount(message) WHERE EventID=3151 AND message LIKE '%error%' FACET hostname",
                "since_value": ""
              }
            ],
            "open_violation_on_expiration": false,
            "policy_id": 5862737,
            "runbook_url": "https://www.example.com",
            "slide_by": null,
            "term": [],
            "timeouts": null,
            "title_template": "",
            "type": "static",
            "violation_time_limit": "ONE_HOUR",
            "violation_time_limit_seconds": 3600,
            "warning": [
              {
                "duration": 0,
                "operator": "above_or_equals",
                "threshold": 1,
                "threshold_duration": 300,
                "threshold_occurrences": "all",
                "time_function": ""
              }
            ]
          },
          "sensitive_attributes": [],
          "private": "eyJlMmJmYjczMC1lY2FhLTExZTYtOGY4OC0zNDM2M2JjN2M0YzAiOnsiY3JlYXRlIjozMDAwMDAwMDAwMH19",
          "dependencies": [
            "module.mssql_rules_alerts.newrelic_alert_policy.policy"
          ]
        },
        {
          "index_key": "75",
          "schema_version": 0,
          "attributes": {
            "account_id": 4411834,
            "aggregation_delay": "120",
            "aggregation_method": "event_flow",
            "aggregation_timer": null,
            "aggregation_window": 300,
            "baseline_direction": "upper_only",
            "close_violations_on_expiration": false,
            "critical": [],
            "description": "The slot specified has an invalid offset (ADDRESS) in the page, according to the slot array.",
            "enabled": false,
            "entity_guid": "NDQxMTgzNHxBSU9QU3xDT05ESVRJT058NDY4Nzg3NzE",
            "evaluation_delay": null,
            "expiration_duration": 0,
            "fill_option": "none",
            "fill_value": 0,
            "id": "5862737:46878771",
            "ignore_on_expected_termination": false,
            "name": "MSSQL on Windows: Table error: Object, index, page Test failed. Slot - Offset is invalid",
            "nrql": [
              {
                "data_account_id": 0,
                "evaluation_offset": 0,
                "query": "FROM Log SELECT uniqueCount(message) WHERE EventID=8941 AND message LIKE '%error%' FACET hostname",
                "since_value": ""
              }
            ],
            "open_violation_on_expiration": false,
            "policy_id": 5862737,
            "runbook_url": "https://www.example.com",
            "slide_by": null,
            "term": [],
            "timeouts": null,
            "title_template": "",
            "type": "static",
            "violation_time_limit": "ONE_HOUR",
            "violation_time_limit_seconds": 3600,
            "warning": [
              {
                "duration": 0,
                "operator": "above_or_equals",
                "threshold": 1,
                "threshold_duration": 300,
                "threshold_occurrences": "all",
                "time_function": ""
              }
            ]
          },
          "sensitive_attributes": [],
          "private": "eyJlMmJmYjczMC1lY2FhLTExZTYtOGY4OC0zNDM2M2JjN2M0YzAiOnsiY3JlYXRlIjozMDAwMDAwMDAwMH19",
          "dependencies": [
            "module.mssql_rules_alerts.newrelic_alert_policy.policy"
          ]
        },
        {
          "index_key": "76",
          "schema_version": 0,
          "attributes": {
            "account_id": 4411834,
            "aggregation_delay": "120",
            "aggregation_method": "event_flow",
            "aggregation_timer": null,
            "aggregation_window": 300,
            "baseline_direction": "upper_only",
            "close_violations_on_expiration": false,
            "critical": [],
            "description": "Space can be created by dropping objects, adding additional files, or allowing file growth.",
            "enabled": false,
            "entity_guid": "NDQxMTgzNHxBSU9QU3xDT05ESVRJT058NDY4Nzg3Mzg",
            "evaluation_delay": null,
            "expiration_duration": 0,
            "fill_option": "none",
            "fill_value": 0,
            "id": "5862737:46878738",
            "ignore_on_expected_termination": false,
            "name": "MSSQL on Windows: Could not allocate new page for database. There are no more pages available in Filegroup",
            "nrql": [
              {
                "data_account_id": 0,
                "evaluation_offset": 0,
                "query": "FROM Log SELECT uniqueCount(message) WHERE EventID=1101 AND message LIKE '%error%' FACET hostname",
                "since_value": ""
              }
            ],
            "open_violation_on_expiration": false,
            "policy_id": 5862737,
            "runbook_url": "https://www.example.com",
            "slide_by": null,
            "term": [],
            "timeouts": null,
            "title_template": "",
            "type": "static",
            "violation_time_limit": "ONE_HOUR",
            "violation_time_limit_seconds": 3600,
            "warning": [
              {
                "duration": 0,
                "operator": "above_or_equals",
                "threshold": 1,
                "threshold_duration": 300,
                "threshold_occurrences": "all",
                "time_function": ""
              }
            ]
          },
          "sensitive_attributes": [],
          "private": "eyJlMmJmYjczMC1lY2FhLTExZTYtOGY4OC0zNDM2M2JjN2M0YzAiOnsiY3JlYXRlIjozMDAwMDAwMDAwMH19",
          "dependencies": [
            "module.mssql_rules_alerts.newrelic_alert_policy.policy"
          ]
        },
        {
          "index_key": "77",
          "schema_version": 0,
          "attributes": {
            "account_id": 4411834,
            "aggregation_delay": "120",
            "aggregation_method": "event_flow",
            "aggregation_timer": null,
            "aggregation_window": 300,
            "baseline_direction": "upper_only",
            "close_violations_on_expiration": false,
            "critical": [],
            "description": "SQL Server Service Broker cannot start the Service Broker event handler.",
            "enabled": false,
            "entity_guid": "NDQxMTgzNHxBSU9QU3xDT05ESVRJT058NDY4Nzg3Nzg",
            "evaluation_delay": null,
            "expiration_duration": 0,
            "fill_option": "none",
            "fill_value": 0,
            "id": "5862737:46878778",
            "ignore_on_expected_termination": false,
            "name": "MSSQL on Windows: SQL Server cannot start the Service Broker event handler",
            "nrql": [
              {
                "data_account_id": 0,
                "evaluation_offset": 0,
                "query": "FROM Log SELECT uniqueCount(message) WHERE EventID=9696 AND message LIKE '%error%' FACET hostname",
                "since_value": ""
              }
            ],
            "open_violation_on_expiration": false,
            "policy_id": 5862737,
            "runbook_url": "https://www.example.com",
            "slide_by": null,
            "term": [],
            "timeouts": null,
            "title_template": "",
            "type": "static",
            "violation_time_limit": "ONE_HOUR",
            "violation_time_limit_seconds": 3600,
            "warning": [
              {
                "duration": 0,
                "operator": "above_or_equals",
                "threshold": 1,
                "threshold_duration": 300,
                "threshold_occurrences": "all",
                "time_function": ""
              }
            ]
          },
          "sensitive_attributes": [],
          "private": "eyJlMmJmYjczMC1lY2FhLTExZTYtOGY4OC0zNDM2M2JjN2M0YzAiOnsiY3JlYXRlIjozMDAwMDAwMDAwMH19",
          "dependencies": [
            "module.mssql_rules_alerts.newrelic_alert_policy.policy"
          ]
        },
        {
          "index_key": "78",
          "schema_version": 0,
          "attributes": {
            "account_id": 4411834,
            "aggregation_delay": "120",
            "aggregation_method": "event_flow",
            "aggregation_timer": null,
            "aggregation_window": 300,
            "baseline_direction": "upper_only",
            "close_violations_on_expiration": false,
            "critical": [],
            "description": "SQL Server Service Broker cannot start the Service Broker task manager.",
            "enabled": false,
            "entity_guid": "NDQxMTgzNHxBSU9QU3xDT05ESVRJT058NDY4Nzg3ODU",
            "evaluation_delay": null,
            "expiration_duration": 0,
            "fill_option": "none",
            "fill_value": 0,
            "id": "5862737:46878785",
            "ignore_on_expected_termination": false,
            "name": "MSSQL on Windows: SQL Server could not allocate enough memory to start Service Broker task manager",
            "nrql": [
              {
                "data_account_id": 0,
                "evaluation_offset": 0,
                "query": "FROM Log SELECT uniqueCount(message) WHERE EventID=9695 AND message LIKE '%error%' FACET hostname",
                "since_value": ""
              }
            ],
            "open_violation_on_expiration": false,
            "policy_id": 5862737,
            "runbook_url": "https://www.example.com",
            "slide_by": null,
            "term": [],
            "timeouts": null,
            "title_template": "",
            "type": "static",
            "violation_time_limit": "ONE_HOUR",
            "violation_time_limit_seconds": 3600,
            "warning": [
              {
                "duration": 0,
                "operator": "above_or_equals",
                "threshold": 1,
                "threshold_duration": 300,
                "threshold_occurrences": "all",
                "time_function": ""
              }
            ]
          },
          "sensitive_attributes": [],
          "private": "eyJlMmJmYjczMC1lY2FhLTExZTYtOGY4OC0zNDM2M2JjN2M0YzAiOnsiY3JlYXRlIjozMDAwMDAwMDAwMH19",
          "dependencies": [
            "module.mssql_rules_alerts.newrelic_alert_policy.policy"
          ]
        },
        {
          "index_key": "79",
          "schema_version": 0,
          "attributes": {
            "account_id": 4411834,
            "aggregation_delay": "120",
            "aggregation_method": "event_flow",
            "aggregation_timer": null,
            "aggregation_window": 300,
            "baseline_direction": "upper_only",
            "close_violations_on_expiration": false,
            "critical": [],
            "description": "SQL Server has failed to allocate the sufficient amount of memory to run the query.",
            "enabled": false,
            "entity_guid": "NDQxMTgzNHxBSU9QU3xDT05ESVRJT058NDY4Nzg3Njk",
            "evaluation_delay": null,
            "expiration_duration": 0,
            "fill_option": "none",
            "fill_value": 0,
            "id": "5862737:46878769",
            "ignore_on_expected_termination": false,
            "name": "MSSQL on Windows: SQL Server Out Of Memory",
            "nrql": [
              {
                "data_account_id": 0,
                "evaluation_offset": 0,
                "query": "FROM Log SELECT uniqueCount(message) WHERE EventID=701 AND message LIKE '%error%' FACET hostname",
                "since_value": ""
              }
            ],
            "open_violation_on_expiration": false,
            "policy_id": 5862737,
            "runbook_url": "https://www.example.com",
            "slide_by": null,
            "term": [],
            "timeouts": null,
            "title_template": "",
            "type": "static",
            "violation_time_limit": "ONE_HOUR",
            "violation_time_limit_seconds": 3600,
            "warning": [
              {
                "duration": 0,
                "operator": "above_or_equals",
                "threshold": 1,
                "threshold_duration": 300,
                "threshold_occurrences": "all",
                "time_function": ""
              }
            ]
          },
          "sensitive_attributes": [],
          "private": "eyJlMmJmYjczMC1lY2FhLTExZTYtOGY4OC0zNDM2M2JjN2M0YzAiOnsiY3JlYXRlIjozMDAwMDAwMDAwMH19",
          "dependencies": [
            "module.mssql_rules_alerts.newrelic_alert_policy.policy"
          ]
        },
        {
          "index_key": "8",
          "schema_version": 0,
          "attributes": {
            "account_id": 4411834,
            "aggregation_delay": "120",
            "aggregation_method": "event_flow",
            "aggregation_timer": null,
            "aggregation_window": 300,
            "baseline_direction": "upper_only",
            "close_violations_on_expiration": false,
            "critical": [],
            "description": "The rule triggers an alert when an error occurs while processing SQL Server Service Broker mirroring routes.",
            "enabled": false,
            "entity_guid": "NDQxMTgzNHxBSU9QU3xDT05ESVRJT058NDY4Nzg3NzU",
            "evaluation_delay": null,
            "expiration_duration": 0,
            "fill_option": "none",
            "fill_value": 0,
            "id": "5862737:46878775",
            "ignore_on_expected_termination": false,
            "name": "MSSQL on Windows: An error occurred while processing SQL Server Service Broker mirroring routes",
            "nrql": [
              {
                "data_account_id": 0,
                "evaluation_offset": 0,
                "query": "FROM Log SELECT uniqueCount(message) WHERE EventID=9789 AND message LIKE '%error%' FACET hostname",
                "since_value": ""
              }
            ],
            "open_violation_on_expiration": false,
            "policy_id": 5862737,
            "runbook_url": "https://www.example.com",
            "slide_by": null,
            "term": [],
            "timeouts": null,
            "title_template": "",
            "type": "static",
            "violation_time_limit": "ONE_HOUR",
            "violation_time_limit_seconds": 3600,
            "warning": [
              {
                "duration": 0,
                "operator": "above_or_equals",
                "threshold": 1,
                "threshold_duration": 300,
                "threshold_occurrences": "all",
                "time_function": ""
              }
            ]
          },
          "sensitive_attributes": [],
          "private": "eyJlMmJmYjczMC1lY2FhLTExZTYtOGY4OC0zNDM2M2JjN2M0YzAiOnsiY3JlYXRlIjozMDAwMDAwMDAwMH19",
          "dependencies": [
            "module.mssql_rules_alerts.newrelic_alert_policy.policy"
          ]
        },
        {
          "index_key": "80",
          "schema_version": 0,
          "attributes": {
            "account_id": 4411834,
            "aggregation_delay": "120",
            "aggregation_method": "event_flow",
            "aggregation_timer": null,
            "aggregation_window": 300,
            "baseline_direction": "upper_only",
            "close_violations_on_expiration": false,
            "critical": [],
            "description": "SQL Server Service Broker has a conversation where at least one endpoint has been configured to use RC4 encryption and the server is set for Federal Information Processing Standard (FIPS) compliance mode. RC4 encryption is not supported when running in FIPS compliance mode.",
            "enabled": false,
            "entity_guid": "NDQxMTgzNHxBSU9QU3xDT05ESVRJT058NDY4Nzg4MDY",
            "evaluation_delay": null,
            "expiration_duration": 0,
            "fill_option": "none",
            "fill_value": 0,
            "id": "5862737:46878806",
            "ignore_on_expected_termination": false,
            "name": "MSSQL on Windows: SQL Server Service Broker cannot use RC4 encryption algorithm when running in FIPS compliance mode",
            "nrql": [
              {
                "data_account_id": 0,
                "evaluation_offset": 0,
                "query": "FROM Log SELECT uniqueCount(message) WHERE EventID=28078 AND message LIKE '%error%' FACET hostname",
                "since_value": ""
              }
            ],
            "open_violation_on_expiration": false,
            "policy_id": 5862737,
            "runbook_url": "https://www.example.com",
            "slide_by": null,
            "term": [],
            "timeouts": null,
            "title_template": "",
            "type": "static",
            "violation_time_limit": "ONE_HOUR",
            "violation_time_limit_seconds": 3600,
            "warning": [
              {
                "duration": 0,
                "operator": "above_or_equals",
                "threshold": 1,
                "threshold_duration": 300,
                "threshold_occurrences": "all",
                "time_function": ""
              }
            ]
          },
          "sensitive_attributes": [],
          "private": "eyJlMmJmYjczMC1lY2FhLTExZTYtOGY4OC0zNDM2M2JjN2M0YzAiOnsiY3JlYXRlIjozMDAwMDAwMDAwMH19",
          "dependencies": [
            "module.mssql_rules_alerts.newrelic_alert_policy.policy"
          ]
        },
        {
          "index_key": "81",
          "schema_version": 0,
          "attributes": {
            "account_id": 4411834,
            "aggregation_delay": "120",
            "aggregation_method": "event_flow",
            "aggregation_timer": null,
            "aggregation_window": 300,
            "baseline_direction": "upper_only",
            "close_violations_on_expiration": false,
            "critical": [],
            "description": "SQL Server Service Broker could not query the FIPS compliance mode flag from the registry.",
            "enabled": false,
            "entity_guid": "NDQxMTgzNHxBSU9QU3xDT05ESVRJT058NDY4Nzg3MzA",
            "evaluation_delay": null,
            "expiration_duration": 0,
            "fill_option": "none",
            "fill_value": 0,
            "id": "5862737:46878730",
            "ignore_on_expected_termination": false,
            "name": "MSSQL on Windows: SQL Server Service Broker could not query the FIPS compliance mode flag from the registry",
            "nrql": [
              {
                "data_account_id": 0,
                "evaluation_offset": 0,
                "query": "FROM Log SELECT uniqueCount(message) WHERE EventID=28076 AND message LIKE '%error%' FACET hostname",
                "since_value": ""
              }
            ],
            "open_violation_on_expiration": false,
            "policy_id": 5862737,
            "runbook_url": "https://www.example.com",
            "slide_by": null,
            "term": [],
            "timeouts": null,
            "title_template": "",
            "type": "static",
            "violation_time_limit": "ONE_HOUR",
            "violation_time_limit_seconds": 3600,
            "warning": [
              {
                "duration": 0,
                "operator": "above_or_equals",
                "threshold": 1,
                "threshold_duration": 300,
                "threshold_occurrences": "all",
                "time_function": ""
              }
            ]
          },
          "sensitive_attributes": [],
          "private": "eyJlMmJmYjczMC1lY2FhLTExZTYtOGY4OC0zNDM2M2JjN2M0YzAiOnsiY3JlYXRlIjozMDAwMDAwMDAwMH19",
          "dependencies": [
            "module.mssql_rules_alerts.newrelic_alert_policy.policy"
          ]
        },
        {
          "index_key": "82",
          "schema_version": 0,
          "attributes": {
            "account_id": 4411834,
            "aggregation_delay": "120",
            "aggregation_method": "event_flow",
            "aggregation_timer": null,
            "aggregation_window": 300,
            "baseline_direction": "upper_only",
            "close_violations_on_expiration": false,
            "critical": [],
            "description": "SQL Server Service Broker or Database Mirror attempted to call an operating system cryptographic function. The cryptographic function returned an error.",
            "enabled": false,
            "entity_guid": "NDQxMTgzNHxBSU9QU3xDT05ESVRJT058NDY4Nzg3NjI",
            "evaluation_delay": null,
            "expiration_duration": 0,
            "fill_option": "none",
            "fill_value": 0,
            "id": "5862737:46878762",
            "ignore_on_expected_termination": false,
            "name": "MSSQL on Windows: SQL Server Service Broker or Database Mirror cryptographic call failed",
            "nrql": [
              {
                "data_account_id": 0,
                "evaluation_offset": 0,
                "query": "FROM Log SELECT uniqueCount(message) WHERE EventID=9650 AND message LIKE '%error%' FACET hostname",
                "since_value": ""
              }
            ],
            "open_violation_on_expiration": false,
            "policy_id": 5862737,
            "runbook_url": "https://www.example.com",
            "slide_by": null,
            "term": [],
            "timeouts": null,
            "title_template": "",
            "type": "static",
            "violation_time_limit": "ONE_HOUR",
            "violation_time_limit_seconds": 3600,
            "warning": [
              {
                "duration": 0,
                "operator": "above_or_equals",
                "threshold": 1,
                "threshold_duration": 300,
                "threshold_occurrences": "all",
                "time_function": ""
              }
            ]
          },
          "sensitive_attributes": [],
          "private": "eyJlMmJmYjczMC1lY2FhLTExZTYtOGY4OC0zNDM2M2JjN2M0YzAiOnsiY3JlYXRlIjozMDAwMDAwMDAwMH19",
          "dependencies": [
            "module.mssql_rules_alerts.newrelic_alert_policy.policy"
          ]
        },
        {
          "index_key": "83",
          "schema_version": 0,
          "attributes": {
            "account_id": 4411834,
            "aggregation_delay": "120",
            "aggregation_method": "event_flow",
            "aggregation_timer": null,
            "aggregation_window": 300,
            "baseline_direction": "upper_only",
            "close_violations_on_expiration": false,
            "critical": [],
            "description": "SQL Server Service Broker tries to use an unsupported encryption algorithm.",
            "enabled": false,
            "entity_guid": "NDQxMTgzNHxBSU9QU3xDT05ESVRJT058NDY4Nzg3NTI",
            "evaluation_delay": null,
            "expiration_duration": 0,
            "fill_option": "none",
            "fill_value": 0,
            "id": "5862737:46878752",
            "ignore_on_expected_termination": false,
            "name": "MSSQL on Windows: SQL Server Service Broker attempted to use an unsupported encryption algorithm",
            "nrql": [
              {
                "data_account_id": 0,
                "evaluation_offset": 0,
                "query": "FROM Log SELECT uniqueCount(message) WHERE EventID=28060 AND message LIKE '%error%' FACET hostname",
                "since_value": ""
              }
            ],
            "open_violation_on_expiration": false,
            "policy_id": 5862737,
            "runbook_url": "https://www.example.com",
            "slide_by": null,
            "term": [],
            "timeouts": null,
            "title_template": "",
            "type": "static",
            "violation_time_limit": "ONE_HOUR",
            "violation_time_limit_seconds": 3600,
            "warning": [
              {
                "duration": 0,
                "operator": "above_or_equals",
                "threshold": 1,
                "threshold_duration": 300,
                "threshold_occurrences": "all",
                "time_function": ""
              }
            ]
          },
          "sensitive_attributes": [],
          "private": "eyJlMmJmYjczMC1lY2FhLTExZTYtOGY4OC0zNDM2M2JjN2M0YzAiOnsiY3JlYXRlIjozMDAwMDAwMDAwMH19",
          "dependencies": [
            "module.mssql_rules_alerts.newrelic_alert_policy.policy"
          ]
        },
        {
          "index_key": "84",
          "schema_version": 0,
          "attributes": {
            "account_id": 4411834,
            "aggregation_delay": "120",
            "aggregation_method": "event_flow",
            "aggregation_timer": null,
            "aggregation_window": 300,
            "baseline_direction": "upper_only",
            "close_violations_on_expiration": false,
            "critical": [],
            "description": "The page specified has an invalid page header.",
            "enabled": false,
            "entity_guid": "NDQxMTgzNHxBSU9QU3xDT05ESVRJT058NDY4Nzg3OTg",
            "evaluation_delay": null,
            "expiration_duration": 0,
            "fill_option": "none",
            "fill_value": 0,
            "id": "5862737:46878798",
            "ignore_on_expected_termination": false,
            "name": "MSSQL on Windows: Table error: Allocation page has invalid page header values.",
            "nrql": [
              {
                "data_account_id": 0,
                "evaluation_offset": 0,
                "query": "FROM Log SELECT uniqueCount(message) WHERE EventID=8946 AND message LIKE '%error%' FACET hostname",
                "since_value": ""
              }
            ],
            "open_violation_on_expiration": false,
            "policy_id": 5862737,
            "runbook_url": "https://www.example.com",
            "slide_by": null,
            "term": [],
            "timeouts": null,
            "title_template": "",
            "type": "static",
            "violation_time_limit": "ONE_HOUR",
            "violation_time_limit_seconds": 3600,
            "warning": [
              {
                "duration": 0,
                "operator": "above_or_equals",
                "threshold": 1,
                "threshold_duration": 300,
                "threshold_occurrences": "all",
                "time_function": ""
              }
            ]
          },
          "sensitive_attributes": [],
          "private": "eyJlMmJmYjczMC1lY2FhLTExZTYtOGY4OC0zNDM2M2JjN2M0YzAiOnsiY3JlYXRlIjozMDAwMDAwMDAwMH19",
          "dependencies": [
            "module.mssql_rules_alerts.newrelic_alert_policy.policy"
          ]
        },
        {
          "index_key": "85",
          "schema_version": 0,
          "attributes": {
            "account_id": 4411834,
            "aggregation_delay": "120",
            "aggregation_method": "event_flow",
            "aggregation_timer": null,
            "aggregation_window": 300,
            "baseline_direction": "upper_only",
            "close_violations_on_expiration": false,
            "critical": [],
            "description": "There is a break in the logical page chain at some level in the B-tree specified.",
            "enabled": false,
            "entity_guid": "NDQxMTgzNHxBSU9QU3xDT05ESVRJT058NDY4Nzg3NDc",
            "evaluation_delay": null,
            "expiration_duration": 0,
            "fill_option": "none",
            "fill_value": 0,
            "id": "5862737:46878747",
            "ignore_on_expected_termination": false,
            "name": "MSSQL on Windows: Table error: B-tree chain linkage mismatch.",
            "nrql": [
              {
                "data_account_id": 0,
                "evaluation_offset": 0,
                "query": "FROM Log SELECT uniqueCount(message) WHERE EventID=8936 AND message LIKE '%error%' FACET hostname",
                "since_value": ""
              }
            ],
            "open_violation_on_expiration": false,
            "policy_id": 5862737,
            "runbook_url": "https://www.example.com",
            "slide_by": null,
            "term": [],
            "timeouts": null,
            "title_template": "",
            "type": "static",
            "violation_time_limit": "ONE_HOUR",
            "violation_time_limit_seconds": 3600,
            "warning": [
              {
                "duration": 0,
                "operator": "above_or_equals",
                "threshold": 1,
                "threshold_duration": 300,
                "threshold_occurrences": "all",
                "time_function": ""
              }
            ]
          },
          "sensitive_attributes": [],
          "private": "eyJlMmJmYjczMC1lY2FhLTExZTYtOGY4OC0zNDM2M2JjN2M0YzAiOnsiY3JlYXRlIjozMDAwMDAwMDAwMH19",
          "dependencies": [
            "module.mssql_rules_alerts.newrelic_alert_policy.policy"
          ]
        },
        {
          "index_key": "86",
          "schema_version": 0,
          "attributes": {
            "account_id": 4411834,
            "aggregation_delay": "120",
            "aggregation_method": "event_flow",
            "aggregation_timer": null,
            "aggregation_window": 300,
            "baseline_direction": "upper_only",
            "close_violations_on_expiration": false,
            "critical": [],
            "description": "There are two pages linked as parent (P_ID2) and child (P_ID1) in a B-tree. The level (LEVEL1) in the child page (P_ID1) does not comply with the level rules for B-trees, given the level (LEVEL2) in the parent page (P_ID2).",
            "enabled": false,
            "entity_guid": "NDQxMTgzNHxBSU9QU3xDT05ESVRJT058NDY4Nzg3NjU",
            "evaluation_delay": null,
            "expiration_duration": 0,
            "fill_option": "none",
            "fill_value": 0,
            "id": "5862737:46878765",
            "ignore_on_expected_termination": false,
            "name": "MSSQL on Windows: Table error: B-tree level mismatch, page does not match level from parent",
            "nrql": [
              {
                "data_account_id": 0,
                "evaluation_offset": 0,
                "query": "FROM Log SELECT uniqueCount(message) WHERE EventID=8931 AND message LIKE '%error%' FACET hostname",
                "since_value": ""
              }
            ],
            "open_violation_on_expiration": false,
            "policy_id": 5862737,
            "runbook_url": "https://www.example.com",
            "slide_by": null,
            "term": [],
            "timeouts": null,
            "title_template": "",
            "type": "static",
            "violation_time_limit": "ONE_HOUR",
            "violation_time_limit_seconds": 3600,
            "warning": [
              {
                "duration": 0,
                "operator": "above_or_equals",
                "threshold": 1,
                "threshold_duration": 300,
                "threshold_occurrences": "all",
                "time_function": ""
              }
            ]
          },
          "sensitive_attributes": [],
          "private": "eyJlMmJmYjczMC1lY2FhLTExZTYtOGY4OC0zNDM2M2JjN2M0YzAiOnsiY3JlYXRlIjozMDAwMDAwMDAwMH19",
          "dependencies": [
            "module.mssql_rules_alerts.newrelic_alert_policy.policy"
          ]
        },
        {
          "index_key": "87",
          "schema_version": 0,
          "attributes": {
            "account_id": 4411834,
            "aggregation_delay": "120",
            "aggregation_method": "event_flow",
            "aggregation_timer": null,
            "aggregation_window": 300,
            "baseline_direction": "upper_only",
            "close_violations_on_expiration": false,
            "critical": [],
            "description": "The B-tree structure is corrupt because page P_ID1 is referenced as a child page by slots in two pages higher in the B-tree, P_ID2 and P_ID3. A page can only be referenced by a single parent.",
            "enabled": false,
            "entity_guid": "NDQxMTgzNHxBSU9QU3xDT05ESVRJT058NDY4Nzg3OTU",
            "evaluation_delay": null,
            "expiration_duration": 0,
            "fill_option": "none",
            "fill_value": 0,
            "id": "5862737:46878795",
            "ignore_on_expected_termination": false,
            "name": "MSSQL on Windows: Table error: B-tree page has two parent nodes",
            "nrql": [
              {
                "data_account_id": 0,
                "evaluation_offset": 0,
                "query": "FROM Log SELECT uniqueCount(message) WHERE EventID=8937 AND message LIKE '%error%' FACET hostname",
                "since_value": ""
              }
            ],
            "open_violation_on_expiration": false,
            "policy_id": 5862737,
            "runbook_url": "https://www.example.com",
            "slide_by": null,
            "term": [],
            "timeouts": null,
            "title_template": "",
            "type": "static",
            "violation_time_limit": "ONE_HOUR",
            "violation_time_limit_seconds": 3600,
            "warning": [
              {
                "duration": 0,
                "operator": "above_or_equals",
                "threshold": 1,
                "threshold_duration": 300,
                "threshold_occurrences": "all",
                "time_function": ""
              }
            ]
          },
          "sensitive_attributes": [],
          "private": "eyJlMmJmYjczMC1lY2FhLTExZTYtOGY4OC0zNDM2M2JjN2M0YzAiOnsiY3JlYXRlIjozMDAwMDAwMDAwMH19",
          "dependencies": [
            "module.mssql_rules_alerts.newrelic_alert_policy.policy"
          ]
        },
        {
          "index_key": "88",
          "schema_version": 0,
          "attributes": {
            "account_id": 4411834,
            "aggregation_delay": "120",
            "aggregation_method": "event_flow",
            "aggregation_timer": null,
            "aggregation_window": 300,
            "baseline_direction": "upper_only",
            "close_violations_on_expiration": false,
            "critical": [],
            "description": "The first phase of a DBCC CHECKDB is to do primitive checks on the data pages of critical system tables. If any errors are found, they cannot be repaired and so the DBCC CHECKDB terminates immediately.",
            "enabled": false,
            "entity_guid": "NDQxMTgzNHxBSU9QU3xDT05ESVRJT058NDY4Nzg3Mzk",
            "evaluation_delay": null,
            "expiration_duration": 0,
            "fill_option": "none",
            "fill_value": 0,
            "id": "5862737:46878739",
            "ignore_on_expected_termination": false,
            "name": "MSSQL on Windows: Table error: cross-object chain linkage",
            "nrql": [
              {
                "data_account_id": 0,
                "evaluation_offset": 0,
                "query": "FROM Log SELECT uniqueCount(message) WHERE EventID=8930 AND message LIKE '%error%' FACET hostname",
                "since_value": ""
              }
            ],
            "open_violation_on_expiration": false,
            "policy_id": 5862737,
            "runbook_url": "https://www.example.com",
            "slide_by": null,
            "term": [],
            "timeouts": null,
            "title_template": "",
            "type": "static",
            "violation_time_limit": "ONE_HOUR",
            "violation_time_limit_seconds": 3600,
            "warning": [
              {
                "duration": 0,
                "operator": "above_or_equals",
                "threshold": 1,
                "threshold_duration": 300,
                "threshold_occurrences": "all",
                "time_function": ""
              }
            ]
          },
          "sensitive_attributes": [],
          "private": "eyJlMmJmYjczMC1lY2FhLTExZTYtOGY4OC0zNDM2M2JjN2M0YzAiOnsiY3JlYXRlIjozMDAwMDAwMDAwMH19",
          "dependencies": [
            "module.mssql_rules_alerts.newrelic_alert_policy.policy"
          ]
        },
        {
          "index_key": "89",
          "schema_version": 0,
          "attributes": {
            "account_id": 4411834,
            "aggregation_delay": "120",
            "aggregation_method": "event_flow",
            "aggregation_timer": null,
            "aggregation_window": 300,
            "baseline_direction": "upper_only",
            "close_violations_on_expiration": false,
            "critical": [],
            "description": "The page P_ID1 points, in a parent-child manner, to a page (P_ID2) in a different object.",
            "enabled": false,
            "entity_guid": "NDQxMTgzNHxBSU9QU3xDT05ESVRJT058NDY4Nzg3ODM",
            "evaluation_delay": null,
            "expiration_duration": 0,
            "fill_option": "none",
            "fill_value": 0,
            "id": "5862737:46878783",
            "ignore_on_expected_termination": false,
            "name": "MSSQL on Windows: Table error: Cross object linkage",
            "nrql": [
              {
                "data_account_id": 0,
                "evaluation_offset": 0,
                "query": "FROM Log SELECT uniqueCount(message) WHERE EventID=8925 AND message LIKE '%error%' FACET hostname",
                "since_value": ""
              }
            ],
            "open_violation_on_expiration": false,
            "policy_id": 5862737,
            "runbook_url": "https://www.example.com",
            "slide_by": null,
            "term": [],
            "timeouts": null,
            "title_template": "",
            "type": "static",
            "violation_time_limit": "ONE_HOUR",
            "violation_time_limit_seconds": 3600,
            "warning": [
              {
                "duration": 0,
                "operator": "above_or_equals",
                "threshold": 1,
                "threshold_duration": 300,
                "threshold_occurrences": "all",
                "time_function": ""
              }
            ]
          },
          "sensitive_attributes": [],
          "private": "eyJlMmJmYjczMC1lY2FhLTExZTYtOGY4OC0zNDM2M2JjN2M0YzAiOnsiY3JlYXRlIjozMDAwMDAwMDAwMH19",
          "dependencies": [
            "module.mssql_rules_alerts.newrelic_alert_policy.policy"
          ]
        },
        {
          "index_key": "9",
          "schema_version": 0,
          "attributes": {
            "account_id": 4411834,
            "aggregation_delay": "120",
            "aggregation_method": "event_flow",
            "aggregation_timer": null,
            "aggregation_window": 300,
            "baseline_direction": "upper_only",
            "close_violations_on_expiration": false,
            "critical": [],
            "description": "This error indicates a failure while processing the transaction log during rollback, recovery, or replication.",
            "enabled": false,
            "entity_guid": "NDQxMTgzNHxBSU9QU3xDT05ESVRJT058NDY4Nzg3NzY",
            "evaluation_delay": null,
            "expiration_duration": 0,
            "fill_option": "none",
            "fill_value": 0,
            "id": "5862737:46878776",
            "ignore_on_expected_termination": false,
            "name": "MSSQL on Windows: An error occurred while reading the log for database",
            "nrql": [
              {
                "data_account_id": 0,
                "evaluation_offset": 0,
                "query": "FROM Log SELECT uniqueCount(message) WHERE EventID=9004 AND message LIKE '%error%' FACET hostname",
                "since_value": ""
              }
            ],
            "open_violation_on_expiration": false,
            "policy_id": 5862737,
            "runbook_url": "https://www.example.com",
            "slide_by": null,
            "term": [],
            "timeouts": null,
            "title_template": "",
            "type": "static",
            "violation_time_limit": "ONE_HOUR",
            "violation_time_limit_seconds": 3600,
            "warning": [
              {
                "duration": 0,
                "operator": "above_or_equals",
                "threshold": 1,
                "threshold_duration": 300,
                "threshold_occurrences": "all",
                "time_function": ""
              }
            ]
          },
          "sensitive_attributes": [],
          "private": "eyJlMmJmYjczMC1lY2FhLTExZTYtOGY4OC0zNDM2M2JjN2M0YzAiOnsiY3JlYXRlIjozMDAwMDAwMDAwMH19",
          "dependencies": [
            "module.mssql_rules_alerts.newrelic_alert_policy.policy"
          ]
        },
        {
          "index_key": "90",
          "schema_version": 0,
          "attributes": {
            "account_id": 4411834,
            "aggregation_delay": "120",
            "aggregation_method": "event_flow",
            "aggregation_timer": null,
            "aggregation_window": 300,
            "baseline_direction": "upper_only",
            "close_violations_on_expiration": false,
            "critical": [],
            "description": "The next page pointer of page P_ID2 and a child page pointer of page P_ID1 in a B-tree of the specified object points to a page (P_ID3) in a different object. Furthermore, pages P_ID1 and P_ID2 may themselves be in different objects.",
            "enabled": false,
            "entity_guid": "NDQxMTgzNHxBSU9QU3xDT05ESVRJT058NDY4Nzg4MDI",
            "evaluation_delay": null,
            "expiration_duration": 0,
            "fill_option": "none",
            "fill_value": 0,
            "id": "5862737:46878802",
            "ignore_on_expected_termination": false,
            "name": "MSSQL on Windows: Table error: Cross object linkage: Parent page in object next refer to page not in the same object",
            "nrql": [
              {
                "data_account_id": 0,
                "evaluation_offset": 0,
                "query": "FROM Log SELECT uniqueCount(message) WHERE EventID=8926 AND message LIKE '%error%' FACET hostname",
                "since_value": ""
              }
            ],
            "open_violation_on_expiration": false,
            "policy_id": 5862737,
            "runbook_url": "https://www.example.com",
            "slide_by": null,
            "term": [],
            "timeouts": null,
            "title_template": "",
            "type": "static",
            "violation_time_limit": "ONE_HOUR",
            "violation_time_limit_seconds": 3600,
            "warning": [
              {
                "duration": 0,
                "operator": "above_or_equals",
                "threshold": 1,
                "threshold_duration": 300,
                "threshold_occurrences": "all",
                "time_function": ""
              }
            ]
          },
          "sensitive_attributes": [],
          "private": "eyJlMmJmYjczMC1lY2FhLTExZTYtOGY4OC0zNDM2M2JjN2M0YzAiOnsiY3JlYXRlIjozMDAwMDAwMDAwMH19",
          "dependencies": [
            "module.mssql_rules_alerts.newrelic_alert_policy.policy"
          ]
        },
        {
          "index_key": "91",
          "schema_version": 0,
          "attributes": {
            "account_id": 4411834,
            "aggregation_delay": "120",
            "aggregation_method": "event_flow",
            "aggregation_timer": null,
            "aggregation_window": 300,
            "baseline_direction": "upper_only",
            "close_violations_on_expiration": false,
            "critical": [],
            "description": "There is a break in the IAM chain for the index specified. A page P_ID2 is pointed to by the next page pointer of page P_ID1, but page P_ID2's previous page pointer points to a different page, P_ID3. Both error states mean the same, and only differ in where the corruption was discovered.",
            "enabled": false,
            "entity_guid": "NDQxMTgzNHxBSU9QU3xDT05ESVRJT058NDY4Nzg3OTI",
            "evaluation_delay": null,
            "expiration_duration": 0,
            "fill_option": "none",
            "fill_value": 0,
            "id": "5862737:46878792",
            "ignore_on_expected_termination": false,
            "name": "MSSQL on Windows: Table error: IAM chain linkage error",
            "nrql": [
              {
                "data_account_id": 0,
                "evaluation_offset": 0,
                "query": "FROM Log SELECT uniqueCount(message) WHERE EventID=8969 AND message LIKE '%error%' FACET hostname",
                "since_value": ""
              }
            ],
            "open_violation_on_expiration": false,
            "policy_id": 5862737,
            "runbook_url": "https://www.example.com",
            "slide_by": null,
            "term": [],
            "timeouts": null,
            "title_template": "",
            "type": "static",
            "violation_time_limit": "ONE_HOUR",
            "violation_time_limit_seconds": 3600,
            "warning": [
              {
                "duration": 0,
                "operator": "above_or_equals",
                "threshold": 1,
                "threshold_duration": 300,
                "threshold_occurrences": "all",
                "time_function": ""
              }
            ]
          },
          "sensitive_attributes": [],
          "private": "eyJlMmJmYjczMC1lY2FhLTExZTYtOGY4OC0zNDM2M2JjN2M0YzAiOnsiY3JlYXRlIjozMDAwMDAwMDAwMH19",
          "dependencies": [
            "module.mssql_rules_alerts.newrelic_alert_policy.policy"
          ]
        },
        {
          "index_key": "92",
          "schema_version": 0,
          "attributes": {
            "account_id": 4411834,
            "aggregation_delay": "120",
            "aggregation_method": "event_flow",
            "aggregation_timer": null,
            "aggregation_window": 300,
            "baseline_direction": "upper_only",
            "close_violations_on_expiration": false,
            "critical": [],
            "description": "The text node is on the wrong text page type. If the parent (owner) of the node can be found, there will be an accompanying 8929 message providing details about the owner.",
            "enabled": false,
            "entity_guid": "NDQxMTgzNHxBSU9QU3xDT05ESVRJT058NDY4Nzg4MjA",
            "evaluation_delay": null,
            "expiration_duration": 0,
            "fill_option": "none",
            "fill_value": 0,
            "id": "5862737:46878820",
            "ignore_on_expected_termination": false,
            "name": "MSSQL on Windows: Table error: The text, ntext, or image node has wrong type",
            "nrql": [
              {
                "data_account_id": 0,
                "evaluation_offset": 0,
                "query": "FROM Log SELECT uniqueCount(message) WHERE EventID=8963 AND message LIKE '%error%' FACET hostname",
                "since_value": ""
              }
            ],
            "open_violation_on_expiration": false,
            "policy_id": 5862737,
            "runbook_url": "https://www.example.com",
            "slide_by": null,
            "term": [],
            "timeouts": null,
            "title_template": "",
            "type": "static",
            "violation_time_limit": "ONE_HOUR",
            "violation_time_limit_seconds": 3600,
            "warning": [
              {
                "duration": 0,
                "operator": "above_or_equals",
                "threshold": 1,
                "threshold_duration": 300,
                "threshold_occurrences": "all",
                "time_function": ""
              }
            ]
          },
          "sensitive_attributes": [],
          "private": "eyJlMmJmYjczMC1lY2FhLTExZTYtOGY4OC0zNDM2M2JjN2M0YzAiOnsiY3JlYXRlIjozMDAwMDAwMDAwMH19",
          "dependencies": [
            "module.mssql_rules_alerts.newrelic_alert_policy.policy"
          ]
        },
        {
          "index_key": "93",
          "schema_version": 0,
          "attributes": {
            "account_id": 4411834,
            "aggregation_delay": "120",
            "aggregation_method": "event_flow",
            "aggregation_timer": null,
            "aggregation_window": 300,
            "baseline_direction": "upper_only",
            "close_violations_on_expiration": false,
            "critical": [],
            "description": "Page P_ID had a page type that was unexpected by the code trying to interpret it. The page is marked allocated, however, which is why the DBCC code is trying to interpret it.",
            "enabled": false,
            "entity_guid": "NDQxMTgzNHxBSU9QU3xDT05ESVRJT058NDY4Nzg3OTc",
            "evaluation_delay": null,
            "expiration_duration": 0,
            "fill_option": "none",
            "fill_value": 0,
            "id": "5862737:46878797",
            "ignore_on_expected_termination": false,
            "name": "MSSQL on Windows: Table error: Unexpected page type",
            "nrql": [
              {
                "data_account_id": 0,
                "evaluation_offset": 0,
                "query": "FROM Log SELECT uniqueCount(message) WHERE EventID=8938 AND message LIKE '%error%' FACET hostname",
                "since_value": ""
              }
            ],
            "open_violation_on_expiration": false,
            "policy_id": 5862737,
            "runbook_url": "https://www.example.com",
            "slide_by": null,
            "term": [],
            "timeouts": null,
            "title_template": "",
            "type": "static",
            "violation_time_limit": "ONE_HOUR",
            "violation_time_limit_seconds": 3600,
            "warning": [
              {
                "duration": 0,
                "operator": "above_or_equals",
                "threshold": 1,
                "threshold_duration": 300,
                "threshold_occurrences": "all",
                "time_function": ""
              }
            ]
          },
          "sensitive_attributes": [],
          "private": "eyJlMmJmYjczMC1lY2FhLTExZTYtOGY4OC0zNDM2M2JjN2M0YzAiOnsiY3JlYXRlIjozMDAwMDAwMDAwMH19",
          "dependencies": [
            "module.mssql_rules_alerts.newrelic_alert_policy.policy"
          ]
        },
        {
          "index_key": "94",
          "schema_version": 0,
          "attributes": {
            "account_id": 4411834,
            "aggregation_delay": "120",
            "aggregation_method": "event_flow",
            "aggregation_timer": null,
            "aggregation_window": 300,
            "baseline_direction": "upper_only",
            "close_violations_on_expiration": false,
            "critical": [],
            "description": "There are no eligible columns in the current database on which to create statistics using sp_createstats. Computed columns and columns of the ntext, text, or image data types cannot be specified as statistics columns. Columns already having statistics are not touched (for example, the first column of an index or a column with explicitly created statistics).",
            "enabled": false,
            "entity_guid": "NDQxMTgzNHxBSU9QU3xDT05ESVRJT058NDY4Nzg3NDI",
            "evaluation_delay": null,
            "expiration_duration": 0,
            "fill_option": "none",
            "fill_value": 0,
            "id": "5862737:46878742",
            "ignore_on_expected_termination": false,
            "name": "MSSQL on Windows: Table: No columns without statistics found",
            "nrql": [
              {
                "data_account_id": 0,
                "evaluation_offset": 0,
                "query": "FROM Log SELECT uniqueCount(message) WHERE EventID=15013 AND message LIKE '%error%' FACET hostname",
                "since_value": ""
              }
            ],
            "open_violation_on_expiration": false,
            "policy_id": 5862737,
            "runbook_url": "https://www.example.com",
            "slide_by": null,
            "term": [],
            "timeouts": null,
            "title_template": "",
            "type": "static",
            "violation_time_limit": "ONE_HOUR",
            "violation_time_limit_seconds": 3600,
            "warning": [
              {
                "duration": 0,
                "operator": "above_or_equals",
                "threshold": 1,
                "threshold_duration": 300,
                "threshold_occurrences": "all",
                "time_function": ""
              }
            ]
          },
          "sensitive_attributes": [],
          "private": "eyJlMmJmYjczMC1lY2FhLTExZTYtOGY4OC0zNDM2M2JjN2M0YzAiOnsiY3JlYXRlIjozMDAwMDAwMDAwMH19",
          "dependencies": [
            "module.mssql_rules_alerts.newrelic_alert_policy.policy"
          ]
        },
        {
          "index_key": "95",
          "schema_version": 0,
          "attributes": {
            "account_id": 4411834,
            "aggregation_delay": "120",
            "aggregation_method": "event_flow",
            "aggregation_timer": null,
            "aggregation_window": 300,
            "baseline_direction": "upper_only",
            "close_violations_on_expiration": false,
            "critical": [],
            "description": "The error is reported by the SQL Server Agent service when it auto restarts SQL Server. SQL Server Agent will only auto restart SQL Server if SQL Server stopped for some reason other than an explicit stop command from a user or application, and if the 'Auto restart SQL Server if it stops unexpectedly' option is selected in SQL Server Agent Advanced properties. During the restart of SQL Server, SQL Server Agent will write this message to the application event log on the computer hosting SQL Server.",
            "enabled": false,
            "entity_guid": "NDQxMTgzNHxBSU9QU3xDT05ESVRJT058NDY4Nzg4MTA",
            "evaluation_delay": null,
            "expiration_duration": 0,
            "fill_option": "none",
            "fill_value": 0,
            "id": "5862737:46878810",
            "ignore_on_expected_termination": false,
            "name": "MSSQL on Windows: The MSSQLServer service terminated unexpectedly",
            "nrql": [
              {
                "data_account_id": 0,
                "evaluation_offset": 0,
                "query": "FROM Log SELECT uniqueCount(message) WHERE EventID=14265 AND message LIKE '%error%' FACET hostname",
                "since_value": ""
              }
            ],
            "open_violation_on_expiration": false,
            "policy_id": 5862737,
            "runbook_url": "https://www.example.com",
            "slide_by": null,
            "term": [],
            "timeouts": null,
            "title_template": "",
            "type": "static",
            "violation_time_limit": "ONE_HOUR",
            "violation_time_limit_seconds": 3600,
            "warning": [
              {
                "duration": 0,
                "operator": "above_or_equals",
                "threshold": 1,
                "threshold_duration": 300,
                "threshold_occurrences": "all",
                "time_function": ""
              }
            ]
          },
          "sensitive_attributes": [],
          "private": "eyJlMmJmYjczMC1lY2FhLTExZTYtOGY4OC0zNDM2M2JjN2M0YzAiOnsiY3JlYXRlIjozMDAwMDAwMDAwMH19",
          "dependencies": [
            "module.mssql_rules_alerts.newrelic_alert_policy.policy"
          ]
        },
        {
          "index_key": "96",
          "schema_version": 0,
          "attributes": {
            "account_id": 4411834,
            "aggregation_delay": "120",
            "aggregation_method": "event_flow",
            "aggregation_timer": null,
            "aggregation_window": 300,
            "baseline_direction": "upper_only",
            "close_violations_on_expiration": false,
            "critical": [],
            "description": "The provider reported an unexpected catastrophic failure.",
            "enabled": false,
            "entity_guid": "NDQxMTgzNHxBSU9QU3xDT05ESVRJT058NDY4Nzg3NzI",
            "evaluation_delay": null,
            "expiration_duration": 0,
            "fill_option": "none",
            "fill_value": 0,
            "id": "5862737:46878772",
            "ignore_on_expected_termination": false,
            "name": "MSSQL on Windows: The provider reported an unexpected catastrophic failure",
            "nrql": [
              {
                "data_account_id": 0,
                "evaluation_offset": 0,
                "query": "FROM Log SELECT uniqueCount(message) WHERE EventID=10001 AND message LIKE '%error%' FACET hostname",
                "since_value": ""
              }
            ],
            "open_violation_on_expiration": false,
            "policy_id": 5862737,
            "runbook_url": "https://www.example.com",
            "slide_by": null,
            "term": [],
            "timeouts": null,
            "title_template": "",
            "type": "static",
            "violation_time_limit": "ONE_HOUR",
            "violation_time_limit_seconds": 3600,
            "warning": [
              {
                "duration": 0,
                "operator": "above_or_equals",
                "threshold": 1,
                "threshold_duration": 300,
                "threshold_occurrences": "all",
                "time_function": ""
              }
            ]
          },
          "sensitive_attributes": [],
          "private": "eyJlMmJmYjczMC1lY2FhLTExZTYtOGY4OC0zNDM2M2JjN2M0YzAiOnsiY3JlYXRlIjozMDAwMDAwMDAwMH19",
          "dependencies": [
            "module.mssql_rules_alerts.newrelic_alert_policy.policy"
          ]
        },
        {
          "index_key": "97",
          "schema_version": 0,
          "attributes": {
            "account_id": 4411834,
            "aggregation_delay": "120",
            "aggregation_method": "event_flow",
            "aggregation_timer": null,
            "aggregation_window": 300,
            "baseline_direction": "upper_only",
            "close_violations_on_expiration": false,
            "critical": [],
            "description": "Failed to start a sub-process (a parallel query or parallel I/O) because no threads are available or too many sub-processes executing.",
            "enabled": false,
            "entity_guid": "NDQxMTgzNHxBSU9QU3xDT05ESVRJT058NDY4Nzg4MTg",
            "evaluation_delay": null,
            "expiration_duration": 0,
            "fill_option": "none",
            "fill_value": 0,
            "id": "5862737:46878818",
            "ignore_on_expected_termination": false,
            "name": "MSSQL on Windows: The server is too busy to perform the backup or restore operation",
            "nrql": [
              {
                "data_account_id": 0,
                "evaluation_offset": 0,
                "query": "FROM Log SELECT uniqueCount(message) WHERE EventID=3627 AND message LIKE '%error%' FACET hostname",
                "since_value": ""
              }
            ],
            "open_violation_on_expiration": false,
            "policy_id": 5862737,
            "runbook_url": "https://www.example.com",
            "slide_by": null,
            "term": [],
            "timeouts": null,
            "title_template": "",
            "type": "static",
            "violation_time_limit": "ONE_HOUR",
            "violation_time_limit_seconds": 3600,
            "warning": [
              {
                "duration": 0,
                "operator": "above_or_equals",
                "threshold": 1,
                "threshold_duration": 300,
                "threshold_occurrences": "all",
                "time_function": ""
              }
            ]
          },
          "sensitive_attributes": [],
          "private": "eyJlMmJmYjczMC1lY2FhLTExZTYtOGY4OC0zNDM2M2JjN2M0YzAiOnsiY3JlYXRlIjozMDAwMDAwMDAwMH19",
          "dependencies": [
            "module.mssql_rules_alerts.newrelic_alert_policy.policy"
          ]
        },
        {
          "index_key": "98",
          "schema_version": 0,
          "attributes": {
            "account_id": 4411834,
            "aggregation_delay": "120",
            "aggregation_method": "event_flow",
            "aggregation_timer": null,
            "aggregation_window": 300,
            "baseline_direction": "upper_only",
            "close_violations_on_expiration": false,
            "critical": [],
            "description": "When you create a Service Broker or Database Mirroring endpoint, SQL Server should be able to accept TCP/IP connections on the port that is specified in the endpoint configuration. The transport security requires authorization for connections to the port. If the server has a firewall enabled, the firewall configuration must allow both incoming and outgoing connections for the port that is used by the endpoint.",
            "enabled": false,
            "entity_guid": "NDQxMTgzNHxBSU9QU3xDT05ESVRJT058NDY4Nzg4MjY",
            "evaluation_delay": null,
            "expiration_duration": 0,
            "fill_option": "none",
            "fill_value": 0,
            "id": "5862737:46878826",
            "ignore_on_expected_termination": false,
            "name": "MSSQL on Windows: The Service Broker/Database Mirroring transport cannot listen on port because it is in use",
            "nrql": [
              {
                "data_account_id": 0,
                "evaluation_offset": 0,
                "query": "FROM Log SELECT uniqueCount(message) WHERE EventID=9692 AND message LIKE '%error%' FACET hostname",
                "since_value": ""
              }
            ],
            "open_violation_on_expiration": false,
            "policy_id": 5862737,
            "runbook_url": "https://www.example.com",
            "slide_by": null,
            "term": [],
            "timeouts": null,
            "title_template": "",
            "type": "static",
            "violation_time_limit": "ONE_HOUR",
            "violation_time_limit_seconds": 3600,
            "warning": [
              {
                "duration": 0,
                "operator": "above_or_equals",
                "threshold": 1,
                "threshold_duration": 300,
                "threshold_occurrences": "all",
                "time_function": ""
              }
            ]
          },
          "sensitive_attributes": [],
          "private": "eyJlMmJmYjczMC1lY2FhLTExZTYtOGY4OC0zNDM2M2JjN2M0YzAiOnsiY3JlYXRlIjozMDAwMDAwMDAwMH19",
          "dependencies": [
            "module.mssql_rules_alerts.newrelic_alert_policy.policy"
          ]
        },
        {
          "index_key": "99",
          "schema_version": 0,
          "attributes": {
            "account_id": 4411834,
            "aggregation_delay": "120",
            "aggregation_method": "event_flow",
            "aggregation_timer": null,
            "aggregation_window": 300,
            "baseline_direction": "upper_only",
            "close_violations_on_expiration": false,
            "critical": [],
            "description": "The rule triggers an alert when Service Broker cannot listen on the specified port.",
            "enabled": false,
            "entity_guid": "NDQxMTgzNHxBSU9QU3xDT05ESVRJT058NDY4Nzg4MDE",
            "evaluation_delay": null,
            "expiration_duration": 0,
            "fill_option": "none",
            "fill_value": 0,
            "id": "5862737:46878801",
            "ignore_on_expected_termination": false,
            "name": "MSSQL on Windows: The Service Broker/Database Mirroring Transport could not listen for connections due to an error",
            "nrql": [
              {
                "data_account_id": 0,
                "evaluation_offset": 0,
                "query": "FROM Log SELECT uniqueCount(message) WHERE EventID=9693 AND message LIKE '%error%' FACET hostname",
                "since_value": ""
              }
            ],
            "open_violation_on_expiration": false,
            "policy_id": 5862737,
            "runbook_url": "https://www.example.com",
            "slide_by": null,
            "term": [],
            "timeouts": null,
            "title_template": "",
            "type": "static",
            "violation_time_limit": "ONE_HOUR",
            "violation_time_limit_seconds": 3600,
            "warning": [
              {
                "duration": 0,
                "operator": "above_or_equals",
                "threshold": 1,
                "threshold_duration": 300,
                "threshold_occurrences": "all",
                "time_function": ""
              }
            ]
          },
          "sensitive_attributes": [],
          "private": "eyJlMmJmYjczMC1lY2FhLTExZTYtOGY4OC0zNDM2M2JjN2M0YzAiOnsiY3JlYXRlIjozMDAwMDAwMDAwMH19",
          "dependencies": [
            "module.mssql_rules_alerts.newrelic_alert_policy.policy"
          ]
        }
      ]
    }
  ],
  "check_results": null
}
